
Microsoft Visual Studio Solution File, Format Version 12.00
# Visual Studio 15
VisualStudioVersion = 15.0.27004.2006
MinimumVisualStudioVersion = 10.0.40219.1
Project("{F184B08F-C81C-45F6-A57F-5ABD9991F28F}") = "T_021_VB_Operators_Precedence", "T_021_VB_Operators_Precedence\T_021_VB_Operators_Precedence.vbproj", "{E517F485-E179-45B9-934B-A8A6FA48FDD7}"
EndProject
Global
	GlobalSection(SolutionConfigurationPlatforms) = preSolution
		Debug|Any CPU = Debug|Any CPU
		Release|Any CPU = Release|Any CPU
	EndGlobalSection
	GlobalSection(ProjectConfigurationPlatforms) = postSolution
		{E517F485-E179-45B9-934B-A8A6FA48FDD7}.Debug|Any CPU.ActiveCfg = Debug|Any CPU
		{E517F485-E179-45B9-934B-A8A6FA48FDD7}.Debug|Any CPU.Build.0 = Debug|Any CPU
		{E517F485-E179-45B9-934B-A8A6FA48FDD7}.Release|Any CPU.ActiveCfg = Release|Any CPU
		{E517F485-E179-45B9-934B-A8A6FA48FDD7}.Release|Any CPU.Build.0 = Release|Any CPU
	EndGlobalSection
	GlobalSection(SolutionProperties) = preSolution
		HideSolutionNode = FALSE
	EndGlobalSection
	GlobalSection(ExtensibilityGlobals) = postSolution
		SolutionGuid = {31F0C7C5-899B-4D92-B611-FCA6C88B3A2A}
	EndGlobalSection
EndGlobal
