
Microsoft Visual Studio Solution File, Format Version 12.00
# Visual Studio 15
VisualStudioVersion = 15.0.27004.2006
MinimumVisualStudioVersion = 10.0.40219.1
Project("{F184B08F-C81C-45F6-A57F-5ABD9991F28F}") = "T_109_VB_MenuStrip_Form", "T_109_VB_MenuStrip_Form\T_109_VB_MenuStrip_Form.vbproj", "{7310E287-7F42-4DD9-9CF0-C0FB2D503DC9}"
EndProject
Global
	GlobalSection(SolutionConfigurationPlatforms) = preSolution
		Debug|Any CPU = Debug|Any CPU
		Release|Any CPU = Release|Any CPU
	EndGlobalSection
	GlobalSection(ProjectConfigurationPlatforms) = postSolution
		{7310E287-7F42-4DD9-9CF0-C0FB2D503DC9}.Debug|Any CPU.ActiveCfg = Debug|Any CPU
		{7310E287-7F42-4DD9-9CF0-C0FB2D503DC9}.Debug|Any CPU.Build.0 = Debug|Any CPU
		{7310E287-7F42-4DD9-9CF0-C0FB2D503DC9}.Release|Any CPU.ActiveCfg = Release|Any CPU
		{7310E287-7F42-4DD9-9CF0-C0FB2D503DC9}.Release|Any CPU.Build.0 = Release|Any CPU
	EndGlobalSection
	GlobalSection(SolutionProperties) = preSolution
		HideSolutionNode = FALSE
	EndGlobalSection
	GlobalSection(ExtensibilityGlobals) = postSolution
		SolutionGuid = {0141AA23-ABCE-4B8A-B089-1A0264CF9358}
	EndGlobalSection
EndGlobal
