
Microsoft Visual Studio Solution File, Format Version 12.00
# Visual Studio 15
VisualStudioVersion = 15.0.27004.2006
MinimumVisualStudioVersion = 10.0.40219.1
Project("{F184B08F-C81C-45F6-A57F-5ABD9991F28F}") = "T_020_VB_Miscellaneous_Operator", "T_020_VB_Miscellaneous_Operator\T_020_VB_Miscellaneous_Operator.vbproj", "{673999EB-21D3-436C-A8F7-8C3E35B02E66}"
EndProject
Global
	GlobalSection(SolutionConfigurationPlatforms) = preSolution
		Debug|Any CPU = Debug|Any CPU
		Release|Any CPU = Release|Any CPU
	EndGlobalSection
	GlobalSection(ProjectConfigurationPlatforms) = postSolution
		{673999EB-21D3-436C-A8F7-8C3E35B02E66}.Debug|Any CPU.ActiveCfg = Debug|Any CPU
		{673999EB-21D3-436C-A8F7-8C3E35B02E66}.Debug|Any CPU.Build.0 = Debug|Any CPU
		{673999EB-21D3-436C-A8F7-8C3E35B02E66}.Release|Any CPU.ActiveCfg = Release|Any CPU
		{673999EB-21D3-436C-A8F7-8C3E35B02E66}.Release|Any CPU.Build.0 = Release|Any CPU
	EndGlobalSection
	GlobalSection(SolutionProperties) = preSolution
		HideSolutionNode = FALSE
	EndGlobalSection
	GlobalSection(ExtensibilityGlobals) = postSolution
		SolutionGuid = {83512D6C-7600-423C-B786-75C6090C717F}
	EndGlobalSection
EndGlobal
