
Microsoft Visual Studio Solution File, Format Version 12.00
# Visual Studio 2012
Project("{F184B08F-C81C-45F6-A57F-5ABD9991F28F}") = "StylesBrushesTemplatesAnimations", "StylesBrushesTemplatesAnimations\StylesBrushesTemplatesAnimations.vbproj", "{B71F75DF-CC9D-4232-B7EA-704A5B9713E4}"
EndProject
Global
	GlobalSection(SolutionConfigurationPlatforms) = preSolution
		Debug|Any CPU = Debug|Any CPU
		Release|Any CPU = Release|Any CPU
	EndGlobalSection
	GlobalSection(ProjectConfigurationPlatforms) = postSolution
		{B71F75DF-CC9D-4232-B7EA-704A5B9713E4}.Debug|Any CPU.ActiveCfg = Debug|Any CPU
		{B71F75DF-CC9D-4232-B7EA-704A5B9713E4}.Debug|Any CPU.Build.0 = Debug|Any CPU
		{B71F75DF-CC9D-4232-B7EA-704A5B9713E4}.Release|Any CPU.ActiveCfg = Release|Any CPU
		{B71F75DF-CC9D-4232-B7EA-704A5B9713E4}.Release|Any CPU.Build.0 = Release|Any CPU
	EndGlobalSection
	GlobalSection(SolutionProperties) = preSolution
		HideSolutionNode = FALSE
	EndGlobalSection
EndGlobal
