
Microsoft Visual Studio Solution File, Format Version 12.00
# Visual Studio 15
VisualStudioVersion = 15.0.28307.168
MinimumVisualStudioVersion = 10.0.40219.1
Project("{F184B08F-C81C-45F6-A57F-5ABD9991F28F}") = "kadai32", "kadai32\kadai32.vbproj", "{A6C7035E-AD86-440F-87C4-2D87FBB0049B}"
EndProject
Global
	GlobalSection(SolutionConfigurationPlatforms) = preSolution
		Debug|Any CPU = Debug|Any CPU
		Release|Any CPU = Release|Any CPU
	EndGlobalSection
	GlobalSection(ProjectConfigurationPlatforms) = postSolution
		{A6C7035E-AD86-440F-87C4-2D87FBB0049B}.Debug|Any CPU.ActiveCfg = Debug|Any CPU
		{A6C7035E-AD86-440F-87C4-2D87FBB0049B}.Debug|Any CPU.Build.0 = Debug|Any CPU
		{A6C7035E-AD86-440F-87C4-2D87FBB0049B}.Release|Any CPU.ActiveCfg = Release|Any CPU
		{A6C7035E-AD86-440F-87C4-2D87FBB0049B}.Release|Any CPU.Build.0 = Release|Any CPU
	EndGlobalSection
	GlobalSection(SolutionProperties) = preSolution
		HideSolutionNode = FALSE
	EndGlobalSection
	GlobalSection(ExtensibilityGlobals) = postSolution
		SolutionGuid = {E97BF02A-AF64-45C5-838B-B0B0E26AB38E}
	EndGlobalSection
EndGlobal
