
Microsoft Visual Studio Solution File, Format Version 12.00
# Visual Studio 15
VisualStudioVersion = 15.0.27004.2006
MinimumVisualStudioVersion = 10.0.40219.1
Project("{F184B08F-C81C-45F6-A57F-5ABD9991F28F}") = "T_048_VB_Formatting_Date", "T_048_VB_Formatting_Date\T_048_VB_Formatting_Date.vbproj", "{7A038D21-AA64-44FD-914E-B92C8E8D6304}"
EndProject
Global
	GlobalSection(SolutionConfigurationPlatforms) = preSolution
		Debug|Any CPU = Debug|Any CPU
		Release|Any CPU = Release|Any CPU
	EndGlobalSection
	GlobalSection(ProjectConfigurationPlatforms) = postSolution
		{7A038D21-AA64-44FD-914E-B92C8E8D6304}.Debug|Any CPU.ActiveCfg = Debug|Any CPU
		{7A038D21-AA64-44FD-914E-B92C8E8D6304}.Debug|Any CPU.Build.0 = Debug|Any CPU
		{7A038D21-AA64-44FD-914E-B92C8E8D6304}.Release|Any CPU.ActiveCfg = Release|Any CPU
		{7A038D21-AA64-44FD-914E-B92C8E8D6304}.Release|Any CPU.Build.0 = Release|Any CPU
	EndGlobalSection
	GlobalSection(SolutionProperties) = preSolution
		HideSolutionNode = FALSE
	EndGlobalSection
	GlobalSection(ExtensibilityGlobals) = postSolution
		SolutionGuid = {0814758A-ACDB-4263-A621-D14E3DAC60F7}
	EndGlobalSection
EndGlobal
