
Microsoft Visual Studio Solution File, Format Version 12.00
# Visual Studio 15
VisualStudioVersion = 15.0.27130.2010
MinimumVisualStudioVersion = 10.0.40219.1
Project("{F184B08F-C81C-45F6-A57F-5ABD9991F28F}") = "T_VB_027_Do_While_Loop", "T_VB_027_Do_While_Loop\T_VB_027_Do_While_Loop.vbproj", "{CC41A617-F8A5-4A8F-B80F-8FA89A4669CE}"
EndProject
Global
	GlobalSection(SolutionConfigurationPlatforms) = preSolution
		Debug|Any CPU = Debug|Any CPU
		Release|Any CPU = Release|Any CPU
	EndGlobalSection
	GlobalSection(ProjectConfigurationPlatforms) = postSolution
		{CC41A617-F8A5-4A8F-B80F-8FA89A4669CE}.Debug|Any CPU.ActiveCfg = Debug|Any CPU
		{CC41A617-F8A5-4A8F-B80F-8FA89A4669CE}.Debug|Any CPU.Build.0 = Debug|Any CPU
		{CC41A617-F8A5-4A8F-B80F-8FA89A4669CE}.Release|Any CPU.ActiveCfg = Release|Any CPU
		{CC41A617-F8A5-4A8F-B80F-8FA89A4669CE}.Release|Any CPU.Build.0 = Release|Any CPU
	EndGlobalSection
	GlobalSection(SolutionProperties) = preSolution
		HideSolutionNode = FALSE
	EndGlobalSection
	GlobalSection(ExtensibilityGlobals) = postSolution
		SolutionGuid = {41A40A2B-4FFC-48E3-8391-6CE4CED1B2CD}
	EndGlobalSection
EndGlobal
