
Microsoft Visual Studio Solution File, Format Version 12.00
# Visual Studio 15
VisualStudioVersion = 15.0.27703.2000
MinimumVisualStudioVersion = 10.0.40219.1
Project("{F184B08F-C81C-45F6-A57F-5ABD9991F28F}") = "T_113_Regular_EXpression", "T_113_Regular_EXpression\T_113_Regular_EXpression.vbproj", "{C6C950E2-E9FC-4861-A868-BE16D3A84607}"
EndProject
Global
	GlobalSection(SolutionConfigurationPlatforms) = preSolution
		Debug|Any CPU = Debug|Any CPU
		Release|Any CPU = Release|Any CPU
	EndGlobalSection
	GlobalSection(ProjectConfigurationPlatforms) = postSolution
		{C6C950E2-E9FC-4861-A868-BE16D3A84607}.Debug|Any CPU.ActiveCfg = Debug|Any CPU
		{C6C950E2-E9FC-4861-A868-BE16D3A84607}.Debug|Any CPU.Build.0 = Debug|Any CPU
		{C6C950E2-E9FC-4861-A868-BE16D3A84607}.Release|Any CPU.ActiveCfg = Release|Any CPU
		{C6C950E2-E9FC-4861-A868-BE16D3A84607}.Release|Any CPU.Build.0 = Release|Any CPU
	EndGlobalSection
	GlobalSection(SolutionProperties) = preSolution
		HideSolutionNode = FALSE
	EndGlobalSection
	GlobalSection(ExtensibilityGlobals) = postSolution
		SolutionGuid = {B8F4AF4E-15E9-4659-BD1C-E96F3CD42CEC}
	EndGlobalSection
EndGlobal
