
Microsoft Visual Studio Solution File, Format Version 12.00
# Visual Studio 15
VisualStudioVersion = 15.0.27004.2006
MinimumVisualStudioVersion = 10.0.40219.1
Project("{F184B08F-C81C-45F6-A57F-5ABD9991F28F}") = "T_074_VB_Destructor", "T_074_VB_Destructor\T_074_VB_Destructor.vbproj", "{FBFA6086-FCE8-43E6-97AE-BF53E8955C93}"
EndProject
Global
	GlobalSection(SolutionConfigurationPlatforms) = preSolution
		Debug|Any CPU = Debug|Any CPU
		Release|Any CPU = Release|Any CPU
	EndGlobalSection
	GlobalSection(ProjectConfigurationPlatforms) = postSolution
		{FBFA6086-FCE8-43E6-97AE-BF53E8955C93}.Debug|Any CPU.ActiveCfg = Debug|Any CPU
		{FBFA6086-FCE8-43E6-97AE-BF53E8955C93}.Debug|Any CPU.Build.0 = Debug|Any CPU
		{FBFA6086-FCE8-43E6-97AE-BF53E8955C93}.Release|Any CPU.ActiveCfg = Release|Any CPU
		{FBFA6086-FCE8-43E6-97AE-BF53E8955C93}.Release|Any CPU.Build.0 = Release|Any CPU
	EndGlobalSection
	GlobalSection(SolutionProperties) = preSolution
		HideSolutionNode = FALSE
	EndGlobalSection
	GlobalSection(ExtensibilityGlobals) = postSolution
		SolutionGuid = {8D4AA476-ACBA-48E8-B1C3-DD381A44E7A6}
	EndGlobalSection
EndGlobal
