
Microsoft Visual Studio Solution File, Format Version 12.00
# Visual Studio 15
VisualStudioVersion = 15.0.27004.2006
MinimumVisualStudioVersion = 10.0.40219.1
Project("{F184B08F-C81C-45F6-A57F-5ABD9991F28F}") = "T_050_VB_Arrays", "T_050_VB_Arrays\T_050_VB_Arrays.vbproj", "{35F83421-EA44-4B94-B40C-A624179B6631}"
EndProject
Global
	GlobalSection(SolutionConfigurationPlatforms) = preSolution
		Debug|Any CPU = Debug|Any CPU
		Release|Any CPU = Release|Any CPU
	EndGlobalSection
	GlobalSection(ProjectConfigurationPlatforms) = postSolution
		{35F83421-EA44-4B94-B40C-A624179B6631}.Debug|Any CPU.ActiveCfg = Debug|Any CPU
		{35F83421-EA44-4B94-B40C-A624179B6631}.Debug|Any CPU.Build.0 = Debug|Any CPU
		{35F83421-EA44-4B94-B40C-A624179B6631}.Release|Any CPU.ActiveCfg = Release|Any CPU
		{35F83421-EA44-4B94-B40C-A624179B6631}.Release|Any CPU.Build.0 = Release|Any CPU
	EndGlobalSection
	GlobalSection(SolutionProperties) = preSolution
		HideSolutionNode = FALSE
	EndGlobalSection
	GlobalSection(ExtensibilityGlobals) = postSolution
		SolutionGuid = {A15C899F-110E-432D-B569-D07800103ED9}
	EndGlobalSection
EndGlobal
