
Microsoft Visual Studio Solution File, Format Version 12.00
# Visual Studio 15
VisualStudioVersion = 15.0.27004.2006
MinimumVisualStudioVersion = 10.0.40219.1
Project("{F184B08F-C81C-45F6-A57F-5ABD9991F28F}") = "T_041_VB_String", "T_041_VB_String\T_041_VB_String.vbproj", "{347A4565-CEAB-4CCD-A6F7-2921BD54C751}"
EndProject
Global
	GlobalSection(SolutionConfigurationPlatforms) = preSolution
		Debug|Any CPU = Debug|Any CPU
		Release|Any CPU = Release|Any CPU
	EndGlobalSection
	GlobalSection(ProjectConfigurationPlatforms) = postSolution
		{347A4565-CEAB-4CCD-A6F7-2921BD54C751}.Debug|Any CPU.ActiveCfg = Debug|Any CPU
		{347A4565-CEAB-4CCD-A6F7-2921BD54C751}.Debug|Any CPU.Build.0 = Debug|Any CPU
		{347A4565-CEAB-4CCD-A6F7-2921BD54C751}.Release|Any CPU.ActiveCfg = Release|Any CPU
		{347A4565-CEAB-4CCD-A6F7-2921BD54C751}.Release|Any CPU.Build.0 = Release|Any CPU
	EndGlobalSection
	GlobalSection(SolutionProperties) = preSolution
		HideSolutionNode = FALSE
	EndGlobalSection
	GlobalSection(ExtensibilityGlobals) = postSolution
		SolutionGuid = {FF234981-96F3-474D-A463-115E4A283A25}
	EndGlobalSection
EndGlobal
