
Microsoft Visual Studio Solution File, Format Version 12.00
# Visual Studio 15
VisualStudioVersion = 15.0.27004.2006
MinimumVisualStudioVersion = 10.0.40219.1
Project("{F184B08F-C81C-45F6-A57F-5ABD9991F28F}") = "T_100_VB_TreeView", "T_100_VB_TreeView\T_100_VB_TreeView.vbproj", "{B59C6CF2-E8C3-4417-85CA-0544A91B5A16}"
EndProject
Global
	GlobalSection(SolutionConfigurationPlatforms) = preSolution
		Debug|Any CPU = Debug|Any CPU
		Release|Any CPU = Release|Any CPU
	EndGlobalSection
	GlobalSection(ProjectConfigurationPlatforms) = postSolution
		{B59C6CF2-E8C3-4417-85CA-0544A91B5A16}.Debug|Any CPU.ActiveCfg = Debug|Any CPU
		{B59C6CF2-E8C3-4417-85CA-0544A91B5A16}.Debug|Any CPU.Build.0 = Debug|Any CPU
		{B59C6CF2-E8C3-4417-85CA-0544A91B5A16}.Release|Any CPU.ActiveCfg = Release|Any CPU
		{B59C6CF2-E8C3-4417-85CA-0544A91B5A16}.Release|Any CPU.Build.0 = Release|Any CPU
	EndGlobalSection
	GlobalSection(SolutionProperties) = preSolution
		HideSolutionNode = FALSE
	EndGlobalSection
	GlobalSection(ExtensibilityGlobals) = postSolution
		SolutionGuid = {03D4FBD7-42DA-43CC-BA01-D101EF7645D6}
	EndGlobalSection
EndGlobal
