
Microsoft Visual Studio Solution File, Format Version 12.00
# Visual Studio 15
VisualStudioVersion = 15.0.28307.168
MinimumVisualStudioVersion = 10.0.40219.1
Project("{F184B08F-C81C-45F6-A57F-5ABD9991F28F}") = "vbtest08", "vbtest08\vbtest08.vbproj", "{2B935FF5-235D-46BC-89C4-069C98E5B7AD}"
EndProject
Global
	GlobalSection(SolutionConfigurationPlatforms) = preSolution
		Debug|Any CPU = Debug|Any CPU
		Release|Any CPU = Release|Any CPU
	EndGlobalSection
	GlobalSection(ProjectConfigurationPlatforms) = postSolution
		{2B935FF5-235D-46BC-89C4-069C98E5B7AD}.Debug|Any CPU.ActiveCfg = Debug|Any CPU
		{2B935FF5-235D-46BC-89C4-069C98E5B7AD}.Debug|Any CPU.Build.0 = Debug|Any CPU
		{2B935FF5-235D-46BC-89C4-069C98E5B7AD}.Release|Any CPU.ActiveCfg = Release|Any CPU
		{2B935FF5-235D-46BC-89C4-069C98E5B7AD}.Release|Any CPU.Build.0 = Release|Any CPU
	EndGlobalSection
	GlobalSection(SolutionProperties) = preSolution
		HideSolutionNode = FALSE
	EndGlobalSection
	GlobalSection(ExtensibilityGlobals) = postSolution
		SolutionGuid = {9ED155BB-A2E8-44F5-8F29-206633FFB9F5}
	EndGlobalSection
EndGlobal
