
Microsoft Visual Studio Solution File, Format Version 12.00
# Visual Studio 2012
Project("{F184B08F-C81C-45F6-A57F-5ABD9991F28F}") = "Enumerations", "Enumerations\Enumerations.vbproj", "{885E48B3-0E83-4FE3-9F3C-A44D81321706}"
EndProject
Global
	GlobalSection(SolutionConfigurationPlatforms) = preSolution
		Debug|Any CPU = Debug|Any CPU
		Release|Any CPU = Release|Any CPU
	EndGlobalSection
	GlobalSection(ProjectConfigurationPlatforms) = postSolution
		{885E48B3-0E83-4FE3-9F3C-A44D81321706}.Debug|Any CPU.ActiveCfg = Debug|Any CPU
		{885E48B3-0E83-4FE3-9F3C-A44D81321706}.Debug|Any CPU.Build.0 = Debug|Any CPU
		{885E48B3-0E83-4FE3-9F3C-A44D81321706}.Release|Any CPU.ActiveCfg = Release|Any CPU
		{885E48B3-0E83-4FE3-9F3C-A44D81321706}.Release|Any CPU.Build.0 = Release|Any CPU
	EndGlobalSection
	GlobalSection(SolutionProperties) = preSolution
		HideSolutionNode = FALSE
	EndGlobalSection
EndGlobal
