
Microsoft Visual Studio Solution File, Format Version 12.00
# Visual Studio 15
VisualStudioVersion = 15.0.27130.2010
MinimumVisualStudioVersion = 10.0.40219.1
Project("{F184B08F-C81C-45F6-A57F-5ABD9991F28F}") = "T_VB_013_Logical_Operators", "T_VB_013_Logical_Operators\T_VB_013_Logical_Operators.vbproj", "{C48EF9AE-C00C-4C61-9B84-F547F8241CA2}"
EndProject
Global
	GlobalSection(SolutionConfigurationPlatforms) = preSolution
		Debug|Any CPU = Debug|Any CPU
		Release|Any CPU = Release|Any CPU
	EndGlobalSection
	GlobalSection(ProjectConfigurationPlatforms) = postSolution
		{C48EF9AE-C00C-4C61-9B84-F547F8241CA2}.Debug|Any CPU.ActiveCfg = Debug|Any CPU
		{C48EF9AE-C00C-4C61-9B84-F547F8241CA2}.Debug|Any CPU.Build.0 = Debug|Any CPU
		{C48EF9AE-C00C-4C61-9B84-F547F8241CA2}.Release|Any CPU.ActiveCfg = Release|Any CPU
		{C48EF9AE-C00C-4C61-9B84-F547F8241CA2}.Release|Any CPU.Build.0 = Release|Any CPU
	EndGlobalSection
	GlobalSection(SolutionProperties) = preSolution
		HideSolutionNode = FALSE
	EndGlobalSection
	GlobalSection(ExtensibilityGlobals) = postSolution
		SolutionGuid = {C7DB8A64-14AF-47B7-A5AB-B6A16E7D32DD}
	EndGlobalSection
EndGlobal
