
Microsoft Visual Studio Solution File, Format Version 12.00
# Visual Studio 15
VisualStudioVersion = 15.0.27703.2000
MinimumVisualStudioVersion = 10.0.40219.1
Project("{F184B08F-C81C-45F6-A57F-5ABD9991F28F}") = "kadai18", "kadai18\kadai18.vbproj", "{9A7F1B56-F666-4D91-A29B-185B6BB9A10D}"
EndProject
Global
	GlobalSection(SolutionConfigurationPlatforms) = preSolution
		Debug|Any CPU = Debug|Any CPU
		Release|Any CPU = Release|Any CPU
	EndGlobalSection
	GlobalSection(ProjectConfigurationPlatforms) = postSolution
		{9A7F1B56-F666-4D91-A29B-185B6BB9A10D}.Debug|Any CPU.ActiveCfg = Debug|Any CPU
		{9A7F1B56-F666-4D91-A29B-185B6BB9A10D}.Debug|Any CPU.Build.0 = Debug|Any CPU
		{9A7F1B56-F666-4D91-A29B-185B6BB9A10D}.Release|Any CPU.ActiveCfg = Release|Any CPU
		{9A7F1B56-F666-4D91-A29B-185B6BB9A10D}.Release|Any CPU.Build.0 = Release|Any CPU
	EndGlobalSection
	GlobalSection(SolutionProperties) = preSolution
		HideSolutionNode = FALSE
	EndGlobalSection
	GlobalSection(ExtensibilityGlobals) = postSolution
		SolutionGuid = {47683571-C0D8-43BB-A9C1-3FE3DF6C59B0}
	EndGlobalSection
EndGlobal
