
Microsoft Visual Studio Solution File, Format Version 12.00
# Visual Studio 15
VisualStudioVersion = 15.0.27004.2006
MinimumVisualStudioVersion = 10.0.40219.1
Project("{F184B08F-C81C-45F6-A57F-5ABD9991F28F}") = "T_098_VB_Scroolbar", "T_098_VB_Scroolbar\T_098_VB_Scroolbar.vbproj", "{5FB52984-50AB-47F3-B25D-0D1DE0A72F5D}"
EndProject
Global
	GlobalSection(SolutionConfigurationPlatforms) = preSolution
		Debug|Any CPU = Debug|Any CPU
		Release|Any CPU = Release|Any CPU
	EndGlobalSection
	GlobalSection(ProjectConfigurationPlatforms) = postSolution
		{5FB52984-50AB-47F3-B25D-0D1DE0A72F5D}.Debug|Any CPU.ActiveCfg = Debug|Any CPU
		{5FB52984-50AB-47F3-B25D-0D1DE0A72F5D}.Debug|Any CPU.Build.0 = Debug|Any CPU
		{5FB52984-50AB-47F3-B25D-0D1DE0A72F5D}.Release|Any CPU.ActiveCfg = Release|Any CPU
		{5FB52984-50AB-47F3-B25D-0D1DE0A72F5D}.Release|Any CPU.Build.0 = Release|Any CPU
	EndGlobalSection
	GlobalSection(SolutionProperties) = preSolution
		HideSolutionNode = FALSE
	EndGlobalSection
	GlobalSection(ExtensibilityGlobals) = postSolution
		SolutionGuid = {BB992719-8116-42C8-BA66-A0158E5EE491}
	EndGlobalSection
EndGlobal
