
Microsoft Visual Studio Solution File, Format Version 12.00
# Visual Studio 15
VisualStudioVersion = 15.0.27004.2006
MinimumVisualStudioVersion = 10.0.40219.1
Project("{F184B08F-C81C-45F6-A57F-5ABD9991F28F}") = "T_030_VB_Do_loops", "T_030_VB_Do_loops\T_030_VB_Do_loops.vbproj", "{19C96074-597B-414F-972C-28F4A4AF58BC}"
EndProject
Global
	GlobalSection(SolutionConfigurationPlatforms) = preSolution
		Debug|Any CPU = Debug|Any CPU
		Release|Any CPU = Release|Any CPU
	EndGlobalSection
	GlobalSection(ProjectConfigurationPlatforms) = postSolution
		{19C96074-597B-414F-972C-28F4A4AF58BC}.Debug|Any CPU.ActiveCfg = Debug|Any CPU
		{19C96074-597B-414F-972C-28F4A4AF58BC}.Debug|Any CPU.Build.0 = Debug|Any CPU
		{19C96074-597B-414F-972C-28F4A4AF58BC}.Release|Any CPU.ActiveCfg = Release|Any CPU
		{19C96074-597B-414F-972C-28F4A4AF58BC}.Release|Any CPU.Build.0 = Release|Any CPU
	EndGlobalSection
	GlobalSection(SolutionProperties) = preSolution
		HideSolutionNode = FALSE
	EndGlobalSection
	GlobalSection(ExtensibilityGlobals) = postSolution
		SolutionGuid = {C25FE9D6-A5B5-45D4-B02C-A9106A58F9E6}
	EndGlobalSection
EndGlobal
