
Microsoft Visual Studio Solution File, Format Version 12.00
# Visual Studio 15
VisualStudioVersion = 15.0.27004.2006
MinimumVisualStudioVersion = 10.0.40219.1
Project("{F184B08F-C81C-45F6-A57F-5ABD9991F28F}") = "kadai15", "kadai14\kadai15.vbproj", "{219F05FA-BB5C-4C63-877C-33F4F65C1EF1}"
EndProject
Global
	GlobalSection(SolutionConfigurationPlatforms) = preSolution
		Debug|Any CPU = Debug|Any CPU
		Release|Any CPU = Release|Any CPU
	EndGlobalSection
	GlobalSection(ProjectConfigurationPlatforms) = postSolution
		{219F05FA-BB5C-4C63-877C-33F4F65C1EF1}.Debug|Any CPU.ActiveCfg = Debug|Any CPU
		{219F05FA-BB5C-4C63-877C-33F4F65C1EF1}.Debug|Any CPU.Build.0 = Debug|Any CPU
		{219F05FA-BB5C-4C63-877C-33F4F65C1EF1}.Release|Any CPU.ActiveCfg = Release|Any CPU
		{219F05FA-BB5C-4C63-877C-33F4F65C1EF1}.Release|Any CPU.Build.0 = Release|Any CPU
	EndGlobalSection
	GlobalSection(SolutionProperties) = preSolution
		HideSolutionNode = FALSE
	EndGlobalSection
	GlobalSection(ExtensibilityGlobals) = postSolution
		SolutionGuid = {4DBAA95D-6CD8-4707-98C5-9F5159625E55}
	EndGlobalSection
EndGlobal
