
Microsoft Visual Studio Solution File, Format Version 12.00
# Visual Studio 15
VisualStudioVersion = 15.0.27703.2000
MinimumVisualStudioVersion = 10.0.40219.1
Project("{F184B08F-C81C-45F6-A57F-5ABD9991F28F}") = "StripMenuItem_Control", "StripMenuItem_Control\StripMenuItem_Control.vbproj", "{3A6E9E3C-1D3F-4C39-BB4B-499E4B54CAB3}"
EndProject
Global
	GlobalSection(SolutionConfigurationPlatforms) = preSolution
		Debug|Any CPU = Debug|Any CPU
		Release|Any CPU = Release|Any CPU
	EndGlobalSection
	GlobalSection(ProjectConfigurationPlatforms) = postSolution
		{3A6E9E3C-1D3F-4C39-BB4B-499E4B54CAB3}.Debug|Any CPU.ActiveCfg = Debug|Any CPU
		{3A6E9E3C-1D3F-4C39-BB4B-499E4B54CAB3}.Debug|Any CPU.Build.0 = Debug|Any CPU
		{3A6E9E3C-1D3F-4C39-BB4B-499E4B54CAB3}.Release|Any CPU.ActiveCfg = Release|Any CPU
		{3A6E9E3C-1D3F-4C39-BB4B-499E4B54CAB3}.Release|Any CPU.Build.0 = Release|Any CPU
	EndGlobalSection
	GlobalSection(SolutionProperties) = preSolution
		HideSolutionNode = FALSE
	EndGlobalSection
	GlobalSection(ExtensibilityGlobals) = postSolution
		SolutionGuid = {C423CE1B-B024-45B3-AC8E-E238319F9957}
	EndGlobalSection
EndGlobal
