
Microsoft Visual Studio Solution File, Format Version 12.00
# Visual Studio 2012
Project("{F184B08F-C81C-45F6-A57F-5ABD9991F28F}") = "BuiltIn_Interfaces", "BuiltIn_Interfaces\BuiltIn_Interfaces.vbproj", "{F86FBD01-9B31-43B1-A1F6-0EA3AE30F249}"
EndProject
Global
	GlobalSection(SolutionConfigurationPlatforms) = preSolution
		Debug|Any CPU = Debug|Any CPU
		Release|Any CPU = Release|Any CPU
	EndGlobalSection
	GlobalSection(ProjectConfigurationPlatforms) = postSolution
		{F86FBD01-9B31-43B1-A1F6-0EA3AE30F249}.Debug|Any CPU.ActiveCfg = Debug|Any CPU
		{F86FBD01-9B31-43B1-A1F6-0EA3AE30F249}.Debug|Any CPU.Build.0 = Debug|Any CPU
		{F86FBD01-9B31-43B1-A1F6-0EA3AE30F249}.Release|Any CPU.ActiveCfg = Release|Any CPU
		{F86FBD01-9B31-43B1-A1F6-0EA3AE30F249}.Release|Any CPU.Build.0 = Release|Any CPU
	EndGlobalSection
	GlobalSection(SolutionProperties) = preSolution
		HideSolutionNode = FALSE
	EndGlobalSection
EndGlobal
