
Microsoft Visual Studio Solution File, Format Version 12.00
# Visual Studio 15
VisualStudioVersion = 15.0.27703.2000
MinimumVisualStudioVersion = 10.0.40219.1
Project("{F184B08F-C81C-45F6-A57F-5ABD9991F28F}") = "kadai20", "kadai20\kadai20.vbproj", "{98D748E0-2C2E-4EEF-A2C6-B2D29BCFB121}"
EndProject
Global
	GlobalSection(SolutionConfigurationPlatforms) = preSolution
		Debug|Any CPU = Debug|Any CPU
		Release|Any CPU = Release|Any CPU
	EndGlobalSection
	GlobalSection(ProjectConfigurationPlatforms) = postSolution
		{98D748E0-2C2E-4EEF-A2C6-B2D29BCFB121}.Debug|Any CPU.ActiveCfg = Debug|Any CPU
		{98D748E0-2C2E-4EEF-A2C6-B2D29BCFB121}.Debug|Any CPU.Build.0 = Debug|Any CPU
		{98D748E0-2C2E-4EEF-A2C6-B2D29BCFB121}.Release|Any CPU.ActiveCfg = Release|Any CPU
		{98D748E0-2C2E-4EEF-A2C6-B2D29BCFB121}.Release|Any CPU.Build.0 = Release|Any CPU
	EndGlobalSection
	GlobalSection(SolutionProperties) = preSolution
		HideSolutionNode = FALSE
	EndGlobalSection
	GlobalSection(ExtensibilityGlobals) = postSolution
		SolutionGuid = {ECE32C95-99AA-4474-8F23-A0AB2ECD9CB1}
	EndGlobalSection
EndGlobal
