
Microsoft Visual Studio Solution File, Format Version 12.00
# Visual Studio 15
VisualStudioVersion = 15.0.27004.2006
MinimumVisualStudioVersion = 10.0.40219.1
Project("{F184B08F-C81C-45F6-A57F-5ABD9991F28F}") = "T_071_VB_Member_Functions_And_Encapsulation", "T_071_VB_Member_Functions_And_Encapsulation\T_071_VB_Member_Functions_And_Encapsulation.vbproj", "{5254128F-075F-4026-9560-23B97FF00D94}"
EndProject
Global
	GlobalSection(SolutionConfigurationPlatforms) = preSolution
		Debug|Any CPU = Debug|Any CPU
		Release|Any CPU = Release|Any CPU
	EndGlobalSection
	GlobalSection(ProjectConfigurationPlatforms) = postSolution
		{5254128F-075F-4026-9560-23B97FF00D94}.Debug|Any CPU.ActiveCfg = Debug|Any CPU
		{5254128F-075F-4026-9560-23B97FF00D94}.Debug|Any CPU.Build.0 = Debug|Any CPU
		{5254128F-075F-4026-9560-23B97FF00D94}.Release|Any CPU.ActiveCfg = Release|Any CPU
		{5254128F-075F-4026-9560-23B97FF00D94}.Release|Any CPU.Build.0 = Release|Any CPU
	EndGlobalSection
	GlobalSection(SolutionProperties) = preSolution
		HideSolutionNode = FALSE
	EndGlobalSection
	GlobalSection(ExtensibilityGlobals) = postSolution
		SolutionGuid = {82ABC544-D3EB-4C07-B327-D53AFBF8424B}
	EndGlobalSection
EndGlobal
