
Microsoft Visual Studio Solution File, Format Version 12.00
# Visual Studio 15
VisualStudioVersion = 15.0.27004.2006
MinimumVisualStudioVersion = 10.0.40219.1
Project("{F184B08F-C81C-45F6-A57F-5ABD9991F28F}") = "T_064_VB_Recursive_Function", "T_064_VB_Recursive_Function\T_064_VB_Recursive_Function.vbproj", "{F36428CE-3D52-41CA-8D17-C134CFFEAEC2}"
EndProject
Global
	GlobalSection(SolutionConfigurationPlatforms) = preSolution
		Debug|Any CPU = Debug|Any CPU
		Release|Any CPU = Release|Any CPU
	EndGlobalSection
	GlobalSection(ProjectConfigurationPlatforms) = postSolution
		{F36428CE-3D52-41CA-8D17-C134CFFEAEC2}.Debug|Any CPU.ActiveCfg = Debug|Any CPU
		{F36428CE-3D52-41CA-8D17-C134CFFEAEC2}.Debug|Any CPU.Build.0 = Debug|Any CPU
		{F36428CE-3D52-41CA-8D17-C134CFFEAEC2}.Release|Any CPU.ActiveCfg = Release|Any CPU
		{F36428CE-3D52-41CA-8D17-C134CFFEAEC2}.Release|Any CPU.Build.0 = Release|Any CPU
	EndGlobalSection
	GlobalSection(SolutionProperties) = preSolution
		HideSolutionNode = FALSE
	EndGlobalSection
	GlobalSection(ExtensibilityGlobals) = postSolution
		SolutionGuid = {1AE39726-508E-477B-ACE9-8F2CDA162C0F}
	EndGlobalSection
EndGlobal
