
Microsoft Visual Studio Solution File, Format Version 12.00
# Visual Studio 15
VisualStudioVersion = 15.0.27703.2000
MinimumVisualStudioVersion = 10.0.40219.1
Project("{F184B08F-C81C-45F6-A57F-5ABD9991F28F}") = "kadai24", "kadai24\kadai24.vbproj", "{853030D7-6224-4ED4-A5A5-1560FC7276BF}"
EndProject
Global
	GlobalSection(SolutionConfigurationPlatforms) = preSolution
		Debug|Any CPU = Debug|Any CPU
		Release|Any CPU = Release|Any CPU
	EndGlobalSection
	GlobalSection(ProjectConfigurationPlatforms) = postSolution
		{853030D7-6224-4ED4-A5A5-1560FC7276BF}.Debug|Any CPU.ActiveCfg = Debug|Any CPU
		{853030D7-6224-4ED4-A5A5-1560FC7276BF}.Debug|Any CPU.Build.0 = Debug|Any CPU
		{853030D7-6224-4ED4-A5A5-1560FC7276BF}.Release|Any CPU.ActiveCfg = Release|Any CPU
		{853030D7-6224-4ED4-A5A5-1560FC7276BF}.Release|Any CPU.Build.0 = Release|Any CPU
	EndGlobalSection
	GlobalSection(SolutionProperties) = preSolution
		HideSolutionNode = FALSE
	EndGlobalSection
	GlobalSection(ExtensibilityGlobals) = postSolution
		SolutionGuid = {1FE6E25E-9A29-4197-8540-2515E0A02A55}
	EndGlobalSection
EndGlobal
