
Microsoft Visual Studio Solution File, Format Version 12.00
# Visual Studio 15
VisualStudioVersion = 15.0.27004.2006
MinimumVisualStudioVersion = 10.0.40219.1
Project("{F184B08F-C81C-45F6-A57F-5ABD9991F28F}") = "T_087_VB_Form", "T_087_VB_Form\T_087_VB_Form.vbproj", "{E7ED5D10-6DD1-4B69-B455-C10FB4374429}"
EndProject
Global
	GlobalSection(SolutionConfigurationPlatforms) = preSolution
		Debug|Any CPU = Debug|Any CPU
		Release|Any CPU = Release|Any CPU
	EndGlobalSection
	GlobalSection(ProjectConfigurationPlatforms) = postSolution
		{E7ED5D10-6DD1-4B69-B455-C10FB4374429}.Debug|Any CPU.ActiveCfg = Debug|Any CPU
		{E7ED5D10-6DD1-4B69-B455-C10FB4374429}.Debug|Any CPU.Build.0 = Debug|Any CPU
		{E7ED5D10-6DD1-4B69-B455-C10FB4374429}.Release|Any CPU.ActiveCfg = Release|Any CPU
		{E7ED5D10-6DD1-4B69-B455-C10FB4374429}.Release|Any CPU.Build.0 = Release|Any CPU
	EndGlobalSection
	GlobalSection(SolutionProperties) = preSolution
		HideSolutionNode = FALSE
	EndGlobalSection
	GlobalSection(ExtensibilityGlobals) = postSolution
		SolutionGuid = {19A5E0AF-B3BE-4141-B66B-D73EAEA613E3}
	EndGlobalSection
EndGlobal
