
Microsoft Visual Studio Solution File, Format Version 12.00
# Visual Studio 14
VisualStudioVersion = 14.0.22310.1
MinimumVisualStudioVersion = 10.0.40219.1
Project("{F184B08F-C81C-45F6-A57F-5ABD9991F28F}") = "Scope", "Scope\Scope.vbproj", "{8390BD99-2B87-4017-86B6-548FA32C79DE}"
EndProject
Project("{F184B08F-C81C-45F6-A57F-5ABD9991F28F}") = "ReachableMembers", "ReachableMembers\ReachableMembers.vbproj", "{055F5F00-C586-4DDC-908F-C67F365CB3D1}"
EndProject
Global
	GlobalSection(SolutionConfigurationPlatforms) = preSolution
		Debug|Any CPU = Debug|Any CPU
		Release|Any CPU = Release|Any CPU
	EndGlobalSection
	GlobalSection(ProjectConfigurationPlatforms) = postSolution
		{8390BD99-2B87-4017-86B6-548FA32C79DE}.Debug|Any CPU.ActiveCfg = Debug|Any CPU
		{8390BD99-2B87-4017-86B6-548FA32C79DE}.Debug|Any CPU.Build.0 = Debug|Any CPU
		{8390BD99-2B87-4017-86B6-548FA32C79DE}.Release|Any CPU.ActiveCfg = Release|Any CPU
		{8390BD99-2B87-4017-86B6-548FA32C79DE}.Release|Any CPU.Build.0 = Release|Any CPU
		{055F5F00-C586-4DDC-908F-C67F365CB3D1}.Debug|Any CPU.ActiveCfg = Debug|Any CPU
		{055F5F00-C586-4DDC-908F-C67F365CB3D1}.Debug|Any CPU.Build.0 = Debug|Any CPU
		{055F5F00-C586-4DDC-908F-C67F365CB3D1}.Release|Any CPU.ActiveCfg = Release|Any CPU
		{055F5F00-C586-4DDC-908F-C67F365CB3D1}.Release|Any CPU.Build.0 = Release|Any CPU
	EndGlobalSection
	GlobalSection(SolutionProperties) = preSolution
		HideSolutionNode = FALSE
	EndGlobalSection
EndGlobal
