
Microsoft Visual Studio Solution File, Format Version 12.00
# Visual Studio 15
VisualStudioVersion = 15.0.27130.2010
MinimumVisualStudioVersion = 10.0.40219.1
Project("{F184B08F-C81C-45F6-A57F-5ABD9991F28F}") = "T_VB_049_Introduction_To_Arrays", "T_VB_049_Introduction_To_Arrays\T_VB_049_Introduction_To_Arrays.vbproj", "{BC197240-BBF6-4EA7-8E24-EA9EA4822D87}"
EndProject
Global
	GlobalSection(SolutionConfigurationPlatforms) = preSolution
		Debug|Any CPU = Debug|Any CPU
		Release|Any CPU = Release|Any CPU
	EndGlobalSection
	GlobalSection(ProjectConfigurationPlatforms) = postSolution
		{BC197240-BBF6-4EA7-8E24-EA9EA4822D87}.Debug|Any CPU.ActiveCfg = Debug|Any CPU
		{BC197240-BBF6-4EA7-8E24-EA9EA4822D87}.Debug|Any CPU.Build.0 = Debug|Any CPU
		{BC197240-BBF6-4EA7-8E24-EA9EA4822D87}.Release|Any CPU.ActiveCfg = Release|Any CPU
		{BC197240-BBF6-4EA7-8E24-EA9EA4822D87}.Release|Any CPU.Build.0 = Release|Any CPU
	EndGlobalSection
	GlobalSection(SolutionProperties) = preSolution
		HideSolutionNode = FALSE
	EndGlobalSection
	GlobalSection(ExtensibilityGlobals) = postSolution
		SolutionGuid = {4F59871B-A416-4C09-B92B-BE36FD8A2C37}
	EndGlobalSection
EndGlobal
