
Microsoft Visual Studio Solution File, Format Version 12.00
# Visual Studio 15
VisualStudioVersion = 15.0.28307.168
MinimumVisualStudioVersion = 10.0.40219.1
Project("{F184B08F-C81C-45F6-A57F-5ABD9991F28F}") = "kadai43", "kadai43\kadai43.vbproj", "{D4648865-ED25-477A-A13E-0F5F01A72075}"
EndProject
Global
	GlobalSection(SolutionConfigurationPlatforms) = preSolution
		Debug|Any CPU = Debug|Any CPU
		Release|Any CPU = Release|Any CPU
	EndGlobalSection
	GlobalSection(ProjectConfigurationPlatforms) = postSolution
		{D4648865-ED25-477A-A13E-0F5F01A72075}.Debug|Any CPU.ActiveCfg = Debug|Any CPU
		{D4648865-ED25-477A-A13E-0F5F01A72075}.Debug|Any CPU.Build.0 = Debug|Any CPU
		{D4648865-ED25-477A-A13E-0F5F01A72075}.Release|Any CPU.ActiveCfg = Release|Any CPU
		{D4648865-ED25-477A-A13E-0F5F01A72075}.Release|Any CPU.Build.0 = Release|Any CPU
	EndGlobalSection
	GlobalSection(SolutionProperties) = preSolution
		HideSolutionNode = FALSE
	EndGlobalSection
	GlobalSection(ExtensibilityGlobals) = postSolution
		SolutionGuid = {91D7493B-069A-4914-BDE3-59C985313E29}
	EndGlobalSection
EndGlobal
