
Microsoft Visual Studio Solution File, Format Version 12.00
# Visual Studio 15
VisualStudioVersion = 15.0.27130.2010
MinimumVisualStudioVersion = 10.0.40219.1
Project("{F184B08F-C81C-45F6-A57F-5ABD9991F28F}") = "T_VB_020_Select_Case", "T_VB_020_Select_Case\T_VB_020_Select_Case.vbproj", "{04EE4673-EDC2-4183-BE0F-687740CC6680}"
EndProject
Global
	GlobalSection(SolutionConfigurationPlatforms) = preSolution
		Debug|Any CPU = Debug|Any CPU
		Release|Any CPU = Release|Any CPU
	EndGlobalSection
	GlobalSection(ProjectConfigurationPlatforms) = postSolution
		{04EE4673-EDC2-4183-BE0F-687740CC6680}.Debug|Any CPU.ActiveCfg = Debug|Any CPU
		{04EE4673-EDC2-4183-BE0F-687740CC6680}.Debug|Any CPU.Build.0 = Debug|Any CPU
		{04EE4673-EDC2-4183-BE0F-687740CC6680}.Release|Any CPU.ActiveCfg = Release|Any CPU
		{04EE4673-EDC2-4183-BE0F-687740CC6680}.Release|Any CPU.Build.0 = Release|Any CPU
	EndGlobalSection
	GlobalSection(SolutionProperties) = preSolution
		HideSolutionNode = FALSE
	EndGlobalSection
	GlobalSection(ExtensibilityGlobals) = postSolution
		SolutionGuid = {B3B7B8F5-8D98-47C3-8CC9-B9CF97672A93}
	EndGlobalSection
EndGlobal
