
Microsoft Visual Studio Solution File, Format Version 12.00
# Visual Studio 15
VisualStudioVersion = 15.0.27130.2010
MinimumVisualStudioVersion = 10.0.40219.1
Project("{F184B08F-C81C-45F6-A57F-5ABD9991F28F}") = "Visual_Basic_01", "Visual_Basic_01\Visual_Basic_01.vbproj", "{D48FD5EA-D65D-466C-B155-2845FD04E41A}"
EndProject
Project("{F184B08F-C81C-45F6-A57F-5ABD9991F28F}") = "Visual_Basic_02", "Visual_Basic_02\Visual_Basic_02.vbproj", "{143BA3DF-BD3A-4FDD-A039-47869615BABA}"
EndProject
Project("{F184B08F-C81C-45F6-A57F-5ABD9991F28F}") = "Visual_Basic_03", "Visual_Basic_03\Visual_Basic_03.vbproj", "{B5C302A6-EDB0-4408-B0F8-9D7EB466A8BA}"
EndProject
Project("{F184B08F-C81C-45F6-A57F-5ABD9991F28F}") = "Visual_Basic_04", "Visual_Basic_04\Visual_Basic_04.vbproj", "{9B9DFE27-4755-4F03-934E-A40DF0DF3F1B}"
EndProject
Project("{F184B08F-C81C-45F6-A57F-5ABD9991F28F}") = "Visual_Basic_05", "Visual_Basic_05\Visual_Basic_05.vbproj", "{962F532A-5D94-440C-966E-C7C957750234}"
EndProject
Project("{F184B08F-C81C-45F6-A57F-5ABD9991F28F}") = "Visual_Basic_06", "Visual_Basic_06\Visual_Basic_06.vbproj", "{080F6569-502C-495D-B7D7-EA68359B9D0B}"
EndProject
Global
	GlobalSection(SolutionConfigurationPlatforms) = preSolution
		Debug|Any CPU = Debug|Any CPU
		Release|Any CPU = Release|Any CPU
	EndGlobalSection
	GlobalSection(ProjectConfigurationPlatforms) = postSolution
		{D48FD5EA-D65D-466C-B155-2845FD04E41A}.Debug|Any CPU.ActiveCfg = Debug|Any CPU
		{D48FD5EA-D65D-466C-B155-2845FD04E41A}.Debug|Any CPU.Build.0 = Debug|Any CPU
		{D48FD5EA-D65D-466C-B155-2845FD04E41A}.Release|Any CPU.ActiveCfg = Release|Any CPU
		{D48FD5EA-D65D-466C-B155-2845FD04E41A}.Release|Any CPU.Build.0 = Release|Any CPU
		{143BA3DF-BD3A-4FDD-A039-47869615BABA}.Debug|Any CPU.ActiveCfg = Debug|Any CPU
		{143BA3DF-BD3A-4FDD-A039-47869615BABA}.Debug|Any CPU.Build.0 = Debug|Any CPU
		{143BA3DF-BD3A-4FDD-A039-47869615BABA}.Release|Any CPU.ActiveCfg = Release|Any CPU
		{143BA3DF-BD3A-4FDD-A039-47869615BABA}.Release|Any CPU.Build.0 = Release|Any CPU
		{B5C302A6-EDB0-4408-B0F8-9D7EB466A8BA}.Debug|Any CPU.ActiveCfg = Debug|Any CPU
		{B5C302A6-EDB0-4408-B0F8-9D7EB466A8BA}.Debug|Any CPU.Build.0 = Debug|Any CPU
		{B5C302A6-EDB0-4408-B0F8-9D7EB466A8BA}.Release|Any CPU.ActiveCfg = Release|Any CPU
		{B5C302A6-EDB0-4408-B0F8-9D7EB466A8BA}.Release|Any CPU.Build.0 = Release|Any CPU
		{9B9DFE27-4755-4F03-934E-A40DF0DF3F1B}.Debug|Any CPU.ActiveCfg = Debug|Any CPU
		{9B9DFE27-4755-4F03-934E-A40DF0DF3F1B}.Debug|Any CPU.Build.0 = Debug|Any CPU
		{9B9DFE27-4755-4F03-934E-A40DF0DF3F1B}.Release|Any CPU.ActiveCfg = Release|Any CPU
		{9B9DFE27-4755-4F03-934E-A40DF0DF3F1B}.Release|Any CPU.Build.0 = Release|Any CPU
		{962F532A-5D94-440C-966E-C7C957750234}.Debug|Any CPU.ActiveCfg = Debug|Any CPU
		{962F532A-5D94-440C-966E-C7C957750234}.Debug|Any CPU.Build.0 = Debug|Any CPU
		{962F532A-5D94-440C-966E-C7C957750234}.Release|Any CPU.ActiveCfg = Release|Any CPU
		{962F532A-5D94-440C-966E-C7C957750234}.Release|Any CPU.Build.0 = Release|Any CPU
		{080F6569-502C-495D-B7D7-EA68359B9D0B}.Debug|Any CPU.ActiveCfg = Debug|Any CPU
		{080F6569-502C-495D-B7D7-EA68359B9D0B}.Debug|Any CPU.Build.0 = Debug|Any CPU
		{080F6569-502C-495D-B7D7-EA68359B9D0B}.Release|Any CPU.ActiveCfg = Release|Any CPU
		{080F6569-502C-495D-B7D7-EA68359B9D0B}.Release|Any CPU.Build.0 = Release|Any CPU
	EndGlobalSection
	GlobalSection(SolutionProperties) = preSolution
		HideSolutionNode = FALSE
	EndGlobalSection
	GlobalSection(ExtensibilityGlobals) = postSolution
		SolutionGuid = {0DA01588-D425-449E-A2B4-CAB1009681FC}
	EndGlobalSection
EndGlobal
