
Microsoft Visual Studio Solution File, Format Version 12.00
# Visual Studio 15
VisualStudioVersion = 15.0.27130.2010
MinimumVisualStudioVersion = 10.0.40219.1
Project("{F184B08F-C81C-45F6-A57F-5ABD9991F28F}") = "Visual_Basic_01", "Visual_Basic_01\Visual_Basic_01.vbproj", "{D48FD5EA-D65D-466C-B155-2845FD04E41A}"
EndProject
Project("{F184B08F-C81C-45F6-A57F-5ABD9991F28F}") = "Visual_Basic_02", "Visual_Basic_02\Visual_Basic_02.vbproj", "{143BA3DF-BD3A-4FDD-A039-47869615BABA}"
EndProject
Project("{F184B08F-C81C-45F6-A57F-5ABD9991F28F}") = "Visual_Basic_03", "Visual_Basic_03\Visual_Basic_03.vbproj", "{B5C302A6-EDB0-4408-B0F8-9D7EB466A8BA}"
EndProject
Project("{F184B08F-C81C-45F6-A57F-5ABD9991F28F}") = "Visual_Basic_04", "Visual_Basic_04\Visual_Basic_04.vbproj", "{9B9DFE27-4755-4F03-934E-A40DF0DF3F1B}"
EndProject
Project("{F184B08F-C81C-45F6-A57F-5ABD9991F28F}") = "Visual_Basic_05", "Visual_Basic_05\Visual_Basic_05.vbproj", "{962F532A-5D94-440C-966E-C7C957750234}"
EndProject
Project("{F184B08F-C81C-45F6-A57F-5ABD9991F28F}") = "Visual_Basic_06", "Visual_Basic_06\Visual_Basic_06.vbproj", "{080F6569-502C-495D-B7D7-EA68359B9D0B}"
EndProject
Project("{F184B08F-C81C-45F6-A57F-5ABD9991F28F}") = "S-01-01-Calculator", "Visual_Basic_Sandbox2\S-01-01-Calculator\S-01-01-Calculator\S-01-01-Calculator\S-01-01-Calculator.vbproj", "{AD07EE56-E84C-4275-8484-131C88B5FCBA}"
EndProject
Project("{F184B08F-C81C-45F6-A57F-5ABD9991F28F}") = "S-01-02-RepairBill", "Visual_Basic_Sandbox2\S-01-02-RepairBill\S-01-02-RepairBill\S-01-02-RepairBill\S-01-02-RepairBill.vbproj", "{BE16AE82-A15A-4D83-9F3A-1D99C048DAE2}"
EndProject
Project("{F184B08F-C81C-45F6-A57F-5ABD9991F28F}") = "S-01-03-ChangeForDollar", "Visual_Basic_Sandbox2\S-01-03-ChangeForDollar\S-01-03-ChangeForDollar\S-01-03-ChangeForDollar\S-01-03-ChangeForDollar.vbproj", "{2B28ACE1-3530-4F53-91B0-9F24B700072C}"
EndProject
Project("{F184B08F-C81C-45F6-A57F-5ABD9991F28F}") = "S-01-04-LengthConversion", "Visual_Basic_Sandbox2\S-01-04-LengthConversion\S-01-04-LengthConversion\S-01-04-LengthConversion\S-01-04-LengthConversion.vbproj", "{FFD66DAB-8AD8-4078-BD2F-FD19FECA731F}"
EndProject
Project("{F184B08F-C81C-45F6-A57F-5ABD9991F28F}") = "S-01-05-CarLoan", "Visual_Basic_Sandbox2\S-01-05-CarLoan\S-01-05-CarLoan\S-01-05-CarLoan\S-01-05-CarLoan.vbproj", "{ABBCAB72-6F40-4DDA-AC45-AD2C74FC0C7F}"
EndProject
Project("{F184B08F-C81C-45F6-A57F-5ABD9991F28F}") = "S-01-06-UnitPrice", "Visual_Basic_Sandbox2\S-01-06-UnitPrice\S-01-06-UnitPrice\S-01-06-UnitPrice\S-01-06-UnitPrice.vbproj", "{AA61A510-1E5F-4179-A632-B3B40D27AE46}"
EndProject
Project("{F184B08F-C81C-45F6-A57F-5ABD9991F28F}") = "S-02-01-RentalCost", "Visual_Basic_Sandbox2\S-02-01-RentalCost\S-02-01-RentalCost\S-02-01-RentalCost.vbproj", "{67BCD0AD-7E90-4588-A109-C25F68DA447E}"
EndProject
Project("{F184B08F-C81C-45F6-A57F-5ABD9991F28F}") = "S-02-02-Nutrition", "Visual_Basic_Sandbox2\S-02-02-Nutrition\S-02-02-Nutrition\S-02-02-Nutrition.vbproj", "{A2A7396A-D030-4159-9DB4-D11D2B814643}"
EndProject
Project("{F184B08F-C81C-45F6-A57F-5ABD9991F28F}") = "S-02-03-CarLoan", "Visual_Basic_Sandbox2\S-02-03-CarLoan\S-02-03-CarLoan\S-02-03-CarLoan.vbproj", "{464759FE-0569-4DF4-BE31-0F406C3D5A4C}"
EndProject
Project("{F184B08F-C81C-45F6-A57F-5ABD9991F28F}") = "S-02-04-QuadraticEquation", "Visual_Basic_Sandbox2\S-02-04-QuadraticEquation\S-02-04-QuadraticEquation\S-02-04-QuadraticEquation.vbproj", "{4E7C84CB-135D-4132-9FF2-5F542464B200}"
EndProject
Project("{F184B08F-C81C-45F6-A57F-5ABD9991F28F}") = "S-02-05-RestaurantMenu", "Visual_Basic_Sandbox2\S-02-05-RestaurantMenu\S-02-05-RestaurantMenu\S-02-05-RestaurantMenu.vbproj", "{D1C82100-C7CD-44EA-9067-BE368FED15A4}"
EndProject
Project("{F184B08F-C81C-45F6-A57F-5ABD9991F28F}") = "S-02-06-CollegeAdmissions", "Visual_Basic_Sandbox2\S-02-06-CollegeAdmissions\S-02-06-CollegeAdmissions\S-02-06-CollegeAdmissions.vbproj", "{F62EA132-DABD-4AE1-9674-936F0BFCA5D2}"
EndProject
Project("{F184B08F-C81C-45F6-A57F-5ABD9991F28F}") = "S-03-01-GradePointAverage", "Visual_Basic_Sandbox2\S-03-01-GradePointAverage\S-03-01-GradePointAverage\S-03-01-GradePointAverage.vbproj", "{9FC4C177-4CB8-4EA1-9443-647AF27BCF29}"
EndProject
Project("{F184B08F-C81C-45F6-A57F-5ABD9991F28F}") = "S-03-02-RestaurantBill", "Visual_Basic_Sandbox2\S-03-02-RestaurantBill\S-03-02-RestaurantBill\S-03-02-RestaurantBill.vbproj", "{6047C687-E58E-40A2-8EF2-8F3A233438B2}"
EndProject
Project("{F184B08F-C81C-45F6-A57F-5ABD9991F28F}") = "S-03-03-FurnitureOrder", "Visual_Basic_Sandbox2\S-03-03-FurnitureOrder\S-03-03-FurnitureOrder\S-03-03-FurnitureOrder.vbproj", "{C1043BE2-BFDB-434A-AF09-5C1BCD3078A7}"
EndProject
Project("{F184B08F-C81C-45F6-A57F-5ABD9991F28F}") = "S-03-04-Proverbs", "Visual_Basic_Sandbox2\S-03-04-Proverbs\S-03-04-Proverbs\S-03-04-Proverbs.vbproj", "{B7897781-ACF0-4129-8E6A-2C894AB20675}"
EndProject
Project("{F184B08F-C81C-45F6-A57F-5ABD9991F28F}") = "S-03-05-StickGame", "Visual_Basic_Sandbox2\S-03-05-StickGame\S-03-05-StickGame\S-03-05-StickGame.vbproj", "{3E6F1480-7574-41D1-A67D-877854BED216}"
EndProject
Project("{F184B08F-C81C-45F6-A57F-5ABD9991F28F}") = "S-03-06-LoanCalculator", "Visual_Basic_Sandbox2\S-03-06-LoanCalculator\S-03-06-LoanCalculator\S-03-06-LoanCalculator.vbproj", "{68F3C47D-780D-4F90-9C21-956E6300A9BA}"
EndProject
Project("{F184B08F-C81C-45F6-A57F-5ABD9991F28F}") = "S-04-01-CaffeineAbsorbtion", "Visual_Basic_Sandbox2\S-04-01-CaffeineAbsorbtion\S-04-01-CaffeineAbsorbtion\S-04-01-CaffeineAbsorbtion.vbproj", "{1E804267-DFF5-422F-A5EE-094921BC1B66}"
EndProject
Project("{F184B08F-C81C-45F6-A57F-5ABD9991F28F}") = "S-04-02-Rule72", "Visual_Basic_Sandbox2\S-04-02-Rule72\S-04-02-Rule72\S-04-02-Rule72.vbproj", "{47275FC8-53B4-473E-8E1D-F8B0E89F1291}"
EndProject
Project("{F184B08F-C81C-45F6-A57F-5ABD9991F28F}") = "S-04-03-ProjectileMotion", "Visual_Basic_Sandbox2\S-04-03-ProjectileMotion\S-04-03-ProjectileMotion\S-04-03-ProjectileMotion.vbproj", "{798CBBC5-ECF3-4630-9A1A-393B655DEC7D}"
EndProject
Project("{F184B08F-C81C-45F6-A57F-5ABD9991F28F}") = "S-04-04-Depreciation", "Visual_Basic_Sandbox2\S-04-04-Depreciation\S-04-04-Depreciation\S-04-04-Depreciation.vbproj", "{63C2C751-F036-496F-A355-789BF328B31F}"
EndProject
Project("{F184B08F-C81C-45F6-A57F-5ABD9991F28F}") = "S-04-05-AlphabeticalOrder", "Visual_Basic_Sandbox2\S-04-05-AlphabeticalOrder\S-04-05-AlphabeticalOrder\S-04-05-AlphabeticalOrder.vbproj", "{71575ED1-D159-4248-AE01-86D6276A40D4}"
EndProject
Project("{F184B08F-C81C-45F6-A57F-5ABD9991F28F}") = "S-04-06-Parantheses", "Visual_Basic_Sandbox2\S-04-06-Parantheses\S-04-06-Parantheses\S-04-06-Parantheses.vbproj", "{AC24D98C-EC48-4E7F-A897-D4144A7E80B4}"
EndProject
Project("{F184B08F-C81C-45F6-A57F-5ABD9991F28F}") = "S-04-07-Palindrome", "Visual_Basic_Sandbox2\S-04-07-Palindrome\S-04-07-Palindrome\S-04-07-Palindrome.vbproj", "{C6AF5B41-1EC5-43BB-97F8-65172BFD3699}"
EndProject
Project("{F184B08F-C81C-45F6-A57F-5ABD9991F28F}") = "S-04-08-IndividualRetirementAccounts", "Visual_Basic_Sandbox2\S-04-08-IndividualRetirementAccounts\S-04-08-IndividualRetirementAccounts\S-04-08-IndividualRetirementAccounts.vbproj", "{414DC681-018A-4D70-B37A-D2C8DEA0BB43}"
EndProject
Project("{F184B08F-C81C-45F6-A57F-5ABD9991F28F}") = "S-04-09-BinarySearch", "Visual_Basic_Sandbox2\S-04-09-BinarySearch\S-04-09-BinarySearch\S-04-09-BinarySearch.vbproj", "{009A9860-0D25-4BCC-A509-9607472C8F49}"
EndProject
Project("{F184B08F-C81C-45F6-A57F-5ABD9991F28F}") = "S-05-01-UnitConversion", "Visual_Basic_Sandbox2\S-05-01-UnitConversion\S-05-01-UnitConversion\S-05-01-UnitConversion.vbproj", "{6358C2CD-6712-40A1-A729-F16D799A5478}"
EndProject
Project("{F184B08F-C81C-45F6-A57F-5ABD9991F28F}") = "S-05-02-ISBNValidator", "Visual_Basic_Sandbox2\S-05-02-ISBNValidator\S-05-02-ISBNValidator\S-05-02-ISBNValidator.vbproj", "{3D2B93FB-3084-453C-9085-EBAB1212B162}"
EndProject
Project("{F184B08F-C81C-45F6-A57F-5ABD9991F28F}") = "S-05-03-CurveGrades", "Visual_Basic_Sandbox2\S-05-03-CurveGrades\S-05-03-CurveGrades\S-05-03-CurveGrades.vbproj", "{8C1F90A9-15B3-4CC0-9326-83A760CC39EE}"
EndProject
Project("{F184B08F-C81C-45F6-A57F-5ABD9991F28F}") = "S-05-04-BachelorDegrees", "Visual_Basic_Sandbox2\S-05-04-BachelorDegrees\S-05-04-BachelorDegrees\S-05-04-BachelorDegrees.vbproj", "{5115590C-2DDC-4CFB-9820-CF4679AA6A3E}"
EndProject
Project("{F184B08F-C81C-45F6-A57F-5ABD9991F28F}") = "S-05-05-RudimentaryTranslator", "Visual_Basic_Sandbox2\S-05-05-RudimentaryTranslator\S-05-05-RudimentaryTranslator\S-05-05-RudimentaryTranslator.vbproj", "{A0B5424F-A34E-40A9-8A91-7B889DF102B0}"
EndProject
Project("{F184B08F-C81C-45F6-A57F-5ABD9991F28F}") = "S-05-06-SoccerLeague", "Visual_Basic_Sandbox2\S-05-06-SoccerLeague\S-05-06-SoccerLeague\S-05-06-SoccerLeague.vbproj", "{F4ED8F31-86FC-43D7-B647-A9FB305B4693}"
EndProject
Project("{F184B08F-C81C-45F6-A57F-5ABD9991F28F}") = "S-05-07-Poker", "Visual_Basic_Sandbox2\S-05-07-Poker\S-05-07-Poker\S-05-07-Poker.vbproj", "{53E12D78-864C-42A4-B434-16DEA2A26A8B}"
EndProject
Project("{F184B08F-C81C-45F6-A57F-5ABD9991F28F}") = "S-05-08-AirlineReservation", "Visual_Basic_Sandbox2\S-05-08-AirlineReservation\S-05-08-AirlineReservation\S-05-08-AirlineReservation.vbproj", "{3B5BE145-8A2A-49BF-B612-59772F441523}"
EndProject
Project("{F184B08F-C81C-45F6-A57F-5ABD9991F28F}") = "S-05-09-GameOfLife", "Visual_Basic_Sandbox2\S-05-09-GameOfLife\S-05-09-GameOfLife\S-05-09-GameOfLife.vbproj", "{AFE930AE-FB3B-4F01-8F89-4F797A008F8C}"
EndProject
Project("{F184B08F-C81C-45F6-A57F-5ABD9991F28F}") = "S-05-10-DirectoryAssistance", "Visual_Basic_Sandbox2\S-05-10-DirectoryAssistance\S-05-10-DirectoryAssistance\S-05-10-DirectoryAssistance.vbproj", "{C90B8B8D-70E1-4DC1-9A34-8478CE645259}"
EndProject
Project("{F184B08F-C81C-45F6-A57F-5ABD9991F28F}") = "S-05-11-FuelEconomy", "Visual_Basic_Sandbox2\S-05-11-FuelEconomy\S-05-11-FuelEconomy\S-05-11-FuelEconomy.vbproj", "{B0AF2151-4E78-4648-9ED7-31ED1B2EA6E7}"
EndProject
Project("{F184B08F-C81C-45F6-A57F-5ABD9991F28F}") = "S-06-01-Baseball", "Visual_Basic_Sandbox2\S-06-01-Baseball\S-06-01-Baseball\S-06-01-Baseball.vbproj", "{4288DBC2-628A-4AC9-ACDC-BF17BA712342}"
EndProject
Project("{F184B08F-C81C-45F6-A57F-5ABD9991F28F}") = "S-06-02-USSenate", "Visual_Basic_Sandbox2\S-06-02-USSenate\S-06-02-USSenate\S-06-02-USSenate.vbproj", "{9897244F-E13B-4428-A909-47B2B2931219}"
EndProject
Project("{F184B08F-C81C-45F6-A57F-5ABD9991F28F}") = "S-06-03-FileOfNames", "Visual_Basic_Sandbox2\S-06-03-FileOfNames\S-06-03-FileOfNames\S-06-03-FileOfNames.vbproj", "{9AB09791-EDE5-4BC9-BF4C-8A213963F734}"
EndProject
Project("{F184B08F-C81C-45F6-A57F-5ABD9991F28F}") = "S-06-04-TelephoneDirectories", "Visual_Basic_Sandbox2\S-06-04-TelephoneDirectories\S-06-04-TelephoneDirectories\S-06-04-TelephoneDirectories.vbproj", "{E444DF96-8C16-46B9-B212-2E5341233FD7}"
EndProject
Project("{F184B08F-C81C-45F6-A57F-5ABD9991F28F}") = "S-06-05-UniversalProductCode", "Visual_Basic_Sandbox2\S-06-05-UniversalProductCode\S-06-05-UniversalProductCode\S-06-05-UniversalProductCode.vbproj", "{84A4E7D6-6FF3-45FD-98C6-91F13E3D5382}"
EndProject
Project("{F184B08F-C81C-45F6-A57F-5ABD9991F28F}") = "S-06-06-Baseball", "Visual_Basic_Sandbox2\S-06-06-Baseball\S-06-06-Baseball\S-06-06-Baseball.vbproj", "{17B6CF62-5381-4E42-A930-6C51F0F8A2D2}"
EndProject
Project("{F184B08F-C81C-45F6-A57F-5ABD9991F28F}") = "S-07-01-MembershipList", "Visual_Basic_Sandbox2\S-07-01-MembershipList\S-07-01-MembershipList\S-07-01-MembershipList.vbproj", "{B543B990-0747-4325-926C-C50C3C43AE05}"
EndProject
Project("{F184B08F-C81C-45F6-A57F-5ABD9991F28F}") = "S-07-02-VotingMachine", "Visual_Basic_Sandbox2\S-07-02-VotingMachine\S-07-02-VotingMachine\S-07-02-VotingMachine.vbproj", "{2670A62E-0DAF-4B41-B4FA-63DA4ABD8FE8}"
EndProject
Project("{F184B08F-C81C-45F6-A57F-5ABD9991F28F}") = "S-07-03-InventoryControl", "Visual_Basic_Sandbox2\S-07-03-InventoryControl\S-07-03-InventoryControl\S-07-03-InventoryControl.vbproj", "{36EC2F55-89A1-4BE2-9C9B-0ACF23935DA1}"
EndProject
Project("{F184B08F-C81C-45F6-A57F-5ABD9991F28F}") = "S-07-04-AirplaneSeatingChart", "Visual_Basic_Sandbox2\S-07-04-AirplaneSeatingChart\S-07-04-AirplaneSeatingChart\S-07-04-AirplaneSeatingChart.vbproj", "{C60A1AB7-CBC9-4274-9A2C-4310687573F6}"
EndProject
Project("{F184B08F-C81C-45F6-A57F-5ABD9991F28F}") = "S-07-05-UnderdogAndWorldSeries", "Visual_Basic_Sandbox2\S-07-05-UnderdogAndWorldSeries\S-07-05-UnderdogAndWorldSeries\S-07-05-UnderdogAndWorldSeries.vbproj", "{F9A2772D-90A6-4246-9279-6691DE58952D}"
EndProject
Project("{F184B08F-C81C-45F6-A57F-5ABD9991F28F}") = "S-07-06-SpreadOfEpidemic", "Visual_Basic_Sandbox2\S-07-06-SpreadOfEpidemic\S-07-06-SpreadOfEpidemic\S-07-06-SpreadOfEpidemic.vbproj", "{2BB041B0-32C1-403D-87C9-42FFCA9C64CF}"
EndProject
Project("{F184B08F-C81C-45F6-A57F-5ABD9991F28F}") = "S-07-07-BusinessTravelExpenses", "Visual_Basic_Sandbox2\S-07-07-BusinessTravelExpenses\S-07-07-BusinessTravelExpenses\S-07-07-BusinessTravelExpenses.vbproj", "{85FC7737-8F05-497F-BD5A-F4E92A1A583E}"
EndProject
Project("{F184B08F-C81C-45F6-A57F-5ABD9991F28F}") = "S-08-01-OrdersAndInventoryManagement", "Visual_Basic_Sandbox2\S-08-01-OrdersAndInventoryManagement\S-08-01-OrdersAndInventoryManagement\S-08-01-OrdersAndInventoryManagement.vbproj", "{569B3B94-44AB-49E8-B6AB-82137A22AF44}"
EndProject
Project("{F184B08F-C81C-45F6-A57F-5ABD9991F28F}") = "S-08-02-GradeBook", "Visual_Basic_Sandbox2\S-08-02-GradeBook\S-08-02-GradeBook\S-08-02-GradeBook.vbproj", "{76564C4A-5BA6-47CC-B581-810C670C5896}"
EndProject
Project("{F184B08F-C81C-45F6-A57F-5ABD9991F28F}") = "S-09-01-BankAccount", "Visual_Basic_Sandbox2\S-09-01-BankAccount\S-09-01-BankAccount\S-09-01-BankAccount.vbproj", "{7F3587E5-AC4B-4F91-80B3-0512289D866B}"
EndProject
Project("{F184B08F-C81C-45F6-A57F-5ABD9991F28F}") = "S-09-01-BlackJack", "Visual_Basic_Sandbox2\S-09-01-BlackJack\S-09-01-BlackJack\S-09-01-BlackJack.vbproj", "{D42317D9-6A85-4546-8A9D-01A89EDBFDDA}"
EndProject
Global
	GlobalSection(SolutionConfigurationPlatforms) = preSolution
		Debug|Any CPU = Debug|Any CPU
		Debug|x64 = Debug|x64
		Debug|x86 = Debug|x86
		Release|Any CPU = Release|Any CPU
		Release|x64 = Release|x64
		Release|x86 = Release|x86
	EndGlobalSection
	GlobalSection(ProjectConfigurationPlatforms) = postSolution
		{D48FD5EA-D65D-466C-B155-2845FD04E41A}.Debug|Any CPU.ActiveCfg = Debug|Any CPU
		{D48FD5EA-D65D-466C-B155-2845FD04E41A}.Debug|Any CPU.Build.0 = Debug|Any CPU
		{D48FD5EA-D65D-466C-B155-2845FD04E41A}.Debug|x64.ActiveCfg = Debug|Any CPU
		{D48FD5EA-D65D-466C-B155-2845FD04E41A}.Debug|x64.Build.0 = Debug|Any CPU
		{D48FD5EA-D65D-466C-B155-2845FD04E41A}.Debug|x86.ActiveCfg = Debug|Any CPU
		{D48FD5EA-D65D-466C-B155-2845FD04E41A}.Debug|x86.Build.0 = Debug|Any CPU
		{D48FD5EA-D65D-466C-B155-2845FD04E41A}.Release|Any CPU.ActiveCfg = Release|Any CPU
		{D48FD5EA-D65D-466C-B155-2845FD04E41A}.Release|Any CPU.Build.0 = Release|Any CPU
		{D48FD5EA-D65D-466C-B155-2845FD04E41A}.Release|x64.ActiveCfg = Release|Any CPU
		{D48FD5EA-D65D-466C-B155-2845FD04E41A}.Release|x64.Build.0 = Release|Any CPU
		{D48FD5EA-D65D-466C-B155-2845FD04E41A}.Release|x86.ActiveCfg = Release|Any CPU
		{D48FD5EA-D65D-466C-B155-2845FD04E41A}.Release|x86.Build.0 = Release|Any CPU
		{143BA3DF-BD3A-4FDD-A039-47869615BABA}.Debug|Any CPU.ActiveCfg = Debug|Any CPU
		{143BA3DF-BD3A-4FDD-A039-47869615BABA}.Debug|Any CPU.Build.0 = Debug|Any CPU
		{143BA3DF-BD3A-4FDD-A039-47869615BABA}.Debug|x64.ActiveCfg = Debug|Any CPU
		{143BA3DF-BD3A-4FDD-A039-47869615BABA}.Debug|x64.Build.0 = Debug|Any CPU
		{143BA3DF-BD3A-4FDD-A039-47869615BABA}.Debug|x86.ActiveCfg = Debug|Any CPU
		{143BA3DF-BD3A-4FDD-A039-47869615BABA}.Debug|x86.Build.0 = Debug|Any CPU
		{143BA3DF-BD3A-4FDD-A039-47869615BABA}.Release|Any CPU.ActiveCfg = Release|Any CPU
		{143BA3DF-BD3A-4FDD-A039-47869615BABA}.Release|Any CPU.Build.0 = Release|Any CPU
		{143BA3DF-BD3A-4FDD-A039-47869615BABA}.Release|x64.ActiveCfg = Release|Any CPU
		{143BA3DF-BD3A-4FDD-A039-47869615BABA}.Release|x64.Build.0 = Release|Any CPU
		{143BA3DF-BD3A-4FDD-A039-47869615BABA}.Release|x86.ActiveCfg = Release|Any CPU
		{143BA3DF-BD3A-4FDD-A039-47869615BABA}.Release|x86.Build.0 = Release|Any CPU
		{B5C302A6-EDB0-4408-B0F8-9D7EB466A8BA}.Debug|Any CPU.ActiveCfg = Debug|Any CPU
		{B5C302A6-EDB0-4408-B0F8-9D7EB466A8BA}.Debug|Any CPU.Build.0 = Debug|Any CPU
		{B5C302A6-EDB0-4408-B0F8-9D7EB466A8BA}.Debug|x64.ActiveCfg = Debug|Any CPU
		{B5C302A6-EDB0-4408-B0F8-9D7EB466A8BA}.Debug|x64.Build.0 = Debug|Any CPU
		{B5C302A6-EDB0-4408-B0F8-9D7EB466A8BA}.Debug|x86.ActiveCfg = Debug|Any CPU
		{B5C302A6-EDB0-4408-B0F8-9D7EB466A8BA}.Debug|x86.Build.0 = Debug|Any CPU
		{B5C302A6-EDB0-4408-B0F8-9D7EB466A8BA}.Release|Any CPU.ActiveCfg = Release|Any CPU
		{B5C302A6-EDB0-4408-B0F8-9D7EB466A8BA}.Release|Any CPU.Build.0 = Release|Any CPU
		{B5C302A6-EDB0-4408-B0F8-9D7EB466A8BA}.Release|x64.ActiveCfg = Release|Any CPU
		{B5C302A6-EDB0-4408-B0F8-9D7EB466A8BA}.Release|x64.Build.0 = Release|Any CPU
		{B5C302A6-EDB0-4408-B0F8-9D7EB466A8BA}.Release|x86.ActiveCfg = Release|Any CPU
		{B5C302A6-EDB0-4408-B0F8-9D7EB466A8BA}.Release|x86.Build.0 = Release|Any CPU
		{9B9DFE27-4755-4F03-934E-A40DF0DF3F1B}.Debug|Any CPU.ActiveCfg = Debug|Any CPU
		{9B9DFE27-4755-4F03-934E-A40DF0DF3F1B}.Debug|Any CPU.Build.0 = Debug|Any CPU
		{9B9DFE27-4755-4F03-934E-A40DF0DF3F1B}.Debug|x64.ActiveCfg = Debug|Any CPU
		{9B9DFE27-4755-4F03-934E-A40DF0DF3F1B}.Debug|x64.Build.0 = Debug|Any CPU
		{9B9DFE27-4755-4F03-934E-A40DF0DF3F1B}.Debug|x86.ActiveCfg = Debug|Any CPU
		{9B9DFE27-4755-4F03-934E-A40DF0DF3F1B}.Debug|x86.Build.0 = Debug|Any CPU
		{9B9DFE27-4755-4F03-934E-A40DF0DF3F1B}.Release|Any CPU.ActiveCfg = Release|Any CPU
		{9B9DFE27-4755-4F03-934E-A40DF0DF3F1B}.Release|Any CPU.Build.0 = Release|Any CPU
		{9B9DFE27-4755-4F03-934E-A40DF0DF3F1B}.Release|x64.ActiveCfg = Release|Any CPU
		{9B9DFE27-4755-4F03-934E-A40DF0DF3F1B}.Release|x64.Build.0 = Release|Any CPU
		{9B9DFE27-4755-4F03-934E-A40DF0DF3F1B}.Release|x86.ActiveCfg = Release|Any CPU
		{9B9DFE27-4755-4F03-934E-A40DF0DF3F1B}.Release|x86.Build.0 = Release|Any CPU
		{962F532A-5D94-440C-966E-C7C957750234}.Debug|Any CPU.ActiveCfg = Debug|Any CPU
		{962F532A-5D94-440C-966E-C7C957750234}.Debug|Any CPU.Build.0 = Debug|Any CPU
		{962F532A-5D94-440C-966E-C7C957750234}.Debug|x64.ActiveCfg = Debug|Any CPU
		{962F532A-5D94-440C-966E-C7C957750234}.Debug|x64.Build.0 = Debug|Any CPU
		{962F532A-5D94-440C-966E-C7C957750234}.Debug|x86.ActiveCfg = Debug|Any CPU
		{962F532A-5D94-440C-966E-C7C957750234}.Debug|x86.Build.0 = Debug|Any CPU
		{962F532A-5D94-440C-966E-C7C957750234}.Release|Any CPU.ActiveCfg = Release|Any CPU
		{962F532A-5D94-440C-966E-C7C957750234}.Release|Any CPU.Build.0 = Release|Any CPU
		{962F532A-5D94-440C-966E-C7C957750234}.Release|x64.ActiveCfg = Release|Any CPU
		{962F532A-5D94-440C-966E-C7C957750234}.Release|x64.Build.0 = Release|Any CPU
		{962F532A-5D94-440C-966E-C7C957750234}.Release|x86.ActiveCfg = Release|Any CPU
		{962F532A-5D94-440C-966E-C7C957750234}.Release|x86.Build.0 = Release|Any CPU
		{080F6569-502C-495D-B7D7-EA68359B9D0B}.Debug|Any CPU.ActiveCfg = Debug|Any CPU
		{080F6569-502C-495D-B7D7-EA68359B9D0B}.Debug|Any CPU.Build.0 = Debug|Any CPU
		{080F6569-502C-495D-B7D7-EA68359B9D0B}.Debug|x64.ActiveCfg = Debug|Any CPU
		{080F6569-502C-495D-B7D7-EA68359B9D0B}.Debug|x64.Build.0 = Debug|Any CPU
		{080F6569-502C-495D-B7D7-EA68359B9D0B}.Debug|x86.ActiveCfg = Debug|Any CPU
		{080F6569-502C-495D-B7D7-EA68359B9D0B}.Debug|x86.Build.0 = Debug|Any CPU
		{080F6569-502C-495D-B7D7-EA68359B9D0B}.Release|Any CPU.ActiveCfg = Release|Any CPU
		{080F6569-502C-495D-B7D7-EA68359B9D0B}.Release|Any CPU.Build.0 = Release|Any CPU
		{080F6569-502C-495D-B7D7-EA68359B9D0B}.Release|x64.ActiveCfg = Release|Any CPU
		{080F6569-502C-495D-B7D7-EA68359B9D0B}.Release|x64.Build.0 = Release|Any CPU
		{080F6569-502C-495D-B7D7-EA68359B9D0B}.Release|x86.ActiveCfg = Release|Any CPU
		{080F6569-502C-495D-B7D7-EA68359B9D0B}.Release|x86.Build.0 = Release|Any CPU
		{AD07EE56-E84C-4275-8484-131C88B5FCBA}.Debug|Any CPU.ActiveCfg = Debug|Any CPU
		{AD07EE56-E84C-4275-8484-131C88B5FCBA}.Debug|Any CPU.Build.0 = Debug|Any CPU
		{AD07EE56-E84C-4275-8484-131C88B5FCBA}.Debug|x64.ActiveCfg = Debug|Any CPU
		{AD07EE56-E84C-4275-8484-131C88B5FCBA}.Debug|x64.Build.0 = Debug|Any CPU
		{AD07EE56-E84C-4275-8484-131C88B5FCBA}.Debug|x86.ActiveCfg = Debug|Any CPU
		{AD07EE56-E84C-4275-8484-131C88B5FCBA}.Debug|x86.Build.0 = Debug|Any CPU
		{AD07EE56-E84C-4275-8484-131C88B5FCBA}.Release|Any CPU.ActiveCfg = Release|Any CPU
		{AD07EE56-E84C-4275-8484-131C88B5FCBA}.Release|Any CPU.Build.0 = Release|Any CPU
		{AD07EE56-E84C-4275-8484-131C88B5FCBA}.Release|x64.ActiveCfg = Release|Any CPU
		{AD07EE56-E84C-4275-8484-131C88B5FCBA}.Release|x64.Build.0 = Release|Any CPU
		{AD07EE56-E84C-4275-8484-131C88B5FCBA}.Release|x86.ActiveCfg = Release|Any CPU
		{AD07EE56-E84C-4275-8484-131C88B5FCBA}.Release|x86.Build.0 = Release|Any CPU
		{BE16AE82-A15A-4D83-9F3A-1D99C048DAE2}.Debug|Any CPU.ActiveCfg = Debug|Any CPU
		{BE16AE82-A15A-4D83-9F3A-1D99C048DAE2}.Debug|Any CPU.Build.0 = Debug|Any CPU
		{BE16AE82-A15A-4D83-9F3A-1D99C048DAE2}.Debug|x64.ActiveCfg = Debug|Any CPU
		{BE16AE82-A15A-4D83-9F3A-1D99C048DAE2}.Debug|x64.Build.0 = Debug|Any CPU
		{BE16AE82-A15A-4D83-9F3A-1D99C048DAE2}.Debug|x86.ActiveCfg = Debug|Any CPU
		{BE16AE82-A15A-4D83-9F3A-1D99C048DAE2}.Debug|x86.Build.0 = Debug|Any CPU
		{BE16AE82-A15A-4D83-9F3A-1D99C048DAE2}.Release|Any CPU.ActiveCfg = Release|Any CPU
		{BE16AE82-A15A-4D83-9F3A-1D99C048DAE2}.Release|Any CPU.Build.0 = Release|Any CPU
		{BE16AE82-A15A-4D83-9F3A-1D99C048DAE2}.Release|x64.ActiveCfg = Release|Any CPU
		{BE16AE82-A15A-4D83-9F3A-1D99C048DAE2}.Release|x64.Build.0 = Release|Any CPU
		{BE16AE82-A15A-4D83-9F3A-1D99C048DAE2}.Release|x86.ActiveCfg = Release|Any CPU
		{BE16AE82-A15A-4D83-9F3A-1D99C048DAE2}.Release|x86.Build.0 = Release|Any CPU
		{2B28ACE1-3530-4F53-91B0-9F24B700072C}.Debug|Any CPU.ActiveCfg = Debug|Any CPU
		{2B28ACE1-3530-4F53-91B0-9F24B700072C}.Debug|Any CPU.Build.0 = Debug|Any CPU
		{2B28ACE1-3530-4F53-91B0-9F24B700072C}.Debug|x64.ActiveCfg = Debug|Any CPU
		{2B28ACE1-3530-4F53-91B0-9F24B700072C}.Debug|x64.Build.0 = Debug|Any CPU
		{2B28ACE1-3530-4F53-91B0-9F24B700072C}.Debug|x86.ActiveCfg = Debug|Any CPU
		{2B28ACE1-3530-4F53-91B0-9F24B700072C}.Debug|x86.Build.0 = Debug|Any CPU
		{2B28ACE1-3530-4F53-91B0-9F24B700072C}.Release|Any CPU.ActiveCfg = Release|Any CPU
		{2B28ACE1-3530-4F53-91B0-9F24B700072C}.Release|Any CPU.Build.0 = Release|Any CPU
		{2B28ACE1-3530-4F53-91B0-9F24B700072C}.Release|x64.ActiveCfg = Release|Any CPU
		{2B28ACE1-3530-4F53-91B0-9F24B700072C}.Release|x64.Build.0 = Release|Any CPU
		{2B28ACE1-3530-4F53-91B0-9F24B700072C}.Release|x86.ActiveCfg = Release|Any CPU
		{2B28ACE1-3530-4F53-91B0-9F24B700072C}.Release|x86.Build.0 = Release|Any CPU
		{FFD66DAB-8AD8-4078-BD2F-FD19FECA731F}.Debug|Any CPU.ActiveCfg = Debug|Any CPU
		{FFD66DAB-8AD8-4078-BD2F-FD19FECA731F}.Debug|Any CPU.Build.0 = Debug|Any CPU
		{FFD66DAB-8AD8-4078-BD2F-FD19FECA731F}.Debug|x64.ActiveCfg = Debug|Any CPU
		{FFD66DAB-8AD8-4078-BD2F-FD19FECA731F}.Debug|x64.Build.0 = Debug|Any CPU
		{FFD66DAB-8AD8-4078-BD2F-FD19FECA731F}.Debug|x86.ActiveCfg = Debug|Any CPU
		{FFD66DAB-8AD8-4078-BD2F-FD19FECA731F}.Debug|x86.Build.0 = Debug|Any CPU
		{FFD66DAB-8AD8-4078-BD2F-FD19FECA731F}.Release|Any CPU.ActiveCfg = Release|Any CPU
		{FFD66DAB-8AD8-4078-BD2F-FD19FECA731F}.Release|Any CPU.Build.0 = Release|Any CPU
		{FFD66DAB-8AD8-4078-BD2F-FD19FECA731F}.Release|x64.ActiveCfg = Release|Any CPU
		{FFD66DAB-8AD8-4078-BD2F-FD19FECA731F}.Release|x64.Build.0 = Release|Any CPU
		{FFD66DAB-8AD8-4078-BD2F-FD19FECA731F}.Release|x86.ActiveCfg = Release|Any CPU
		{FFD66DAB-8AD8-4078-BD2F-FD19FECA731F}.Release|x86.Build.0 = Release|Any CPU
		{ABBCAB72-6F40-4DDA-AC45-AD2C74FC0C7F}.Debug|Any CPU.ActiveCfg = Debug|Any CPU
		{ABBCAB72-6F40-4DDA-AC45-AD2C74FC0C7F}.Debug|Any CPU.Build.0 = Debug|Any CPU
		{ABBCAB72-6F40-4DDA-AC45-AD2C74FC0C7F}.Debug|x64.ActiveCfg = Debug|Any CPU
		{ABBCAB72-6F40-4DDA-AC45-AD2C74FC0C7F}.Debug|x64.Build.0 = Debug|Any CPU
		{ABBCAB72-6F40-4DDA-AC45-AD2C74FC0C7F}.Debug|x86.ActiveCfg = Debug|Any CPU
		{ABBCAB72-6F40-4DDA-AC45-AD2C74FC0C7F}.Debug|x86.Build.0 = Debug|Any CPU
		{ABBCAB72-6F40-4DDA-AC45-AD2C74FC0C7F}.Release|Any CPU.ActiveCfg = Release|Any CPU
		{ABBCAB72-6F40-4DDA-AC45-AD2C74FC0C7F}.Release|Any CPU.Build.0 = Release|Any CPU
		{ABBCAB72-6F40-4DDA-AC45-AD2C74FC0C7F}.Release|x64.ActiveCfg = Release|Any CPU
		{ABBCAB72-6F40-4DDA-AC45-AD2C74FC0C7F}.Release|x64.Build.0 = Release|Any CPU
		{ABBCAB72-6F40-4DDA-AC45-AD2C74FC0C7F}.Release|x86.ActiveCfg = Release|Any CPU
		{ABBCAB72-6F40-4DDA-AC45-AD2C74FC0C7F}.Release|x86.Build.0 = Release|Any CPU
		{AA61A510-1E5F-4179-A632-B3B40D27AE46}.Debug|Any CPU.ActiveCfg = Debug|Any CPU
		{AA61A510-1E5F-4179-A632-B3B40D27AE46}.Debug|Any CPU.Build.0 = Debug|Any CPU
		{AA61A510-1E5F-4179-A632-B3B40D27AE46}.Debug|x64.ActiveCfg = Debug|Any CPU
		{AA61A510-1E5F-4179-A632-B3B40D27AE46}.Debug|x64.Build.0 = Debug|Any CPU
		{AA61A510-1E5F-4179-A632-B3B40D27AE46}.Debug|x86.ActiveCfg = Debug|Any CPU
		{AA61A510-1E5F-4179-A632-B3B40D27AE46}.Debug|x86.Build.0 = Debug|Any CPU
		{AA61A510-1E5F-4179-A632-B3B40D27AE46}.Release|Any CPU.ActiveCfg = Release|Any CPU
		{AA61A510-1E5F-4179-A632-B3B40D27AE46}.Release|Any CPU.Build.0 = Release|Any CPU
		{AA61A510-1E5F-4179-A632-B3B40D27AE46}.Release|x64.ActiveCfg = Release|Any CPU
		{AA61A510-1E5F-4179-A632-B3B40D27AE46}.Release|x64.Build.0 = Release|Any CPU
		{AA61A510-1E5F-4179-A632-B3B40D27AE46}.Release|x86.ActiveCfg = Release|Any CPU
		{AA61A510-1E5F-4179-A632-B3B40D27AE46}.Release|x86.Build.0 = Release|Any CPU
		{67BCD0AD-7E90-4588-A109-C25F68DA447E}.Debug|Any CPU.ActiveCfg = Debug|Any CPU
		{67BCD0AD-7E90-4588-A109-C25F68DA447E}.Debug|Any CPU.Build.0 = Debug|Any CPU
		{67BCD0AD-7E90-4588-A109-C25F68DA447E}.Debug|x64.ActiveCfg = Debug|Any CPU
		{67BCD0AD-7E90-4588-A109-C25F68DA447E}.Debug|x64.Build.0 = Debug|Any CPU
		{67BCD0AD-7E90-4588-A109-C25F68DA447E}.Debug|x86.ActiveCfg = Debug|Any CPU
		{67BCD0AD-7E90-4588-A109-C25F68DA447E}.Debug|x86.Build.0 = Debug|Any CPU
		{67BCD0AD-7E90-4588-A109-C25F68DA447E}.Release|Any CPU.ActiveCfg = Release|Any CPU
		{67BCD0AD-7E90-4588-A109-C25F68DA447E}.Release|Any CPU.Build.0 = Release|Any CPU
		{67BCD0AD-7E90-4588-A109-C25F68DA447E}.Release|x64.ActiveCfg = Release|Any CPU
		{67BCD0AD-7E90-4588-A109-C25F68DA447E}.Release|x64.Build.0 = Release|Any CPU
		{67BCD0AD-7E90-4588-A109-C25F68DA447E}.Release|x86.ActiveCfg = Release|Any CPU
		{67BCD0AD-7E90-4588-A109-C25F68DA447E}.Release|x86.Build.0 = Release|Any CPU
		{A2A7396A-D030-4159-9DB4-D11D2B814643}.Debug|Any CPU.ActiveCfg = Debug|Any CPU
		{A2A7396A-D030-4159-9DB4-D11D2B814643}.Debug|Any CPU.Build.0 = Debug|Any CPU
		{A2A7396A-D030-4159-9DB4-D11D2B814643}.Debug|x64.ActiveCfg = Debug|Any CPU
		{A2A7396A-D030-4159-9DB4-D11D2B814643}.Debug|x64.Build.0 = Debug|Any CPU
		{A2A7396A-D030-4159-9DB4-D11D2B814643}.Debug|x86.ActiveCfg = Debug|Any CPU
		{A2A7396A-D030-4159-9DB4-D11D2B814643}.Debug|x86.Build.0 = Debug|Any CPU
		{A2A7396A-D030-4159-9DB4-D11D2B814643}.Release|Any CPU.ActiveCfg = Release|Any CPU
		{A2A7396A-D030-4159-9DB4-D11D2B814643}.Release|Any CPU.Build.0 = Release|Any CPU
		{A2A7396A-D030-4159-9DB4-D11D2B814643}.Release|x64.ActiveCfg = Release|Any CPU
		{A2A7396A-D030-4159-9DB4-D11D2B814643}.Release|x64.Build.0 = Release|Any CPU
		{A2A7396A-D030-4159-9DB4-D11D2B814643}.Release|x86.ActiveCfg = Release|Any CPU
		{A2A7396A-D030-4159-9DB4-D11D2B814643}.Release|x86.Build.0 = Release|Any CPU
		{464759FE-0569-4DF4-BE31-0F406C3D5A4C}.Debug|Any CPU.ActiveCfg = Debug|Any CPU
		{464759FE-0569-4DF4-BE31-0F406C3D5A4C}.Debug|Any CPU.Build.0 = Debug|Any CPU
		{464759FE-0569-4DF4-BE31-0F406C3D5A4C}.Debug|x64.ActiveCfg = Debug|Any CPU
		{464759FE-0569-4DF4-BE31-0F406C3D5A4C}.Debug|x64.Build.0 = Debug|Any CPU
		{464759FE-0569-4DF4-BE31-0F406C3D5A4C}.Debug|x86.ActiveCfg = Debug|Any CPU
		{464759FE-0569-4DF4-BE31-0F406C3D5A4C}.Debug|x86.Build.0 = Debug|Any CPU
		{464759FE-0569-4DF4-BE31-0F406C3D5A4C}.Release|Any CPU.ActiveCfg = Release|Any CPU
		{464759FE-0569-4DF4-BE31-0F406C3D5A4C}.Release|Any CPU.Build.0 = Release|Any CPU
		{464759FE-0569-4DF4-BE31-0F406C3D5A4C}.Release|x64.ActiveCfg = Release|Any CPU
		{464759FE-0569-4DF4-BE31-0F406C3D5A4C}.Release|x64.Build.0 = Release|Any CPU
		{464759FE-0569-4DF4-BE31-0F406C3D5A4C}.Release|x86.ActiveCfg = Release|Any CPU
		{464759FE-0569-4DF4-BE31-0F406C3D5A4C}.Release|x86.Build.0 = Release|Any CPU
		{4E7C84CB-135D-4132-9FF2-5F542464B200}.Debug|Any CPU.ActiveCfg = Debug|Any CPU
		{4E7C84CB-135D-4132-9FF2-5F542464B200}.Debug|Any CPU.Build.0 = Debug|Any CPU
		{4E7C84CB-135D-4132-9FF2-5F542464B200}.Debug|x64.ActiveCfg = Debug|Any CPU
		{4E7C84CB-135D-4132-9FF2-5F542464B200}.Debug|x64.Build.0 = Debug|Any CPU
		{4E7C84CB-135D-4132-9FF2-5F542464B200}.Debug|x86.ActiveCfg = Debug|Any CPU
		{4E7C84CB-135D-4132-9FF2-5F542464B200}.Debug|x86.Build.0 = Debug|Any CPU
		{4E7C84CB-135D-4132-9FF2-5F542464B200}.Release|Any CPU.ActiveCfg = Release|Any CPU
		{4E7C84CB-135D-4132-9FF2-5F542464B200}.Release|Any CPU.Build.0 = Release|Any CPU
		{4E7C84CB-135D-4132-9FF2-5F542464B200}.Release|x64.ActiveCfg = Release|Any CPU
		{4E7C84CB-135D-4132-9FF2-5F542464B200}.Release|x64.Build.0 = Release|Any CPU
		{4E7C84CB-135D-4132-9FF2-5F542464B200}.Release|x86.ActiveCfg = Release|Any CPU
		{4E7C84CB-135D-4132-9FF2-5F542464B200}.Release|x86.Build.0 = Release|Any CPU
		{D1C82100-C7CD-44EA-9067-BE368FED15A4}.Debug|Any CPU.ActiveCfg = Debug|Any CPU
		{D1C82100-C7CD-44EA-9067-BE368FED15A4}.Debug|Any CPU.Build.0 = Debug|Any CPU
		{D1C82100-C7CD-44EA-9067-BE368FED15A4}.Debug|x64.ActiveCfg = Debug|Any CPU
		{D1C82100-C7CD-44EA-9067-BE368FED15A4}.Debug|x64.Build.0 = Debug|Any CPU
		{D1C82100-C7CD-44EA-9067-BE368FED15A4}.Debug|x86.ActiveCfg = Debug|Any CPU
		{D1C82100-C7CD-44EA-9067-BE368FED15A4}.Debug|x86.Build.0 = Debug|Any CPU
		{D1C82100-C7CD-44EA-9067-BE368FED15A4}.Release|Any CPU.ActiveCfg = Release|Any CPU
		{D1C82100-C7CD-44EA-9067-BE368FED15A4}.Release|Any CPU.Build.0 = Release|Any CPU
		{D1C82100-C7CD-44EA-9067-BE368FED15A4}.Release|x64.ActiveCfg = Release|Any CPU
		{D1C82100-C7CD-44EA-9067-BE368FED15A4}.Release|x64.Build.0 = Release|Any CPU
		{D1C82100-C7CD-44EA-9067-BE368FED15A4}.Release|x86.ActiveCfg = Release|Any CPU
		{D1C82100-C7CD-44EA-9067-BE368FED15A4}.Release|x86.Build.0 = Release|Any CPU
		{F62EA132-DABD-4AE1-9674-936F0BFCA5D2}.Debug|Any CPU.ActiveCfg = Debug|Any CPU
		{F62EA132-DABD-4AE1-9674-936F0BFCA5D2}.Debug|Any CPU.Build.0 = Debug|Any CPU
		{F62EA132-DABD-4AE1-9674-936F0BFCA5D2}.Debug|x64.ActiveCfg = Debug|Any CPU
		{F62EA132-DABD-4AE1-9674-936F0BFCA5D2}.Debug|x64.Build.0 = Debug|Any CPU
		{F62EA132-DABD-4AE1-9674-936F0BFCA5D2}.Debug|x86.ActiveCfg = Debug|Any CPU
		{F62EA132-DABD-4AE1-9674-936F0BFCA5D2}.Debug|x86.Build.0 = Debug|Any CPU
		{F62EA132-DABD-4AE1-9674-936F0BFCA5D2}.Release|Any CPU.ActiveCfg = Release|Any CPU
		{F62EA132-DABD-4AE1-9674-936F0BFCA5D2}.Release|Any CPU.Build.0 = Release|Any CPU
		{F62EA132-DABD-4AE1-9674-936F0BFCA5D2}.Release|x64.ActiveCfg = Release|Any CPU
		{F62EA132-DABD-4AE1-9674-936F0BFCA5D2}.Release|x64.Build.0 = Release|Any CPU
		{F62EA132-DABD-4AE1-9674-936F0BFCA5D2}.Release|x86.ActiveCfg = Release|Any CPU
		{F62EA132-DABD-4AE1-9674-936F0BFCA5D2}.Release|x86.Build.0 = Release|Any CPU
		{9FC4C177-4CB8-4EA1-9443-647AF27BCF29}.Debug|Any CPU.ActiveCfg = Debug|Any CPU
		{9FC4C177-4CB8-4EA1-9443-647AF27BCF29}.Debug|Any CPU.Build.0 = Debug|Any CPU
		{9FC4C177-4CB8-4EA1-9443-647AF27BCF29}.Debug|x64.ActiveCfg = Debug|Any CPU
		{9FC4C177-4CB8-4EA1-9443-647AF27BCF29}.Debug|x64.Build.0 = Debug|Any CPU
		{9FC4C177-4CB8-4EA1-9443-647AF27BCF29}.Debug|x86.ActiveCfg = Debug|Any CPU
		{9FC4C177-4CB8-4EA1-9443-647AF27BCF29}.Debug|x86.Build.0 = Debug|Any CPU
		{9FC4C177-4CB8-4EA1-9443-647AF27BCF29}.Release|Any CPU.ActiveCfg = Release|Any CPU
		{9FC4C177-4CB8-4EA1-9443-647AF27BCF29}.Release|Any CPU.Build.0 = Release|Any CPU
		{9FC4C177-4CB8-4EA1-9443-647AF27BCF29}.Release|x64.ActiveCfg = Release|Any CPU
		{9FC4C177-4CB8-4EA1-9443-647AF27BCF29}.Release|x64.Build.0 = Release|Any CPU
		{9FC4C177-4CB8-4EA1-9443-647AF27BCF29}.Release|x86.ActiveCfg = Release|Any CPU
		{9FC4C177-4CB8-4EA1-9443-647AF27BCF29}.Release|x86.Build.0 = Release|Any CPU
		{6047C687-E58E-40A2-8EF2-8F3A233438B2}.Debug|Any CPU.ActiveCfg = Debug|Any CPU
		{6047C687-E58E-40A2-8EF2-8F3A233438B2}.Debug|Any CPU.Build.0 = Debug|Any CPU
		{6047C687-E58E-40A2-8EF2-8F3A233438B2}.Debug|x64.ActiveCfg = Debug|Any CPU
		{6047C687-E58E-40A2-8EF2-8F3A233438B2}.Debug|x64.Build.0 = Debug|Any CPU
		{6047C687-E58E-40A2-8EF2-8F3A233438B2}.Debug|x86.ActiveCfg = Debug|Any CPU
		{6047C687-E58E-40A2-8EF2-8F3A233438B2}.Debug|x86.Build.0 = Debug|Any CPU
		{6047C687-E58E-40A2-8EF2-8F3A233438B2}.Release|Any CPU.ActiveCfg = Release|Any CPU
		{6047C687-E58E-40A2-8EF2-8F3A233438B2}.Release|Any CPU.Build.0 = Release|Any CPU
		{6047C687-E58E-40A2-8EF2-8F3A233438B2}.Release|x64.ActiveCfg = Release|Any CPU
		{6047C687-E58E-40A2-8EF2-8F3A233438B2}.Release|x64.Build.0 = Release|Any CPU
		{6047C687-E58E-40A2-8EF2-8F3A233438B2}.Release|x86.ActiveCfg = Release|Any CPU
		{6047C687-E58E-40A2-8EF2-8F3A233438B2}.Release|x86.Build.0 = Release|Any CPU
		{C1043BE2-BFDB-434A-AF09-5C1BCD3078A7}.Debug|Any CPU.ActiveCfg = Debug|Any CPU
		{C1043BE2-BFDB-434A-AF09-5C1BCD3078A7}.Debug|Any CPU.Build.0 = Debug|Any CPU
		{C1043BE2-BFDB-434A-AF09-5C1BCD3078A7}.Debug|x64.ActiveCfg = Debug|Any CPU
		{C1043BE2-BFDB-434A-AF09-5C1BCD3078A7}.Debug|x64.Build.0 = Debug|Any CPU
		{C1043BE2-BFDB-434A-AF09-5C1BCD3078A7}.Debug|x86.ActiveCfg = Debug|Any CPU
		{C1043BE2-BFDB-434A-AF09-5C1BCD3078A7}.Debug|x86.Build.0 = Debug|Any CPU
		{C1043BE2-BFDB-434A-AF09-5C1BCD3078A7}.Release|Any CPU.ActiveCfg = Release|Any CPU
		{C1043BE2-BFDB-434A-AF09-5C1BCD3078A7}.Release|Any CPU.Build.0 = Release|Any CPU
		{C1043BE2-BFDB-434A-AF09-5C1BCD3078A7}.Release|x64.ActiveCfg = Release|Any CPU
		{C1043BE2-BFDB-434A-AF09-5C1BCD3078A7}.Release|x64.Build.0 = Release|Any CPU
		{C1043BE2-BFDB-434A-AF09-5C1BCD3078A7}.Release|x86.ActiveCfg = Release|Any CPU
		{C1043BE2-BFDB-434A-AF09-5C1BCD3078A7}.Release|x86.Build.0 = Release|Any CPU
		{B7897781-ACF0-4129-8E6A-2C894AB20675}.Debug|Any CPU.ActiveCfg = Debug|Any CPU
		{B7897781-ACF0-4129-8E6A-2C894AB20675}.Debug|Any CPU.Build.0 = Debug|Any CPU
		{B7897781-ACF0-4129-8E6A-2C894AB20675}.Debug|x64.ActiveCfg = Debug|Any CPU
		{B7897781-ACF0-4129-8E6A-2C894AB20675}.Debug|x64.Build.0 = Debug|Any CPU
		{B7897781-ACF0-4129-8E6A-2C894AB20675}.Debug|x86.ActiveCfg = Debug|Any CPU
		{B7897781-ACF0-4129-8E6A-2C894AB20675}.Debug|x86.Build.0 = Debug|Any CPU
		{B7897781-ACF0-4129-8E6A-2C894AB20675}.Release|Any CPU.ActiveCfg = Release|Any CPU
		{B7897781-ACF0-4129-8E6A-2C894AB20675}.Release|Any CPU.Build.0 = Release|Any CPU
		{B7897781-ACF0-4129-8E6A-2C894AB20675}.Release|x64.ActiveCfg = Release|Any CPU
		{B7897781-ACF0-4129-8E6A-2C894AB20675}.Release|x64.Build.0 = Release|Any CPU
		{B7897781-ACF0-4129-8E6A-2C894AB20675}.Release|x86.ActiveCfg = Release|Any CPU
		{B7897781-ACF0-4129-8E6A-2C894AB20675}.Release|x86.Build.0 = Release|Any CPU
		{3E6F1480-7574-41D1-A67D-877854BED216}.Debug|Any CPU.ActiveCfg = Debug|Any CPU
		{3E6F1480-7574-41D1-A67D-877854BED216}.Debug|Any CPU.Build.0 = Debug|Any CPU
		{3E6F1480-7574-41D1-A67D-877854BED216}.Debug|x64.ActiveCfg = Debug|Any CPU
		{3E6F1480-7574-41D1-A67D-877854BED216}.Debug|x64.Build.0 = Debug|Any CPU
		{3E6F1480-7574-41D1-A67D-877854BED216}.Debug|x86.ActiveCfg = Debug|Any CPU
		{3E6F1480-7574-41D1-A67D-877854BED216}.Debug|x86.Build.0 = Debug|Any CPU
		{3E6F1480-7574-41D1-A67D-877854BED216}.Release|Any CPU.ActiveCfg = Release|Any CPU
		{3E6F1480-7574-41D1-A67D-877854BED216}.Release|Any CPU.Build.0 = Release|Any CPU
		{3E6F1480-7574-41D1-A67D-877854BED216}.Release|x64.ActiveCfg = Release|Any CPU
		{3E6F1480-7574-41D1-A67D-877854BED216}.Release|x64.Build.0 = Release|Any CPU
		{3E6F1480-7574-41D1-A67D-877854BED216}.Release|x86.ActiveCfg = Release|Any CPU
		{3E6F1480-7574-41D1-A67D-877854BED216}.Release|x86.Build.0 = Release|Any CPU
		{68F3C47D-780D-4F90-9C21-956E6300A9BA}.Debug|Any CPU.ActiveCfg = Debug|Any CPU
		{68F3C47D-780D-4F90-9C21-956E6300A9BA}.Debug|Any CPU.Build.0 = Debug|Any CPU
		{68F3C47D-780D-4F90-9C21-956E6300A9BA}.Debug|x64.ActiveCfg = Debug|Any CPU
		{68F3C47D-780D-4F90-9C21-956E6300A9BA}.Debug|x64.Build.0 = Debug|Any CPU
		{68F3C47D-780D-4F90-9C21-956E6300A9BA}.Debug|x86.ActiveCfg = Debug|Any CPU
		{68F3C47D-780D-4F90-9C21-956E6300A9BA}.Debug|x86.Build.0 = Debug|Any CPU
		{68F3C47D-780D-4F90-9C21-956E6300A9BA}.Release|Any CPU.ActiveCfg = Release|Any CPU
		{68F3C47D-780D-4F90-9C21-956E6300A9BA}.Release|Any CPU.Build.0 = Release|Any CPU
		{68F3C47D-780D-4F90-9C21-956E6300A9BA}.Release|x64.ActiveCfg = Release|Any CPU
		{68F3C47D-780D-4F90-9C21-956E6300A9BA}.Release|x64.Build.0 = Release|Any CPU
		{68F3C47D-780D-4F90-9C21-956E6300A9BA}.Release|x86.ActiveCfg = Release|Any CPU
		{68F3C47D-780D-4F90-9C21-956E6300A9BA}.Release|x86.Build.0 = Release|Any CPU
		{1E804267-DFF5-422F-A5EE-094921BC1B66}.Debug|Any CPU.ActiveCfg = Debug|Any CPU
		{1E804267-DFF5-422F-A5EE-094921BC1B66}.Debug|Any CPU.Build.0 = Debug|Any CPU
		{1E804267-DFF5-422F-A5EE-094921BC1B66}.Debug|x64.ActiveCfg = Debug|Any CPU
		{1E804267-DFF5-422F-A5EE-094921BC1B66}.Debug|x64.Build.0 = Debug|Any CPU
		{1E804267-DFF5-422F-A5EE-094921BC1B66}.Debug|x86.ActiveCfg = Debug|Any CPU
		{1E804267-DFF5-422F-A5EE-094921BC1B66}.Debug|x86.Build.0 = Debug|Any CPU
		{1E804267-DFF5-422F-A5EE-094921BC1B66}.Release|Any CPU.ActiveCfg = Release|Any CPU
		{1E804267-DFF5-422F-A5EE-094921BC1B66}.Release|Any CPU.Build.0 = Release|Any CPU
		{1E804267-DFF5-422F-A5EE-094921BC1B66}.Release|x64.ActiveCfg = Release|Any CPU
		{1E804267-DFF5-422F-A5EE-094921BC1B66}.Release|x64.Build.0 = Release|Any CPU
		{1E804267-DFF5-422F-A5EE-094921BC1B66}.Release|x86.ActiveCfg = Release|Any CPU
		{1E804267-DFF5-422F-A5EE-094921BC1B66}.Release|x86.Build.0 = Release|Any CPU
		{47275FC8-53B4-473E-8E1D-F8B0E89F1291}.Debug|Any CPU.ActiveCfg = Debug|Any CPU
		{47275FC8-53B4-473E-8E1D-F8B0E89F1291}.Debug|Any CPU.Build.0 = Debug|Any CPU
		{47275FC8-53B4-473E-8E1D-F8B0E89F1291}.Debug|x64.ActiveCfg = Debug|Any CPU
		{47275FC8-53B4-473E-8E1D-F8B0E89F1291}.Debug|x64.Build.0 = Debug|Any CPU
		{47275FC8-53B4-473E-8E1D-F8B0E89F1291}.Debug|x86.ActiveCfg = Debug|Any CPU
		{47275FC8-53B4-473E-8E1D-F8B0E89F1291}.Debug|x86.Build.0 = Debug|Any CPU
		{47275FC8-53B4-473E-8E1D-F8B0E89F1291}.Release|Any CPU.ActiveCfg = Release|Any CPU
		{47275FC8-53B4-473E-8E1D-F8B0E89F1291}.Release|Any CPU.Build.0 = Release|Any CPU
		{47275FC8-53B4-473E-8E1D-F8B0E89F1291}.Release|x64.ActiveCfg = Release|Any CPU
		{47275FC8-53B4-473E-8E1D-F8B0E89F1291}.Release|x64.Build.0 = Release|Any CPU
		{47275FC8-53B4-473E-8E1D-F8B0E89F1291}.Release|x86.ActiveCfg = Release|Any CPU
		{47275FC8-53B4-473E-8E1D-F8B0E89F1291}.Release|x86.Build.0 = Release|Any CPU
		{798CBBC5-ECF3-4630-9A1A-393B655DEC7D}.Debug|Any CPU.ActiveCfg = Debug|Any CPU
		{798CBBC5-ECF3-4630-9A1A-393B655DEC7D}.Debug|Any CPU.Build.0 = Debug|Any CPU
		{798CBBC5-ECF3-4630-9A1A-393B655DEC7D}.Debug|x64.ActiveCfg = Debug|Any CPU
		{798CBBC5-ECF3-4630-9A1A-393B655DEC7D}.Debug|x64.Build.0 = Debug|Any CPU
		{798CBBC5-ECF3-4630-9A1A-393B655DEC7D}.Debug|x86.ActiveCfg = Debug|Any CPU
		{798CBBC5-ECF3-4630-9A1A-393B655DEC7D}.Debug|x86.Build.0 = Debug|Any CPU
		{798CBBC5-ECF3-4630-9A1A-393B655DEC7D}.Release|Any CPU.ActiveCfg = Release|Any CPU
		{798CBBC5-ECF3-4630-9A1A-393B655DEC7D}.Release|Any CPU.Build.0 = Release|Any CPU
		{798CBBC5-ECF3-4630-9A1A-393B655DEC7D}.Release|x64.ActiveCfg = Release|Any CPU
		{798CBBC5-ECF3-4630-9A1A-393B655DEC7D}.Release|x64.Build.0 = Release|Any CPU
		{798CBBC5-ECF3-4630-9A1A-393B655DEC7D}.Release|x86.ActiveCfg = Release|Any CPU
		{798CBBC5-ECF3-4630-9A1A-393B655DEC7D}.Release|x86.Build.0 = Release|Any CPU
		{63C2C751-F036-496F-A355-789BF328B31F}.Debug|Any CPU.ActiveCfg = Debug|Any CPU
		{63C2C751-F036-496F-A355-789BF328B31F}.Debug|Any CPU.Build.0 = Debug|Any CPU
		{63C2C751-F036-496F-A355-789BF328B31F}.Debug|x64.ActiveCfg = Debug|Any CPU
		{63C2C751-F036-496F-A355-789BF328B31F}.Debug|x64.Build.0 = Debug|Any CPU
		{63C2C751-F036-496F-A355-789BF328B31F}.Debug|x86.ActiveCfg = Debug|Any CPU
		{63C2C751-F036-496F-A355-789BF328B31F}.Debug|x86.Build.0 = Debug|Any CPU
		{63C2C751-F036-496F-A355-789BF328B31F}.Release|Any CPU.ActiveCfg = Release|Any CPU
		{63C2C751-F036-496F-A355-789BF328B31F}.Release|Any CPU.Build.0 = Release|Any CPU
		{63C2C751-F036-496F-A355-789BF328B31F}.Release|x64.ActiveCfg = Release|Any CPU
		{63C2C751-F036-496F-A355-789BF328B31F}.Release|x64.Build.0 = Release|Any CPU
		{63C2C751-F036-496F-A355-789BF328B31F}.Release|x86.ActiveCfg = Release|Any CPU
		{63C2C751-F036-496F-A355-789BF328B31F}.Release|x86.Build.0 = Release|Any CPU
		{71575ED1-D159-4248-AE01-86D6276A40D4}.Debug|Any CPU.ActiveCfg = Debug|Any CPU
		{71575ED1-D159-4248-AE01-86D6276A40D4}.Debug|Any CPU.Build.0 = Debug|Any CPU
		{71575ED1-D159-4248-AE01-86D6276A40D4}.Debug|x64.ActiveCfg = Debug|Any CPU
		{71575ED1-D159-4248-AE01-86D6276A40D4}.Debug|x64.Build.0 = Debug|Any CPU
		{71575ED1-D159-4248-AE01-86D6276A40D4}.Debug|x86.ActiveCfg = Debug|Any CPU
		{71575ED1-D159-4248-AE01-86D6276A40D4}.Debug|x86.Build.0 = Debug|Any CPU
		{71575ED1-D159-4248-AE01-86D6276A40D4}.Release|Any CPU.ActiveCfg = Release|Any CPU
		{71575ED1-D159-4248-AE01-86D6276A40D4}.Release|Any CPU.Build.0 = Release|Any CPU
		{71575ED1-D159-4248-AE01-86D6276A40D4}.Release|x64.ActiveCfg = Release|Any CPU
		{71575ED1-D159-4248-AE01-86D6276A40D4}.Release|x64.Build.0 = Release|Any CPU
		{71575ED1-D159-4248-AE01-86D6276A40D4}.Release|x86.ActiveCfg = Release|Any CPU
		{71575ED1-D159-4248-AE01-86D6276A40D4}.Release|x86.Build.0 = Release|Any CPU
		{AC24D98C-EC48-4E7F-A897-D4144A7E80B4}.Debug|Any CPU.ActiveCfg = Debug|Any CPU
		{AC24D98C-EC48-4E7F-A897-D4144A7E80B4}.Debug|Any CPU.Build.0 = Debug|Any CPU
		{AC24D98C-EC48-4E7F-A897-D4144A7E80B4}.Debug|x64.ActiveCfg = Debug|Any CPU
		{AC24D98C-EC48-4E7F-A897-D4144A7E80B4}.Debug|x64.Build.0 = Debug|Any CPU
		{AC24D98C-EC48-4E7F-A897-D4144A7E80B4}.Debug|x86.ActiveCfg = Debug|Any CPU
		{AC24D98C-EC48-4E7F-A897-D4144A7E80B4}.Debug|x86.Build.0 = Debug|Any CPU
		{AC24D98C-EC48-4E7F-A897-D4144A7E80B4}.Release|Any CPU.ActiveCfg = Release|Any CPU
		{AC24D98C-EC48-4E7F-A897-D4144A7E80B4}.Release|Any CPU.Build.0 = Release|Any CPU
		{AC24D98C-EC48-4E7F-A897-D4144A7E80B4}.Release|x64.ActiveCfg = Release|Any CPU
		{AC24D98C-EC48-4E7F-A897-D4144A7E80B4}.Release|x64.Build.0 = Release|Any CPU
		{AC24D98C-EC48-4E7F-A897-D4144A7E80B4}.Release|x86.ActiveCfg = Release|Any CPU
		{AC24D98C-EC48-4E7F-A897-D4144A7E80B4}.Release|x86.Build.0 = Release|Any CPU
		{C6AF5B41-1EC5-43BB-97F8-65172BFD3699}.Debug|Any CPU.ActiveCfg = Debug|Any CPU
		{C6AF5B41-1EC5-43BB-97F8-65172BFD3699}.Debug|Any CPU.Build.0 = Debug|Any CPU
		{C6AF5B41-1EC5-43BB-97F8-65172BFD3699}.Debug|x64.ActiveCfg = Debug|Any CPU
		{C6AF5B41-1EC5-43BB-97F8-65172BFD3699}.Debug|x64.Build.0 = Debug|Any CPU
		{C6AF5B41-1EC5-43BB-97F8-65172BFD3699}.Debug|x86.ActiveCfg = Debug|Any CPU
		{C6AF5B41-1EC5-43BB-97F8-65172BFD3699}.Debug|x86.Build.0 = Debug|Any CPU
		{C6AF5B41-1EC5-43BB-97F8-65172BFD3699}.Release|Any CPU.ActiveCfg = Release|Any CPU
		{C6AF5B41-1EC5-43BB-97F8-65172BFD3699}.Release|Any CPU.Build.0 = Release|Any CPU
		{C6AF5B41-1EC5-43BB-97F8-65172BFD3699}.Release|x64.ActiveCfg = Release|Any CPU
		{C6AF5B41-1EC5-43BB-97F8-65172BFD3699}.Release|x64.Build.0 = Release|Any CPU
		{C6AF5B41-1EC5-43BB-97F8-65172BFD3699}.Release|x86.ActiveCfg = Release|Any CPU
		{C6AF5B41-1EC5-43BB-97F8-65172BFD3699}.Release|x86.Build.0 = Release|Any CPU
		{414DC681-018A-4D70-B37A-D2C8DEA0BB43}.Debug|Any CPU.ActiveCfg = Debug|Any CPU
		{414DC681-018A-4D70-B37A-D2C8DEA0BB43}.Debug|Any CPU.Build.0 = Debug|Any CPU
		{414DC681-018A-4D70-B37A-D2C8DEA0BB43}.Debug|x64.ActiveCfg = Debug|Any CPU
		{414DC681-018A-4D70-B37A-D2C8DEA0BB43}.Debug|x64.Build.0 = Debug|Any CPU
		{414DC681-018A-4D70-B37A-D2C8DEA0BB43}.Debug|x86.ActiveCfg = Debug|Any CPU
		{414DC681-018A-4D70-B37A-D2C8DEA0BB43}.Debug|x86.Build.0 = Debug|Any CPU
		{414DC681-018A-4D70-B37A-D2C8DEA0BB43}.Release|Any CPU.ActiveCfg = Release|Any CPU
		{414DC681-018A-4D70-B37A-D2C8DEA0BB43}.Release|Any CPU.Build.0 = Release|Any CPU
		{414DC681-018A-4D70-B37A-D2C8DEA0BB43}.Release|x64.ActiveCfg = Release|Any CPU
		{414DC681-018A-4D70-B37A-D2C8DEA0BB43}.Release|x64.Build.0 = Release|Any CPU
		{414DC681-018A-4D70-B37A-D2C8DEA0BB43}.Release|x86.ActiveCfg = Release|Any CPU
		{414DC681-018A-4D70-B37A-D2C8DEA0BB43}.Release|x86.Build.0 = Release|Any CPU
		{009A9860-0D25-4BCC-A509-9607472C8F49}.Debug|Any CPU.ActiveCfg = Debug|Any CPU
		{009A9860-0D25-4BCC-A509-9607472C8F49}.Debug|Any CPU.Build.0 = Debug|Any CPU
		{009A9860-0D25-4BCC-A509-9607472C8F49}.Debug|x64.ActiveCfg = Debug|Any CPU
		{009A9860-0D25-4BCC-A509-9607472C8F49}.Debug|x64.Build.0 = Debug|Any CPU
		{009A9860-0D25-4BCC-A509-9607472C8F49}.Debug|x86.ActiveCfg = Debug|Any CPU
		{009A9860-0D25-4BCC-A509-9607472C8F49}.Debug|x86.Build.0 = Debug|Any CPU
		{009A9860-0D25-4BCC-A509-9607472C8F49}.Release|Any CPU.ActiveCfg = Release|Any CPU
		{009A9860-0D25-4BCC-A509-9607472C8F49}.Release|Any CPU.Build.0 = Release|Any CPU
		{009A9860-0D25-4BCC-A509-9607472C8F49}.Release|x64.ActiveCfg = Release|Any CPU
		{009A9860-0D25-4BCC-A509-9607472C8F49}.Release|x64.Build.0 = Release|Any CPU
		{009A9860-0D25-4BCC-A509-9607472C8F49}.Release|x86.ActiveCfg = Release|Any CPU
		{009A9860-0D25-4BCC-A509-9607472C8F49}.Release|x86.Build.0 = Release|Any CPU
		{6358C2CD-6712-40A1-A729-F16D799A5478}.Debug|Any CPU.ActiveCfg = Debug|Any CPU
		{6358C2CD-6712-40A1-A729-F16D799A5478}.Debug|Any CPU.Build.0 = Debug|Any CPU
		{6358C2CD-6712-40A1-A729-F16D799A5478}.Debug|x64.ActiveCfg = Debug|Any CPU
		{6358C2CD-6712-40A1-A729-F16D799A5478}.Debug|x64.Build.0 = Debug|Any CPU
		{6358C2CD-6712-40A1-A729-F16D799A5478}.Debug|x86.ActiveCfg = Debug|Any CPU
		{6358C2CD-6712-40A1-A729-F16D799A5478}.Debug|x86.Build.0 = Debug|Any CPU
		{6358C2CD-6712-40A1-A729-F16D799A5478}.Release|Any CPU.ActiveCfg = Release|Any CPU
		{6358C2CD-6712-40A1-A729-F16D799A5478}.Release|Any CPU.Build.0 = Release|Any CPU
		{6358C2CD-6712-40A1-A729-F16D799A5478}.Release|x64.ActiveCfg = Release|Any CPU
		{6358C2CD-6712-40A1-A729-F16D799A5478}.Release|x64.Build.0 = Release|Any CPU
		{6358C2CD-6712-40A1-A729-F16D799A5478}.Release|x86.ActiveCfg = Release|Any CPU
		{6358C2CD-6712-40A1-A729-F16D799A5478}.Release|x86.Build.0 = Release|Any CPU
		{3D2B93FB-3084-453C-9085-EBAB1212B162}.Debug|Any CPU.ActiveCfg = Debug|Any CPU
		{3D2B93FB-3084-453C-9085-EBAB1212B162}.Debug|Any CPU.Build.0 = Debug|Any CPU
		{3D2B93FB-3084-453C-9085-EBAB1212B162}.Debug|x64.ActiveCfg = Debug|Any CPU
		{3D2B93FB-3084-453C-9085-EBAB1212B162}.Debug|x64.Build.0 = Debug|Any CPU
		{3D2B93FB-3084-453C-9085-EBAB1212B162}.Debug|x86.ActiveCfg = Debug|Any CPU
		{3D2B93FB-3084-453C-9085-EBAB1212B162}.Debug|x86.Build.0 = Debug|Any CPU
		{3D2B93FB-3084-453C-9085-EBAB1212B162}.Release|Any CPU.ActiveCfg = Release|Any CPU
		{3D2B93FB-3084-453C-9085-EBAB1212B162}.Release|Any CPU.Build.0 = Release|Any CPU
		{3D2B93FB-3084-453C-9085-EBAB1212B162}.Release|x64.ActiveCfg = Release|Any CPU
		{3D2B93FB-3084-453C-9085-EBAB1212B162}.Release|x64.Build.0 = Release|Any CPU
		{3D2B93FB-3084-453C-9085-EBAB1212B162}.Release|x86.ActiveCfg = Release|Any CPU
		{3D2B93FB-3084-453C-9085-EBAB1212B162}.Release|x86.Build.0 = Release|Any CPU
		{8C1F90A9-15B3-4CC0-9326-83A760CC39EE}.Debug|Any CPU.ActiveCfg = Debug|Any CPU
		{8C1F90A9-15B3-4CC0-9326-83A760CC39EE}.Debug|Any CPU.Build.0 = Debug|Any CPU
		{8C1F90A9-15B3-4CC0-9326-83A760CC39EE}.Debug|x64.ActiveCfg = Debug|Any CPU
		{8C1F90A9-15B3-4CC0-9326-83A760CC39EE}.Debug|x64.Build.0 = Debug|Any CPU
		{8C1F90A9-15B3-4CC0-9326-83A760CC39EE}.Debug|x86.ActiveCfg = Debug|Any CPU
		{8C1F90A9-15B3-4CC0-9326-83A760CC39EE}.Debug|x86.Build.0 = Debug|Any CPU
		{8C1F90A9-15B3-4CC0-9326-83A760CC39EE}.Release|Any CPU.ActiveCfg = Release|Any CPU
		{8C1F90A9-15B3-4CC0-9326-83A760CC39EE}.Release|Any CPU.Build.0 = Release|Any CPU
		{8C1F90A9-15B3-4CC0-9326-83A760CC39EE}.Release|x64.ActiveCfg = Release|Any CPU
		{8C1F90A9-15B3-4CC0-9326-83A760CC39EE}.Release|x64.Build.0 = Release|Any CPU
		{8C1F90A9-15B3-4CC0-9326-83A760CC39EE}.Release|x86.ActiveCfg = Release|Any CPU
		{8C1F90A9-15B3-4CC0-9326-83A760CC39EE}.Release|x86.Build.0 = Release|Any CPU
		{5115590C-2DDC-4CFB-9820-CF4679AA6A3E}.Debug|Any CPU.ActiveCfg = Debug|Any CPU
		{5115590C-2DDC-4CFB-9820-CF4679AA6A3E}.Debug|Any CPU.Build.0 = Debug|Any CPU
		{5115590C-2DDC-4CFB-9820-CF4679AA6A3E}.Debug|x64.ActiveCfg = Debug|Any CPU
		{5115590C-2DDC-4CFB-9820-CF4679AA6A3E}.Debug|x64.Build.0 = Debug|Any CPU
		{5115590C-2DDC-4CFB-9820-CF4679AA6A3E}.Debug|x86.ActiveCfg = Debug|Any CPU
		{5115590C-2DDC-4CFB-9820-CF4679AA6A3E}.Debug|x86.Build.0 = Debug|Any CPU
		{5115590C-2DDC-4CFB-9820-CF4679AA6A3E}.Release|Any CPU.ActiveCfg = Release|Any CPU
		{5115590C-2DDC-4CFB-9820-CF4679AA6A3E}.Release|Any CPU.Build.0 = Release|Any CPU
		{5115590C-2DDC-4CFB-9820-CF4679AA6A3E}.Release|x64.ActiveCfg = Release|Any CPU
		{5115590C-2DDC-4CFB-9820-CF4679AA6A3E}.Release|x64.Build.0 = Release|Any CPU
		{5115590C-2DDC-4CFB-9820-CF4679AA6A3E}.Release|x86.ActiveCfg = Release|Any CPU
		{5115590C-2DDC-4CFB-9820-CF4679AA6A3E}.Release|x86.Build.0 = Release|Any CPU
		{A0B5424F-A34E-40A9-8A91-7B889DF102B0}.Debug|Any CPU.ActiveCfg = Debug|Any CPU
		{A0B5424F-A34E-40A9-8A91-7B889DF102B0}.Debug|Any CPU.Build.0 = Debug|Any CPU
		{A0B5424F-A34E-40A9-8A91-7B889DF102B0}.Debug|x64.ActiveCfg = Debug|Any CPU
		{A0B5424F-A34E-40A9-8A91-7B889DF102B0}.Debug|x64.Build.0 = Debug|Any CPU
		{A0B5424F-A34E-40A9-8A91-7B889DF102B0}.Debug|x86.ActiveCfg = Debug|Any CPU
		{A0B5424F-A34E-40A9-8A91-7B889DF102B0}.Debug|x86.Build.0 = Debug|Any CPU
		{A0B5424F-A34E-40A9-8A91-7B889DF102B0}.Release|Any CPU.ActiveCfg = Release|Any CPU
		{A0B5424F-A34E-40A9-8A91-7B889DF102B0}.Release|Any CPU.Build.0 = Release|Any CPU
		{A0B5424F-A34E-40A9-8A91-7B889DF102B0}.Release|x64.ActiveCfg = Release|Any CPU
		{A0B5424F-A34E-40A9-8A91-7B889DF102B0}.Release|x64.Build.0 = Release|Any CPU
		{A0B5424F-A34E-40A9-8A91-7B889DF102B0}.Release|x86.ActiveCfg = Release|Any CPU
		{A0B5424F-A34E-40A9-8A91-7B889DF102B0}.Release|x86.Build.0 = Release|Any CPU
		{F4ED8F31-86FC-43D7-B647-A9FB305B4693}.Debug|Any CPU.ActiveCfg = Debug|Any CPU
		{F4ED8F31-86FC-43D7-B647-A9FB305B4693}.Debug|Any CPU.Build.0 = Debug|Any CPU
		{F4ED8F31-86FC-43D7-B647-A9FB305B4693}.Debug|x64.ActiveCfg = Debug|Any CPU
		{F4ED8F31-86FC-43D7-B647-A9FB305B4693}.Debug|x64.Build.0 = Debug|Any CPU
		{F4ED8F31-86FC-43D7-B647-A9FB305B4693}.Debug|x86.ActiveCfg = Debug|Any CPU
		{F4ED8F31-86FC-43D7-B647-A9FB305B4693}.Debug|x86.Build.0 = Debug|Any CPU
		{F4ED8F31-86FC-43D7-B647-A9FB305B4693}.Release|Any CPU.ActiveCfg = Release|Any CPU
		{F4ED8F31-86FC-43D7-B647-A9FB305B4693}.Release|Any CPU.Build.0 = Release|Any CPU
		{F4ED8F31-86FC-43D7-B647-A9FB305B4693}.Release|x64.ActiveCfg = Release|Any CPU
		{F4ED8F31-86FC-43D7-B647-A9FB305B4693}.Release|x64.Build.0 = Release|Any CPU
		{F4ED8F31-86FC-43D7-B647-A9FB305B4693}.Release|x86.ActiveCfg = Release|Any CPU
		{F4ED8F31-86FC-43D7-B647-A9FB305B4693}.Release|x86.Build.0 = Release|Any CPU
		{53E12D78-864C-42A4-B434-16DEA2A26A8B}.Debug|Any CPU.ActiveCfg = Debug|Any CPU
		{53E12D78-864C-42A4-B434-16DEA2A26A8B}.Debug|Any CPU.Build.0 = Debug|Any CPU
		{53E12D78-864C-42A4-B434-16DEA2A26A8B}.Debug|x64.ActiveCfg = Debug|x64
		{53E12D78-864C-42A4-B434-16DEA2A26A8B}.Debug|x64.Build.0 = Debug|x64
		{53E12D78-864C-42A4-B434-16DEA2A26A8B}.Debug|x86.ActiveCfg = Debug|Any CPU
		{53E12D78-864C-42A4-B434-16DEA2A26A8B}.Debug|x86.Build.0 = Debug|Any CPU
		{53E12D78-864C-42A4-B434-16DEA2A26A8B}.Release|Any CPU.ActiveCfg = Release|Any CPU
		{53E12D78-864C-42A4-B434-16DEA2A26A8B}.Release|Any CPU.Build.0 = Release|Any CPU
		{53E12D78-864C-42A4-B434-16DEA2A26A8B}.Release|x64.ActiveCfg = Release|x64
		{53E12D78-864C-42A4-B434-16DEA2A26A8B}.Release|x64.Build.0 = Release|x64
		{53E12D78-864C-42A4-B434-16DEA2A26A8B}.Release|x86.ActiveCfg = Release|Any CPU
		{53E12D78-864C-42A4-B434-16DEA2A26A8B}.Release|x86.Build.0 = Release|Any CPU
		{3B5BE145-8A2A-49BF-B612-59772F441523}.Debug|Any CPU.ActiveCfg = Debug|Any CPU
		{3B5BE145-8A2A-49BF-B612-59772F441523}.Debug|Any CPU.Build.0 = Debug|Any CPU
		{3B5BE145-8A2A-49BF-B612-59772F441523}.Debug|x64.ActiveCfg = Debug|Any CPU
		{3B5BE145-8A2A-49BF-B612-59772F441523}.Debug|x64.Build.0 = Debug|Any CPU
		{3B5BE145-8A2A-49BF-B612-59772F441523}.Debug|x86.ActiveCfg = Debug|Any CPU
		{3B5BE145-8A2A-49BF-B612-59772F441523}.Debug|x86.Build.0 = Debug|Any CPU
		{3B5BE145-8A2A-49BF-B612-59772F441523}.Release|Any CPU.ActiveCfg = Release|Any CPU
		{3B5BE145-8A2A-49BF-B612-59772F441523}.Release|Any CPU.Build.0 = Release|Any CPU
		{3B5BE145-8A2A-49BF-B612-59772F441523}.Release|x64.ActiveCfg = Release|Any CPU
		{3B5BE145-8A2A-49BF-B612-59772F441523}.Release|x64.Build.0 = Release|Any CPU
		{3B5BE145-8A2A-49BF-B612-59772F441523}.Release|x86.ActiveCfg = Release|Any CPU
		{3B5BE145-8A2A-49BF-B612-59772F441523}.Release|x86.Build.0 = Release|Any CPU
		{AFE930AE-FB3B-4F01-8F89-4F797A008F8C}.Debug|Any CPU.ActiveCfg = Debug|Any CPU
		{AFE930AE-FB3B-4F01-8F89-4F797A008F8C}.Debug|Any CPU.Build.0 = Debug|Any CPU
		{AFE930AE-FB3B-4F01-8F89-4F797A008F8C}.Debug|x64.ActiveCfg = Debug|x64
		{AFE930AE-FB3B-4F01-8F89-4F797A008F8C}.Debug|x64.Build.0 = Debug|x64
		{AFE930AE-FB3B-4F01-8F89-4F797A008F8C}.Debug|x86.ActiveCfg = Debug|Any CPU
		{AFE930AE-FB3B-4F01-8F89-4F797A008F8C}.Debug|x86.Build.0 = Debug|Any CPU
		{AFE930AE-FB3B-4F01-8F89-4F797A008F8C}.Release|Any CPU.ActiveCfg = Release|Any CPU
		{AFE930AE-FB3B-4F01-8F89-4F797A008F8C}.Release|Any CPU.Build.0 = Release|Any CPU
		{AFE930AE-FB3B-4F01-8F89-4F797A008F8C}.Release|x64.ActiveCfg = Release|x64
		{AFE930AE-FB3B-4F01-8F89-4F797A008F8C}.Release|x64.Build.0 = Release|x64
		{AFE930AE-FB3B-4F01-8F89-4F797A008F8C}.Release|x86.ActiveCfg = Release|Any CPU
		{AFE930AE-FB3B-4F01-8F89-4F797A008F8C}.Release|x86.Build.0 = Release|Any CPU
		{C90B8B8D-70E1-4DC1-9A34-8478CE645259}.Debug|Any CPU.ActiveCfg = Debug|Any CPU
		{C90B8B8D-70E1-4DC1-9A34-8478CE645259}.Debug|Any CPU.Build.0 = Debug|Any CPU
		{C90B8B8D-70E1-4DC1-9A34-8478CE645259}.Debug|x64.ActiveCfg = Debug|Any CPU
		{C90B8B8D-70E1-4DC1-9A34-8478CE645259}.Debug|x64.Build.0 = Debug|Any CPU
		{C90B8B8D-70E1-4DC1-9A34-8478CE645259}.Debug|x86.ActiveCfg = Debug|Any CPU
		{C90B8B8D-70E1-4DC1-9A34-8478CE645259}.Debug|x86.Build.0 = Debug|Any CPU
		{C90B8B8D-70E1-4DC1-9A34-8478CE645259}.Release|Any CPU.ActiveCfg = Release|Any CPU
		{C90B8B8D-70E1-4DC1-9A34-8478CE645259}.Release|Any CPU.Build.0 = Release|Any CPU
		{C90B8B8D-70E1-4DC1-9A34-8478CE645259}.Release|x64.ActiveCfg = Release|Any CPU
		{C90B8B8D-70E1-4DC1-9A34-8478CE645259}.Release|x64.Build.0 = Release|Any CPU
		{C90B8B8D-70E1-4DC1-9A34-8478CE645259}.Release|x86.ActiveCfg = Release|Any CPU
		{C90B8B8D-70E1-4DC1-9A34-8478CE645259}.Release|x86.Build.0 = Release|Any CPU
		{B0AF2151-4E78-4648-9ED7-31ED1B2EA6E7}.Debug|Any CPU.ActiveCfg = Debug|Any CPU
		{B0AF2151-4E78-4648-9ED7-31ED1B2EA6E7}.Debug|Any CPU.Build.0 = Debug|Any CPU
		{B0AF2151-4E78-4648-9ED7-31ED1B2EA6E7}.Debug|x64.ActiveCfg = Debug|Any CPU
		{B0AF2151-4E78-4648-9ED7-31ED1B2EA6E7}.Debug|x64.Build.0 = Debug|Any CPU
		{B0AF2151-4E78-4648-9ED7-31ED1B2EA6E7}.Debug|x86.ActiveCfg = Debug|Any CPU
		{B0AF2151-4E78-4648-9ED7-31ED1B2EA6E7}.Debug|x86.Build.0 = Debug|Any CPU
		{B0AF2151-4E78-4648-9ED7-31ED1B2EA6E7}.Release|Any CPU.ActiveCfg = Release|Any CPU
		{B0AF2151-4E78-4648-9ED7-31ED1B2EA6E7}.Release|Any CPU.Build.0 = Release|Any CPU
		{B0AF2151-4E78-4648-9ED7-31ED1B2EA6E7}.Release|x64.ActiveCfg = Release|Any CPU
		{B0AF2151-4E78-4648-9ED7-31ED1B2EA6E7}.Release|x64.Build.0 = Release|Any CPU
		{B0AF2151-4E78-4648-9ED7-31ED1B2EA6E7}.Release|x86.ActiveCfg = Release|Any CPU
		{B0AF2151-4E78-4648-9ED7-31ED1B2EA6E7}.Release|x86.Build.0 = Release|Any CPU
		{4288DBC2-628A-4AC9-ACDC-BF17BA712342}.Debug|Any CPU.ActiveCfg = Debug|Any CPU
		{4288DBC2-628A-4AC9-ACDC-BF17BA712342}.Debug|Any CPU.Build.0 = Debug|Any CPU
		{4288DBC2-628A-4AC9-ACDC-BF17BA712342}.Debug|x64.ActiveCfg = Debug|Any CPU
		{4288DBC2-628A-4AC9-ACDC-BF17BA712342}.Debug|x64.Build.0 = Debug|Any CPU
		{4288DBC2-628A-4AC9-ACDC-BF17BA712342}.Debug|x86.ActiveCfg = Debug|Any CPU
		{4288DBC2-628A-4AC9-ACDC-BF17BA712342}.Debug|x86.Build.0 = Debug|Any CPU
		{4288DBC2-628A-4AC9-ACDC-BF17BA712342}.Release|Any CPU.ActiveCfg = Release|Any CPU
		{4288DBC2-628A-4AC9-ACDC-BF17BA712342}.Release|Any CPU.Build.0 = Release|Any CPU
		{4288DBC2-628A-4AC9-ACDC-BF17BA712342}.Release|x64.ActiveCfg = Release|Any CPU
		{4288DBC2-628A-4AC9-ACDC-BF17BA712342}.Release|x64.Build.0 = Release|Any CPU
		{4288DBC2-628A-4AC9-ACDC-BF17BA712342}.Release|x86.ActiveCfg = Release|Any CPU
		{4288DBC2-628A-4AC9-ACDC-BF17BA712342}.Release|x86.Build.0 = Release|Any CPU
		{9897244F-E13B-4428-A909-47B2B2931219}.Debug|Any CPU.ActiveCfg = Debug|Any CPU
		{9897244F-E13B-4428-A909-47B2B2931219}.Debug|Any CPU.Build.0 = Debug|Any CPU
		{9897244F-E13B-4428-A909-47B2B2931219}.Debug|x64.ActiveCfg = Debug|Any CPU
		{9897244F-E13B-4428-A909-47B2B2931219}.Debug|x64.Build.0 = Debug|Any CPU
		{9897244F-E13B-4428-A909-47B2B2931219}.Debug|x86.ActiveCfg = Debug|Any CPU
		{9897244F-E13B-4428-A909-47B2B2931219}.Debug|x86.Build.0 = Debug|Any CPU
		{9897244F-E13B-4428-A909-47B2B2931219}.Release|Any CPU.ActiveCfg = Release|Any CPU
		{9897244F-E13B-4428-A909-47B2B2931219}.Release|Any CPU.Build.0 = Release|Any CPU
		{9897244F-E13B-4428-A909-47B2B2931219}.Release|x64.ActiveCfg = Release|Any CPU
		{9897244F-E13B-4428-A909-47B2B2931219}.Release|x64.Build.0 = Release|Any CPU
		{9897244F-E13B-4428-A909-47B2B2931219}.Release|x86.ActiveCfg = Release|Any CPU
		{9897244F-E13B-4428-A909-47B2B2931219}.Release|x86.Build.0 = Release|Any CPU
		{9AB09791-EDE5-4BC9-BF4C-8A213963F734}.Debug|Any CPU.ActiveCfg = Debug|Any CPU
		{9AB09791-EDE5-4BC9-BF4C-8A213963F734}.Debug|Any CPU.Build.0 = Debug|Any CPU
		{9AB09791-EDE5-4BC9-BF4C-8A213963F734}.Debug|x64.ActiveCfg = Debug|Any CPU
		{9AB09791-EDE5-4BC9-BF4C-8A213963F734}.Debug|x64.Build.0 = Debug|Any CPU
		{9AB09791-EDE5-4BC9-BF4C-8A213963F734}.Debug|x86.ActiveCfg = Debug|Any CPU
		{9AB09791-EDE5-4BC9-BF4C-8A213963F734}.Debug|x86.Build.0 = Debug|Any CPU
		{9AB09791-EDE5-4BC9-BF4C-8A213963F734}.Release|Any CPU.ActiveCfg = Release|Any CPU
		{9AB09791-EDE5-4BC9-BF4C-8A213963F734}.Release|Any CPU.Build.0 = Release|Any CPU
		{9AB09791-EDE5-4BC9-BF4C-8A213963F734}.Release|x64.ActiveCfg = Release|Any CPU
		{9AB09791-EDE5-4BC9-BF4C-8A213963F734}.Release|x64.Build.0 = Release|Any CPU
		{9AB09791-EDE5-4BC9-BF4C-8A213963F734}.Release|x86.ActiveCfg = Release|Any CPU
		{9AB09791-EDE5-4BC9-BF4C-8A213963F734}.Release|x86.Build.0 = Release|Any CPU
		{E444DF96-8C16-46B9-B212-2E5341233FD7}.Debug|Any CPU.ActiveCfg = Debug|Any CPU
		{E444DF96-8C16-46B9-B212-2E5341233FD7}.Debug|Any CPU.Build.0 = Debug|Any CPU
		{E444DF96-8C16-46B9-B212-2E5341233FD7}.Debug|x64.ActiveCfg = Debug|Any CPU
		{E444DF96-8C16-46B9-B212-2E5341233FD7}.Debug|x64.Build.0 = Debug|Any CPU
		{E444DF96-8C16-46B9-B212-2E5341233FD7}.Debug|x86.ActiveCfg = Debug|Any CPU
		{E444DF96-8C16-46B9-B212-2E5341233FD7}.Debug|x86.Build.0 = Debug|Any CPU
		{E444DF96-8C16-46B9-B212-2E5341233FD7}.Release|Any CPU.ActiveCfg = Release|Any CPU
		{E444DF96-8C16-46B9-B212-2E5341233FD7}.Release|Any CPU.Build.0 = Release|Any CPU
		{E444DF96-8C16-46B9-B212-2E5341233FD7}.Release|x64.ActiveCfg = Release|Any CPU
		{E444DF96-8C16-46B9-B212-2E5341233FD7}.Release|x64.Build.0 = Release|Any CPU
		{E444DF96-8C16-46B9-B212-2E5341233FD7}.Release|x86.ActiveCfg = Release|Any CPU
		{E444DF96-8C16-46B9-B212-2E5341233FD7}.Release|x86.Build.0 = Release|Any CPU
		{84A4E7D6-6FF3-45FD-98C6-91F13E3D5382}.Debug|Any CPU.ActiveCfg = Debug|Any CPU
		{84A4E7D6-6FF3-45FD-98C6-91F13E3D5382}.Debug|Any CPU.Build.0 = Debug|Any CPU
		{84A4E7D6-6FF3-45FD-98C6-91F13E3D5382}.Debug|x64.ActiveCfg = Debug|Any CPU
		{84A4E7D6-6FF3-45FD-98C6-91F13E3D5382}.Debug|x64.Build.0 = Debug|Any CPU
		{84A4E7D6-6FF3-45FD-98C6-91F13E3D5382}.Debug|x86.ActiveCfg = Debug|Any CPU
		{84A4E7D6-6FF3-45FD-98C6-91F13E3D5382}.Debug|x86.Build.0 = Debug|Any CPU
		{84A4E7D6-6FF3-45FD-98C6-91F13E3D5382}.Release|Any CPU.ActiveCfg = Release|Any CPU
		{84A4E7D6-6FF3-45FD-98C6-91F13E3D5382}.Release|Any CPU.Build.0 = Release|Any CPU
		{84A4E7D6-6FF3-45FD-98C6-91F13E3D5382}.Release|x64.ActiveCfg = Release|Any CPU
		{84A4E7D6-6FF3-45FD-98C6-91F13E3D5382}.Release|x64.Build.0 = Release|Any CPU
		{84A4E7D6-6FF3-45FD-98C6-91F13E3D5382}.Release|x86.ActiveCfg = Release|Any CPU
		{84A4E7D6-6FF3-45FD-98C6-91F13E3D5382}.Release|x86.Build.0 = Release|Any CPU
		{17B6CF62-5381-4E42-A930-6C51F0F8A2D2}.Debug|Any CPU.ActiveCfg = Debug|Any CPU
		{17B6CF62-5381-4E42-A930-6C51F0F8A2D2}.Debug|Any CPU.Build.0 = Debug|Any CPU
		{17B6CF62-5381-4E42-A930-6C51F0F8A2D2}.Debug|x64.ActiveCfg = Debug|Any CPU
		{17B6CF62-5381-4E42-A930-6C51F0F8A2D2}.Debug|x64.Build.0 = Debug|Any CPU
		{17B6CF62-5381-4E42-A930-6C51F0F8A2D2}.Debug|x86.ActiveCfg = Debug|Any CPU
		{17B6CF62-5381-4E42-A930-6C51F0F8A2D2}.Debug|x86.Build.0 = Debug|Any CPU
		{17B6CF62-5381-4E42-A930-6C51F0F8A2D2}.Release|Any CPU.ActiveCfg = Release|Any CPU
		{17B6CF62-5381-4E42-A930-6C51F0F8A2D2}.Release|Any CPU.Build.0 = Release|Any CPU
		{17B6CF62-5381-4E42-A930-6C51F0F8A2D2}.Release|x64.ActiveCfg = Release|Any CPU
		{17B6CF62-5381-4E42-A930-6C51F0F8A2D2}.Release|x64.Build.0 = Release|Any CPU
		{17B6CF62-5381-4E42-A930-6C51F0F8A2D2}.Release|x86.ActiveCfg = Release|Any CPU
		{17B6CF62-5381-4E42-A930-6C51F0F8A2D2}.Release|x86.Build.0 = Release|Any CPU
		{B543B990-0747-4325-926C-C50C3C43AE05}.Debug|Any CPU.ActiveCfg = Debug|Any CPU
		{B543B990-0747-4325-926C-C50C3C43AE05}.Debug|Any CPU.Build.0 = Debug|Any CPU
		{B543B990-0747-4325-926C-C50C3C43AE05}.Debug|x64.ActiveCfg = Debug|Any CPU
		{B543B990-0747-4325-926C-C50C3C43AE05}.Debug|x64.Build.0 = Debug|Any CPU
		{B543B990-0747-4325-926C-C50C3C43AE05}.Debug|x86.ActiveCfg = Debug|Any CPU
		{B543B990-0747-4325-926C-C50C3C43AE05}.Debug|x86.Build.0 = Debug|Any CPU
		{B543B990-0747-4325-926C-C50C3C43AE05}.Release|Any CPU.ActiveCfg = Release|Any CPU
		{B543B990-0747-4325-926C-C50C3C43AE05}.Release|Any CPU.Build.0 = Release|Any CPU
		{B543B990-0747-4325-926C-C50C3C43AE05}.Release|x64.ActiveCfg = Release|Any CPU
		{B543B990-0747-4325-926C-C50C3C43AE05}.Release|x64.Build.0 = Release|Any CPU
		{B543B990-0747-4325-926C-C50C3C43AE05}.Release|x86.ActiveCfg = Release|Any CPU
		{B543B990-0747-4325-926C-C50C3C43AE05}.Release|x86.Build.0 = Release|Any CPU
		{2670A62E-0DAF-4B41-B4FA-63DA4ABD8FE8}.Debug|Any CPU.ActiveCfg = Debug|Any CPU
		{2670A62E-0DAF-4B41-B4FA-63DA4ABD8FE8}.Debug|Any CPU.Build.0 = Debug|Any CPU
		{2670A62E-0DAF-4B41-B4FA-63DA4ABD8FE8}.Debug|x64.ActiveCfg = Debug|Any CPU
		{2670A62E-0DAF-4B41-B4FA-63DA4ABD8FE8}.Debug|x64.Build.0 = Debug|Any CPU
		{2670A62E-0DAF-4B41-B4FA-63DA4ABD8FE8}.Debug|x86.ActiveCfg = Debug|Any CPU
		{2670A62E-0DAF-4B41-B4FA-63DA4ABD8FE8}.Debug|x86.Build.0 = Debug|Any CPU
		{2670A62E-0DAF-4B41-B4FA-63DA4ABD8FE8}.Release|Any CPU.ActiveCfg = Release|Any CPU
		{2670A62E-0DAF-4B41-B4FA-63DA4ABD8FE8}.Release|Any CPU.Build.0 = Release|Any CPU
		{2670A62E-0DAF-4B41-B4FA-63DA4ABD8FE8}.Release|x64.ActiveCfg = Release|Any CPU
		{2670A62E-0DAF-4B41-B4FA-63DA4ABD8FE8}.Release|x64.Build.0 = Release|Any CPU
		{2670A62E-0DAF-4B41-B4FA-63DA4ABD8FE8}.Release|x86.ActiveCfg = Release|Any CPU
		{2670A62E-0DAF-4B41-B4FA-63DA4ABD8FE8}.Release|x86.Build.0 = Release|Any CPU
		{36EC2F55-89A1-4BE2-9C9B-0ACF23935DA1}.Debug|Any CPU.ActiveCfg = Debug|Any CPU
		{36EC2F55-89A1-4BE2-9C9B-0ACF23935DA1}.Debug|Any CPU.Build.0 = Debug|Any CPU
		{36EC2F55-89A1-4BE2-9C9B-0ACF23935DA1}.Debug|x64.ActiveCfg = Debug|Any CPU
		{36EC2F55-89A1-4BE2-9C9B-0ACF23935DA1}.Debug|x64.Build.0 = Debug|Any CPU
		{36EC2F55-89A1-4BE2-9C9B-0ACF23935DA1}.Debug|x86.ActiveCfg = Debug|Any CPU
		{36EC2F55-89A1-4BE2-9C9B-0ACF23935DA1}.Debug|x86.Build.0 = Debug|Any CPU
		{36EC2F55-89A1-4BE2-9C9B-0ACF23935DA1}.Release|Any CPU.ActiveCfg = Release|Any CPU
		{36EC2F55-89A1-4BE2-9C9B-0ACF23935DA1}.Release|Any CPU.Build.0 = Release|Any CPU
		{36EC2F55-89A1-4BE2-9C9B-0ACF23935DA1}.Release|x64.ActiveCfg = Release|Any CPU
		{36EC2F55-89A1-4BE2-9C9B-0ACF23935DA1}.Release|x64.Build.0 = Release|Any CPU
		{36EC2F55-89A1-4BE2-9C9B-0ACF23935DA1}.Release|x86.ActiveCfg = Release|Any CPU
		{36EC2F55-89A1-4BE2-9C9B-0ACF23935DA1}.Release|x86.Build.0 = Release|Any CPU
		{C60A1AB7-CBC9-4274-9A2C-4310687573F6}.Debug|Any CPU.ActiveCfg = Debug|Any CPU
		{C60A1AB7-CBC9-4274-9A2C-4310687573F6}.Debug|Any CPU.Build.0 = Debug|Any CPU
		{C60A1AB7-CBC9-4274-9A2C-4310687573F6}.Debug|x64.ActiveCfg = Debug|Any CPU
		{C60A1AB7-CBC9-4274-9A2C-4310687573F6}.Debug|x64.Build.0 = Debug|Any CPU
		{C60A1AB7-CBC9-4274-9A2C-4310687573F6}.Debug|x86.ActiveCfg = Debug|Any CPU
		{C60A1AB7-CBC9-4274-9A2C-4310687573F6}.Debug|x86.Build.0 = Debug|Any CPU
		{C60A1AB7-CBC9-4274-9A2C-4310687573F6}.Release|Any CPU.ActiveCfg = Release|Any CPU
		{C60A1AB7-CBC9-4274-9A2C-4310687573F6}.Release|Any CPU.Build.0 = Release|Any CPU
		{C60A1AB7-CBC9-4274-9A2C-4310687573F6}.Release|x64.ActiveCfg = Release|Any CPU
		{C60A1AB7-CBC9-4274-9A2C-4310687573F6}.Release|x64.Build.0 = Release|Any CPU
		{C60A1AB7-CBC9-4274-9A2C-4310687573F6}.Release|x86.ActiveCfg = Release|Any CPU
		{C60A1AB7-CBC9-4274-9A2C-4310687573F6}.Release|x86.Build.0 = Release|Any CPU
		{F9A2772D-90A6-4246-9279-6691DE58952D}.Debug|Any CPU.ActiveCfg = Debug|Any CPU
		{F9A2772D-90A6-4246-9279-6691DE58952D}.Debug|Any CPU.Build.0 = Debug|Any CPU
		{F9A2772D-90A6-4246-9279-6691DE58952D}.Debug|x64.ActiveCfg = Debug|Any CPU
		{F9A2772D-90A6-4246-9279-6691DE58952D}.Debug|x64.Build.0 = Debug|Any CPU
		{F9A2772D-90A6-4246-9279-6691DE58952D}.Debug|x86.ActiveCfg = Debug|Any CPU
		{F9A2772D-90A6-4246-9279-6691DE58952D}.Debug|x86.Build.0 = Debug|Any CPU
		{F9A2772D-90A6-4246-9279-6691DE58952D}.Release|Any CPU.ActiveCfg = Release|Any CPU
		{F9A2772D-90A6-4246-9279-6691DE58952D}.Release|Any CPU.Build.0 = Release|Any CPU
		{F9A2772D-90A6-4246-9279-6691DE58952D}.Release|x64.ActiveCfg = Release|Any CPU
		{F9A2772D-90A6-4246-9279-6691DE58952D}.Release|x64.Build.0 = Release|Any CPU
		{F9A2772D-90A6-4246-9279-6691DE58952D}.Release|x86.ActiveCfg = Release|Any CPU
		{F9A2772D-90A6-4246-9279-6691DE58952D}.Release|x86.Build.0 = Release|Any CPU
		{2BB041B0-32C1-403D-87C9-42FFCA9C64CF}.Debug|Any CPU.ActiveCfg = Debug|Any CPU
		{2BB041B0-32C1-403D-87C9-42FFCA9C64CF}.Debug|Any CPU.Build.0 = Debug|Any CPU
		{2BB041B0-32C1-403D-87C9-42FFCA9C64CF}.Debug|x64.ActiveCfg = Debug|Any CPU
		{2BB041B0-32C1-403D-87C9-42FFCA9C64CF}.Debug|x64.Build.0 = Debug|Any CPU
		{2BB041B0-32C1-403D-87C9-42FFCA9C64CF}.Debug|x86.ActiveCfg = Debug|Any CPU
		{2BB041B0-32C1-403D-87C9-42FFCA9C64CF}.Debug|x86.Build.0 = Debug|Any CPU
		{2BB041B0-32C1-403D-87C9-42FFCA9C64CF}.Release|Any CPU.ActiveCfg = Release|Any CPU
		{2BB041B0-32C1-403D-87C9-42FFCA9C64CF}.Release|Any CPU.Build.0 = Release|Any CPU
		{2BB041B0-32C1-403D-87C9-42FFCA9C64CF}.Release|x64.ActiveCfg = Release|Any CPU
		{2BB041B0-32C1-403D-87C9-42FFCA9C64CF}.Release|x64.Build.0 = Release|Any CPU
		{2BB041B0-32C1-403D-87C9-42FFCA9C64CF}.Release|x86.ActiveCfg = Release|Any CPU
		{2BB041B0-32C1-403D-87C9-42FFCA9C64CF}.Release|x86.Build.0 = Release|Any CPU
		{85FC7737-8F05-497F-BD5A-F4E92A1A583E}.Debug|Any CPU.ActiveCfg = Debug|Any CPU
		{85FC7737-8F05-497F-BD5A-F4E92A1A583E}.Debug|Any CPU.Build.0 = Debug|Any CPU
		{85FC7737-8F05-497F-BD5A-F4E92A1A583E}.Debug|x64.ActiveCfg = Debug|Any CPU
		{85FC7737-8F05-497F-BD5A-F4E92A1A583E}.Debug|x64.Build.0 = Debug|Any CPU
		{85FC7737-8F05-497F-BD5A-F4E92A1A583E}.Debug|x86.ActiveCfg = Debug|Any CPU
		{85FC7737-8F05-497F-BD5A-F4E92A1A583E}.Debug|x86.Build.0 = Debug|Any CPU
		{85FC7737-8F05-497F-BD5A-F4E92A1A583E}.Release|Any CPU.ActiveCfg = Release|Any CPU
		{85FC7737-8F05-497F-BD5A-F4E92A1A583E}.Release|Any CPU.Build.0 = Release|Any CPU
		{85FC7737-8F05-497F-BD5A-F4E92A1A583E}.Release|x64.ActiveCfg = Release|Any CPU
		{85FC7737-8F05-497F-BD5A-F4E92A1A583E}.Release|x64.Build.0 = Release|Any CPU
		{85FC7737-8F05-497F-BD5A-F4E92A1A583E}.Release|x86.ActiveCfg = Release|Any CPU
		{85FC7737-8F05-497F-BD5A-F4E92A1A583E}.Release|x86.Build.0 = Release|Any CPU
		{569B3B94-44AB-49E8-B6AB-82137A22AF44}.Debug|Any CPU.ActiveCfg = Debug|Any CPU
		{569B3B94-44AB-49E8-B6AB-82137A22AF44}.Debug|Any CPU.Build.0 = Debug|Any CPU
		{569B3B94-44AB-49E8-B6AB-82137A22AF44}.Debug|x64.ActiveCfg = Debug|x64
		{569B3B94-44AB-49E8-B6AB-82137A22AF44}.Debug|x64.Build.0 = Debug|x64
		{569B3B94-44AB-49E8-B6AB-82137A22AF44}.Debug|x86.ActiveCfg = Debug|x86
		{569B3B94-44AB-49E8-B6AB-82137A22AF44}.Debug|x86.Build.0 = Debug|x86
		{569B3B94-44AB-49E8-B6AB-82137A22AF44}.Release|Any CPU.ActiveCfg = Release|Any CPU
		{569B3B94-44AB-49E8-B6AB-82137A22AF44}.Release|Any CPU.Build.0 = Release|Any CPU
		{569B3B94-44AB-49E8-B6AB-82137A22AF44}.Release|x64.ActiveCfg = Release|x64
		{569B3B94-44AB-49E8-B6AB-82137A22AF44}.Release|x64.Build.0 = Release|x64
		{569B3B94-44AB-49E8-B6AB-82137A22AF44}.Release|x86.ActiveCfg = Release|x86
		{569B3B94-44AB-49E8-B6AB-82137A22AF44}.Release|x86.Build.0 = Release|x86
		{76564C4A-5BA6-47CC-B581-810C670C5896}.Debug|Any CPU.ActiveCfg = Debug|Any CPU
		{76564C4A-5BA6-47CC-B581-810C670C5896}.Debug|Any CPU.Build.0 = Debug|Any CPU
		{76564C4A-5BA6-47CC-B581-810C670C5896}.Debug|x64.ActiveCfg = Debug|Any CPU
		{76564C4A-5BA6-47CC-B581-810C670C5896}.Debug|x64.Build.0 = Debug|Any CPU
		{76564C4A-5BA6-47CC-B581-810C670C5896}.Debug|x86.ActiveCfg = Debug|Any CPU
		{76564C4A-5BA6-47CC-B581-810C670C5896}.Debug|x86.Build.0 = Debug|Any CPU
		{76564C4A-5BA6-47CC-B581-810C670C5896}.Release|Any CPU.ActiveCfg = Release|Any CPU
		{76564C4A-5BA6-47CC-B581-810C670C5896}.Release|Any CPU.Build.0 = Release|Any CPU
		{76564C4A-5BA6-47CC-B581-810C670C5896}.Release|x64.ActiveCfg = Release|Any CPU
		{76564C4A-5BA6-47CC-B581-810C670C5896}.Release|x64.Build.0 = Release|Any CPU
		{76564C4A-5BA6-47CC-B581-810C670C5896}.Release|x86.ActiveCfg = Release|Any CPU
		{76564C4A-5BA6-47CC-B581-810C670C5896}.Release|x86.Build.0 = Release|Any CPU
		{7F3587E5-AC4B-4F91-80B3-0512289D866B}.Debug|Any CPU.ActiveCfg = Debug|Any CPU
		{7F3587E5-AC4B-4F91-80B3-0512289D866B}.Debug|Any CPU.Build.0 = Debug|Any CPU
		{7F3587E5-AC4B-4F91-80B3-0512289D866B}.Debug|x64.ActiveCfg = Debug|x64
		{7F3587E5-AC4B-4F91-80B3-0512289D866B}.Debug|x64.Build.0 = Debug|x64
		{7F3587E5-AC4B-4F91-80B3-0512289D866B}.Debug|x86.ActiveCfg = Debug|x86
		{7F3587E5-AC4B-4F91-80B3-0512289D866B}.Debug|x86.Build.0 = Debug|x86
		{7F3587E5-AC4B-4F91-80B3-0512289D866B}.Release|Any CPU.ActiveCfg = Release|Any CPU
		{7F3587E5-AC4B-4F91-80B3-0512289D866B}.Release|Any CPU.Build.0 = Release|Any CPU
		{7F3587E5-AC4B-4F91-80B3-0512289D866B}.Release|x64.ActiveCfg = Release|x64
		{7F3587E5-AC4B-4F91-80B3-0512289D866B}.Release|x64.Build.0 = Release|x64
		{7F3587E5-AC4B-4F91-80B3-0512289D866B}.Release|x86.ActiveCfg = Release|x86
		{7F3587E5-AC4B-4F91-80B3-0512289D866B}.Release|x86.Build.0 = Release|x86
		{D42317D9-6A85-4546-8A9D-01A89EDBFDDA}.Debug|Any CPU.ActiveCfg = Debug|Any CPU
		{D42317D9-6A85-4546-8A9D-01A89EDBFDDA}.Debug|Any CPU.Build.0 = Debug|Any CPU
		{D42317D9-6A85-4546-8A9D-01A89EDBFDDA}.Debug|x64.ActiveCfg = Debug|x64
		{D42317D9-6A85-4546-8A9D-01A89EDBFDDA}.Debug|x64.Build.0 = Debug|x64
		{D42317D9-6A85-4546-8A9D-01A89EDBFDDA}.Debug|x86.ActiveCfg = Debug|Any CPU
		{D42317D9-6A85-4546-8A9D-01A89EDBFDDA}.Debug|x86.Build.0 = Debug|Any CPU
		{D42317D9-6A85-4546-8A9D-01A89EDBFDDA}.Release|Any CPU.ActiveCfg = Release|Any CPU
		{D42317D9-6A85-4546-8A9D-01A89EDBFDDA}.Release|Any CPU.Build.0 = Release|Any CPU
		{D42317D9-6A85-4546-8A9D-01A89EDBFDDA}.Release|x64.ActiveCfg = Release|x64
		{D42317D9-6A85-4546-8A9D-01A89EDBFDDA}.Release|x64.Build.0 = Release|x64
		{D42317D9-6A85-4546-8A9D-01A89EDBFDDA}.Release|x86.ActiveCfg = Release|Any CPU
		{D42317D9-6A85-4546-8A9D-01A89EDBFDDA}.Release|x86.Build.0 = Release|Any CPU
	EndGlobalSection
	GlobalSection(SolutionProperties) = preSolution
		HideSolutionNode = FALSE
	EndGlobalSection
	GlobalSection(ExtensibilityGlobals) = postSolution
		SolutionGuid = {0DA01588-D425-449E-A2B4-CAB1009681FC}
	EndGlobalSection
EndGlobal
