
Microsoft Visual Studio Solution File, Format Version 12.00
# Visual Studio 15
VisualStudioVersion = 15.0.28307.168
MinimumVisualStudioVersion = 10.0.40219.1
Project("{F184B08F-C81C-45F6-A57F-5ABD9991F28F}") = "kadai31", "kadai31\kadai31.vbproj", "{DA5755DD-2CF3-4F2C-8AAF-BC675F5AEAF7}"
EndProject
Global
	GlobalSection(SolutionConfigurationPlatforms) = preSolution
		Debug|Any CPU = Debug|Any CPU
		Release|Any CPU = Release|Any CPU
	EndGlobalSection
	GlobalSection(ProjectConfigurationPlatforms) = postSolution
		{DA5755DD-2CF3-4F2C-8AAF-BC675F5AEAF7}.Debug|Any CPU.ActiveCfg = Debug|Any CPU
		{DA5755DD-2CF3-4F2C-8AAF-BC675F5AEAF7}.Debug|Any CPU.Build.0 = Debug|Any CPU
		{DA5755DD-2CF3-4F2C-8AAF-BC675F5AEAF7}.Release|Any CPU.ActiveCfg = Release|Any CPU
		{DA5755DD-2CF3-4F2C-8AAF-BC675F5AEAF7}.Release|Any CPU.Build.0 = Release|Any CPU
	EndGlobalSection
	GlobalSection(SolutionProperties) = preSolution
		HideSolutionNode = FALSE
	EndGlobalSection
	GlobalSection(ExtensibilityGlobals) = postSolution
		SolutionGuid = {BA82FCC1-CF22-4947-A8EF-F70C83EDB17A}
	EndGlobalSection
EndGlobal
