
Microsoft Visual Studio Solution File, Format Version 12.00
# Visual Studio 15
VisualStudioVersion = 15.0.27004.2006
MinimumVisualStudioVersion = 10.0.40219.1
Project("{F184B08F-C81C-45F6-A57F-5ABD9991F28F}") = "T_063_VB_Function_Returning_A_Value", "T_063_VB_Function_Returning_A_Value\T_063_VB_Function_Returning_A_Value.vbproj", "{94F23FBC-693B-448A-9A8A-CE368785AF61}"
EndProject
Global
	GlobalSection(SolutionConfigurationPlatforms) = preSolution
		Debug|Any CPU = Debug|Any CPU
		Release|Any CPU = Release|Any CPU
	EndGlobalSection
	GlobalSection(ProjectConfigurationPlatforms) = postSolution
		{94F23FBC-693B-448A-9A8A-CE368785AF61}.Debug|Any CPU.ActiveCfg = Debug|Any CPU
		{94F23FBC-693B-448A-9A8A-CE368785AF61}.Debug|Any CPU.Build.0 = Debug|Any CPU
		{94F23FBC-693B-448A-9A8A-CE368785AF61}.Release|Any CPU.ActiveCfg = Release|Any CPU
		{94F23FBC-693B-448A-9A8A-CE368785AF61}.Release|Any CPU.Build.0 = Release|Any CPU
	EndGlobalSection
	GlobalSection(SolutionProperties) = preSolution
		HideSolutionNode = FALSE
	EndGlobalSection
	GlobalSection(ExtensibilityGlobals) = postSolution
		SolutionGuid = {3F0C5BD1-6A2F-446E-995B-3FAA3BE8A036}
	EndGlobalSection
EndGlobal
