
Microsoft Visual Studio Solution File, Format Version 12.00
# Visual Studio 15
VisualStudioVersion = 15.0.28307.168
MinimumVisualStudioVersion = 10.0.40219.1
Project("{F184B08F-C81C-45F6-A57F-5ABD9991F28F}") = "kadai41", "kadai41\kadai41.vbproj", "{80D22675-FC44-4229-A375-0D4E4D6BDE01}"
EndProject
Global
	GlobalSection(SolutionConfigurationPlatforms) = preSolution
		Debug|Any CPU = Debug|Any CPU
		Release|Any CPU = Release|Any CPU
	EndGlobalSection
	GlobalSection(ProjectConfigurationPlatforms) = postSolution
		{80D22675-FC44-4229-A375-0D4E4D6BDE01}.Debug|Any CPU.ActiveCfg = Debug|Any CPU
		{80D22675-FC44-4229-A375-0D4E4D6BDE01}.Debug|Any CPU.Build.0 = Debug|Any CPU
		{80D22675-FC44-4229-A375-0D4E4D6BDE01}.Release|Any CPU.ActiveCfg = Release|Any CPU
		{80D22675-FC44-4229-A375-0D4E4D6BDE01}.Release|Any CPU.Build.0 = Release|Any CPU
	EndGlobalSection
	GlobalSection(SolutionProperties) = preSolution
		HideSolutionNode = FALSE
	EndGlobalSection
	GlobalSection(ExtensibilityGlobals) = postSolution
		SolutionGuid = {512E4939-DF32-493D-A3A8-40326AD737CD}
	EndGlobalSection
EndGlobal
