
Microsoft Visual Studio Solution File, Format Version 12.00
# Visual Studio 14
VisualStudioVersion = 14.0.22512.0
MinimumVisualStudioVersion = 10.0.40219.1
Project("{2150E333-8FDC-42A3-9474-1A3956D46DE8}") = "Task_based_Asynchrony", "Task_based_Asynchrony", "{5EE9FD51-11BC-438A-B799-185F05482DDA}"
EndProject
Project("{2150E333-8FDC-42A3-9474-1A3956D46DE8}") = "Combinators", "Combinators", "{4AF76A5C-81AD-4C71-9215-EE8722291CFC}"
EndProject
Project("{F184B08F-C81C-45F6-A57F-5ABD9991F28F}") = "Combinators", "Combinators\Combinators.vbproj", "{D34151AF-EFBF-43BD-8048-844D8F266CF1}"
EndProject
Project("{2150E333-8FDC-42A3-9474-1A3956D46DE8}") = "SwitchingThreads", "SwitchingThreads", "{4AFC3956-F7D1-4F59-8D6D-30180FC1FD40}"
EndProject
Project("{F184B08F-C81C-45F6-A57F-5ABD9991F28F}") = "SwitchingThreads", "SwitchingThreads\SwitchingThreads.vbproj", "{4F0DA2BC-7C34-4EFB-88AB-143F07CE95F4}"
EndProject
Project("{2150E333-8FDC-42A3-9474-1A3956D46DE8}") = "Event-based_Asynchrony", "Event-based_Asynchrony", "{CAB2CC0B-44B2-408C-90AF-B045FED1F0CF}"
EndProject
Project("{F184B08F-C81C-45F6-A57F-5ABD9991F28F}") = "EAPsample", "EAPsample\EAPsample.vbproj", "{221F6672-6996-4783-A47F-CBE2BA7BE019}"
EndProject
Project("{2150E333-8FDC-42A3-9474-1A3956D46DE8}") = "Asynchronous_Programming_Model", "Asynchronous_Programming_Model", "{C3FC9290-F26F-434E-B0D8-18F636462EA0}"
EndProject
Project("{F184B08F-C81C-45F6-A57F-5ABD9991F28F}") = "APM", "APM\APM.vbproj", "{15213B08-B1FD-4A79-AF2D-8D9B6465F61A}"
EndProject
Project("{2150E333-8FDC-42A3-9474-1A3956D46DE8}") = "Async_Await", "Async_Await", "{8258381D-8CB0-477C-99E6-E1F1ED119884}"
EndProject
Project("{2150E333-8FDC-42A3-9474-1A3956D46DE8}") = "Asynchronous_IO", "Asynchronous_IO", "{9AE91570-5C97-4BD2-A9E3-477C171C8442}"
EndProject
Project("{F184B08F-C81C-45F6-A57F-5ABD9991F28F}") = "AsyncAwait_WithStreams", "AsyncAwait_WithStreams\AsyncAwait_WithStreams.vbproj", "{79BEFE7F-3D98-439D-925F-9E39C87CD3B8}"
EndProject
Project("{2150E333-8FDC-42A3-9474-1A3956D46DE8}") = "Progress", "Progress", "{C51FC23E-AD0E-4910-9905-9AFEF1D995AB}"
EndProject
Project("{F184B08F-C81C-45F6-A57F-5ABD9991F28F}") = "ConsoleApplication1", "ConsoleApplication1\ConsoleApplication1.vbproj", "{38855951-25EA-485C-9DD1-33CD11054BBA}"
EndProject
Project("{2150E333-8FDC-42A3-9474-1A3956D46DE8}") = "GettingStarted_plus_cancellation", "GettingStarted_plus_cancellation", "{BD76F996-4C7B-4ADB-8A80-475B6C6AAF2D}"
EndProject
Project("{F184B08F-C81C-45F6-A57F-5ABD9991F28F}") = "Channel9Client_Sync", "Channel9Client_Sync\Channel9Client_Sync.vbproj", "{4353F2CA-6DE2-464A-8871-AF86B3DFE2A4}"
EndProject
Project("{F184B08F-C81C-45F6-A57F-5ABD9991F28F}") = "Channel9_Async", "Channel9_Async\Channel9_Async.vbproj", "{63404405-3B7D-451D-B99C-FFE088E1AEDC}"
EndProject
Project("{F184B08F-C81C-45F6-A57F-5ABD9991F28F}") = "Channel9_AsyncAwait", "Channel9_AsyncAwait\Channel9_AsyncAwait.vbproj", "{7EDAF25A-3AB0-40ED-8801-CACF7E965B6F}"
EndProject
Global
	GlobalSection(SolutionConfigurationPlatforms) = preSolution
		Debug|Any CPU = Debug|Any CPU
		Release|Any CPU = Release|Any CPU
	EndGlobalSection
	GlobalSection(ProjectConfigurationPlatforms) = postSolution
		{D34151AF-EFBF-43BD-8048-844D8F266CF1}.Debug|Any CPU.ActiveCfg = Debug|Any CPU
		{D34151AF-EFBF-43BD-8048-844D8F266CF1}.Debug|Any CPU.Build.0 = Debug|Any CPU
		{D34151AF-EFBF-43BD-8048-844D8F266CF1}.Release|Any CPU.ActiveCfg = Release|Any CPU
		{D34151AF-EFBF-43BD-8048-844D8F266CF1}.Release|Any CPU.Build.0 = Release|Any CPU
		{4F0DA2BC-7C34-4EFB-88AB-143F07CE95F4}.Debug|Any CPU.ActiveCfg = Debug|Any CPU
		{4F0DA2BC-7C34-4EFB-88AB-143F07CE95F4}.Debug|Any CPU.Build.0 = Debug|Any CPU
		{4F0DA2BC-7C34-4EFB-88AB-143F07CE95F4}.Release|Any CPU.ActiveCfg = Release|Any CPU
		{4F0DA2BC-7C34-4EFB-88AB-143F07CE95F4}.Release|Any CPU.Build.0 = Release|Any CPU
		{221F6672-6996-4783-A47F-CBE2BA7BE019}.Debug|Any CPU.ActiveCfg = Debug|Any CPU
		{221F6672-6996-4783-A47F-CBE2BA7BE019}.Debug|Any CPU.Build.0 = Debug|Any CPU
		{221F6672-6996-4783-A47F-CBE2BA7BE019}.Release|Any CPU.ActiveCfg = Release|Any CPU
		{221F6672-6996-4783-A47F-CBE2BA7BE019}.Release|Any CPU.Build.0 = Release|Any CPU
		{15213B08-B1FD-4A79-AF2D-8D9B6465F61A}.Debug|Any CPU.ActiveCfg = Debug|Any CPU
		{15213B08-B1FD-4A79-AF2D-8D9B6465F61A}.Debug|Any CPU.Build.0 = Debug|Any CPU
		{15213B08-B1FD-4A79-AF2D-8D9B6465F61A}.Release|Any CPU.ActiveCfg = Release|Any CPU
		{15213B08-B1FD-4A79-AF2D-8D9B6465F61A}.Release|Any CPU.Build.0 = Release|Any CPU
		{79BEFE7F-3D98-439D-925F-9E39C87CD3B8}.Debug|Any CPU.ActiveCfg = Debug|Any CPU
		{79BEFE7F-3D98-439D-925F-9E39C87CD3B8}.Debug|Any CPU.Build.0 = Debug|Any CPU
		{79BEFE7F-3D98-439D-925F-9E39C87CD3B8}.Release|Any CPU.ActiveCfg = Release|Any CPU
		{79BEFE7F-3D98-439D-925F-9E39C87CD3B8}.Release|Any CPU.Build.0 = Release|Any CPU
		{38855951-25EA-485C-9DD1-33CD11054BBA}.Debug|Any CPU.ActiveCfg = Debug|Any CPU
		{38855951-25EA-485C-9DD1-33CD11054BBA}.Debug|Any CPU.Build.0 = Debug|Any CPU
		{38855951-25EA-485C-9DD1-33CD11054BBA}.Release|Any CPU.ActiveCfg = Release|Any CPU
		{38855951-25EA-485C-9DD1-33CD11054BBA}.Release|Any CPU.Build.0 = Release|Any CPU
		{4353F2CA-6DE2-464A-8871-AF86B3DFE2A4}.Debug|Any CPU.ActiveCfg = Debug|Any CPU
		{4353F2CA-6DE2-464A-8871-AF86B3DFE2A4}.Debug|Any CPU.Build.0 = Debug|Any CPU
		{4353F2CA-6DE2-464A-8871-AF86B3DFE2A4}.Release|Any CPU.ActiveCfg = Release|Any CPU
		{4353F2CA-6DE2-464A-8871-AF86B3DFE2A4}.Release|Any CPU.Build.0 = Release|Any CPU
		{63404405-3B7D-451D-B99C-FFE088E1AEDC}.Debug|Any CPU.ActiveCfg = Debug|Any CPU
		{63404405-3B7D-451D-B99C-FFE088E1AEDC}.Debug|Any CPU.Build.0 = Debug|Any CPU
		{63404405-3B7D-451D-B99C-FFE088E1AEDC}.Release|Any CPU.ActiveCfg = Release|Any CPU
		{63404405-3B7D-451D-B99C-FFE088E1AEDC}.Release|Any CPU.Build.0 = Release|Any CPU
		{7EDAF25A-3AB0-40ED-8801-CACF7E965B6F}.Debug|Any CPU.ActiveCfg = Debug|Any CPU
		{7EDAF25A-3AB0-40ED-8801-CACF7E965B6F}.Debug|Any CPU.Build.0 = Debug|Any CPU
		{7EDAF25A-3AB0-40ED-8801-CACF7E965B6F}.Release|Any CPU.ActiveCfg = Release|Any CPU
		{7EDAF25A-3AB0-40ED-8801-CACF7E965B6F}.Release|Any CPU.Build.0 = Release|Any CPU
	EndGlobalSection
	GlobalSection(SolutionProperties) = preSolution
		HideSolutionNode = FALSE
	EndGlobalSection
	GlobalSection(NestedProjects) = preSolution
		{4AF76A5C-81AD-4C71-9215-EE8722291CFC} = {5EE9FD51-11BC-438A-B799-185F05482DDA}
		{D34151AF-EFBF-43BD-8048-844D8F266CF1} = {4AF76A5C-81AD-4C71-9215-EE8722291CFC}
		{4AFC3956-F7D1-4F59-8D6D-30180FC1FD40} = {5EE9FD51-11BC-438A-B799-185F05482DDA}
		{4F0DA2BC-7C34-4EFB-88AB-143F07CE95F4} = {4AFC3956-F7D1-4F59-8D6D-30180FC1FD40}
		{221F6672-6996-4783-A47F-CBE2BA7BE019} = {CAB2CC0B-44B2-408C-90AF-B045FED1F0CF}
		{15213B08-B1FD-4A79-AF2D-8D9B6465F61A} = {C3FC9290-F26F-434E-B0D8-18F636462EA0}
		{9AE91570-5C97-4BD2-A9E3-477C171C8442} = {8258381D-8CB0-477C-99E6-E1F1ED119884}
		{79BEFE7F-3D98-439D-925F-9E39C87CD3B8} = {9AE91570-5C97-4BD2-A9E3-477C171C8442}
		{C51FC23E-AD0E-4910-9905-9AFEF1D995AB} = {8258381D-8CB0-477C-99E6-E1F1ED119884}
		{38855951-25EA-485C-9DD1-33CD11054BBA} = {C51FC23E-AD0E-4910-9905-9AFEF1D995AB}
		{BD76F996-4C7B-4ADB-8A80-475B6C6AAF2D} = {8258381D-8CB0-477C-99E6-E1F1ED119884}
		{4353F2CA-6DE2-464A-8871-AF86B3DFE2A4} = {BD76F996-4C7B-4ADB-8A80-475B6C6AAF2D}
		{63404405-3B7D-451D-B99C-FFE088E1AEDC} = {BD76F996-4C7B-4ADB-8A80-475B6C6AAF2D}
		{7EDAF25A-3AB0-40ED-8801-CACF7E965B6F} = {BD76F996-4C7B-4ADB-8A80-475B6C6AAF2D}
	EndGlobalSection
EndGlobal
