
Microsoft Visual Studio Solution File, Format Version 12.00
# Visual Studio 15
VisualStudioVersion = 15.0.27130.2010
MinimumVisualStudioVersion = 10.0.40219.1
Project("{F184B08F-C81C-45F6-A57F-5ABD9991F28F}") = "T_VB_047_CType", "T_VB_047_CType\T_VB_047_CType.vbproj", "{B8C0B3D3-ACFF-4F39-940C-43711066ABCB}"
EndProject
Global
	GlobalSection(SolutionConfigurationPlatforms) = preSolution
		Debug|Any CPU = Debug|Any CPU
		Release|Any CPU = Release|Any CPU
	EndGlobalSection
	GlobalSection(ProjectConfigurationPlatforms) = postSolution
		{B8C0B3D3-ACFF-4F39-940C-43711066ABCB}.Debug|Any CPU.ActiveCfg = Debug|Any CPU
		{B8C0B3D3-ACFF-4F39-940C-43711066ABCB}.Debug|Any CPU.Build.0 = Debug|Any CPU
		{B8C0B3D3-ACFF-4F39-940C-43711066ABCB}.Release|Any CPU.ActiveCfg = Release|Any CPU
		{B8C0B3D3-ACFF-4F39-940C-43711066ABCB}.Release|Any CPU.Build.0 = Release|Any CPU
	EndGlobalSection
	GlobalSection(SolutionProperties) = preSolution
		HideSolutionNode = FALSE
	EndGlobalSection
	GlobalSection(ExtensibilityGlobals) = postSolution
		SolutionGuid = {FE0E660B-DAC5-48C0-A1B3-2CCE786E50FD}
	EndGlobalSection
EndGlobal
