
Microsoft Visual Studio Solution File, Format Version 12.00
# Visual Studio 15
VisualStudioVersion = 15.0.27703.2000
MinimumVisualStudioVersion = 10.0.40219.1
Project("{F184B08F-C81C-45F6-A57F-5ABD9991F28F}") = "kadai28", "kadai28\kadai28.vbproj", "{09357EBE-7363-4BEC-8CBA-1EAE72E3A75F}"
EndProject
Global
	GlobalSection(SolutionConfigurationPlatforms) = preSolution
		Debug|Any CPU = Debug|Any CPU
		Release|Any CPU = Release|Any CPU
	EndGlobalSection
	GlobalSection(ProjectConfigurationPlatforms) = postSolution
		{09357EBE-7363-4BEC-8CBA-1EAE72E3A75F}.Debug|Any CPU.ActiveCfg = Debug|Any CPU
		{09357EBE-7363-4BEC-8CBA-1EAE72E3A75F}.Debug|Any CPU.Build.0 = Debug|Any CPU
		{09357EBE-7363-4BEC-8CBA-1EAE72E3A75F}.Release|Any CPU.ActiveCfg = Release|Any CPU
		{09357EBE-7363-4BEC-8CBA-1EAE72E3A75F}.Release|Any CPU.Build.0 = Release|Any CPU
	EndGlobalSection
	GlobalSection(SolutionProperties) = preSolution
		HideSolutionNode = FALSE
	EndGlobalSection
	GlobalSection(ExtensibilityGlobals) = postSolution
		SolutionGuid = {B048C723-C27D-4972-86DC-CF1DC217764E}
	EndGlobalSection
EndGlobal
