
Microsoft Visual Studio Solution File, Format Version 12.00
# Visual Studio 2012
Project("{F184B08F-C81C-45F6-A57F-5ABD9991F28F}") = "Covariance", "Covariance\Covariance.vbproj", "{1F961214-7BAD-4F00-8985-24EB14C8AA5F}"
EndProject
Project("{F184B08F-C81C-45F6-A57F-5ABD9991F28F}") = "Contravariance", "Contravariance\Contravariance.vbproj", "{D041B63E-D51E-4187-B1EE-0A8D868997BC}"
EndProject
Global
	GlobalSection(SolutionConfigurationPlatforms) = preSolution
		Debug|Any CPU = Debug|Any CPU
		Release|Any CPU = Release|Any CPU
	EndGlobalSection
	GlobalSection(ProjectConfigurationPlatforms) = postSolution
		{1F961214-7BAD-4F00-8985-24EB14C8AA5F}.Debug|Any CPU.ActiveCfg = Debug|Any CPU
		{1F961214-7BAD-4F00-8985-24EB14C8AA5F}.Debug|Any CPU.Build.0 = Debug|Any CPU
		{1F961214-7BAD-4F00-8985-24EB14C8AA5F}.Release|Any CPU.ActiveCfg = Release|Any CPU
		{1F961214-7BAD-4F00-8985-24EB14C8AA5F}.Release|Any CPU.Build.0 = Release|Any CPU
		{D041B63E-D51E-4187-B1EE-0A8D868997BC}.Debug|Any CPU.ActiveCfg = Debug|Any CPU
		{D041B63E-D51E-4187-B1EE-0A8D868997BC}.Debug|Any CPU.Build.0 = Debug|Any CPU
		{D041B63E-D51E-4187-B1EE-0A8D868997BC}.Release|Any CPU.ActiveCfg = Release|Any CPU
		{D041B63E-D51E-4187-B1EE-0A8D868997BC}.Release|Any CPU.Build.0 = Release|Any CPU
	EndGlobalSection
	GlobalSection(SolutionProperties) = preSolution
		HideSolutionNode = FALSE
	EndGlobalSection
EndGlobal
