
Microsoft Visual Studio Solution File, Format Version 12.00
# Visual Studio 15
VisualStudioVersion = 15.0.27130.2010
MinimumVisualStudioVersion = 10.0.40219.1
Project("{F184B08F-C81C-45F6-A57F-5ABD9991F28F}") = "T_VB_050_Sorting_And_Reversing_Arrays", "T_VB_050_Sorting_And_Reversing_Arrays\T_VB_050_Sorting_And_Reversing_Arrays.vbproj", "{8B444F54-2E14-47C4-9951-039F56D72C54}"
EndProject
Global
	GlobalSection(SolutionConfigurationPlatforms) = preSolution
		Debug|Any CPU = Debug|Any CPU
		Release|Any CPU = Release|Any CPU
	EndGlobalSection
	GlobalSection(ProjectConfigurationPlatforms) = postSolution
		{8B444F54-2E14-47C4-9951-039F56D72C54}.Debug|Any CPU.ActiveCfg = Debug|Any CPU
		{8B444F54-2E14-47C4-9951-039F56D72C54}.Debug|Any CPU.Build.0 = Debug|Any CPU
		{8B444F54-2E14-47C4-9951-039F56D72C54}.Release|Any CPU.ActiveCfg = Release|Any CPU
		{8B444F54-2E14-47C4-9951-039F56D72C54}.Release|Any CPU.Build.0 = Release|Any CPU
	EndGlobalSection
	GlobalSection(SolutionProperties) = preSolution
		HideSolutionNode = FALSE
	EndGlobalSection
	GlobalSection(ExtensibilityGlobals) = postSolution
		SolutionGuid = {F255C657-56C7-484A-B4DF-0151AA536473}
	EndGlobalSection
EndGlobal
