
Microsoft Visual Studio Solution File, Format Version 12.00
# Visual Studio 15
VisualStudioVersion = 15.0.27004.2006
MinimumVisualStudioVersion = 10.0.40219.1
Project("{F184B08F-C81C-45F6-A57F-5ABD9991F28F}") = "T_068_VB_Passing_Parameter_By_Value", "T_068_VB_Passing_Parameter_By_Value\T_068_VB_Passing_Parameter_By_Value.vbproj", "{81B4BC66-6A06-4D2E-BA24-24580204915F}"
EndProject
Global
	GlobalSection(SolutionConfigurationPlatforms) = preSolution
		Debug|Any CPU = Debug|Any CPU
		Release|Any CPU = Release|Any CPU
	EndGlobalSection
	GlobalSection(ProjectConfigurationPlatforms) = postSolution
		{81B4BC66-6A06-4D2E-BA24-24580204915F}.Debug|Any CPU.ActiveCfg = Debug|Any CPU
		{81B4BC66-6A06-4D2E-BA24-24580204915F}.Debug|Any CPU.Build.0 = Debug|Any CPU
		{81B4BC66-6A06-4D2E-BA24-24580204915F}.Release|Any CPU.ActiveCfg = Release|Any CPU
		{81B4BC66-6A06-4D2E-BA24-24580204915F}.Release|Any CPU.Build.0 = Release|Any CPU
	EndGlobalSection
	GlobalSection(SolutionProperties) = preSolution
		HideSolutionNode = FALSE
	EndGlobalSection
	GlobalSection(ExtensibilityGlobals) = postSolution
		SolutionGuid = {7EB08531-0125-41ED-8D4B-1EE126DC4DAA}
	EndGlobalSection
EndGlobal
