
Microsoft Visual Studio Solution File, Format Version 12.00
# Visual Studio 15
VisualStudioVersion = 15.0.27130.2010
MinimumVisualStudioVersion = 10.0.40219.1
Project("{F184B08F-C81C-45F6-A57F-5ABD9991F28F}") = "T_VB_002_Comments_And_White_Space", "T_VB_002_Comments_And_White_Space\T_VB_002_Comments_And_White_Space.vbproj", "{8E612FFB-11E2-4D75-8611-7B63E6B545E9}"
EndProject
Global
	GlobalSection(SolutionConfigurationPlatforms) = preSolution
		Debug|Any CPU = Debug|Any CPU
		Release|Any CPU = Release|Any CPU
	EndGlobalSection
	GlobalSection(ProjectConfigurationPlatforms) = postSolution
		{8E612FFB-11E2-4D75-8611-7B63E6B545E9}.Debug|Any CPU.ActiveCfg = Debug|Any CPU
		{8E612FFB-11E2-4D75-8611-7B63E6B545E9}.Debug|Any CPU.Build.0 = Debug|Any CPU
		{8E612FFB-11E2-4D75-8611-7B63E6B545E9}.Release|Any CPU.ActiveCfg = Release|Any CPU
		{8E612FFB-11E2-4D75-8611-7B63E6B545E9}.Release|Any CPU.Build.0 = Release|Any CPU
	EndGlobalSection
	GlobalSection(SolutionProperties) = preSolution
		HideSolutionNode = FALSE
	EndGlobalSection
	GlobalSection(ExtensibilityGlobals) = postSolution
		SolutionGuid = {8486A853-99BE-4BAC-B5AE-602C8EB8CE8A}
	EndGlobalSection
EndGlobal
