
Microsoft Visual Studio Solution File, Format Version 12.00
# Visual Studio 15
VisualStudioVersion = 15.0.27130.2010
MinimumVisualStudioVersion = 10.0.40219.1
Project("{F184B08F-C81C-45F6-A57F-5ABD9991F28F}") = "T_VB_030_Nested_Loops", "T_VB_030_Nested_Loops\T_VB_030_Nested_Loops.vbproj", "{E2C03B84-5DCD-4EDE-A16E-29669F2621D6}"
EndProject
Global
	GlobalSection(SolutionConfigurationPlatforms) = preSolution
		Debug|Any CPU = Debug|Any CPU
		Release|Any CPU = Release|Any CPU
	EndGlobalSection
	GlobalSection(ProjectConfigurationPlatforms) = postSolution
		{E2C03B84-5DCD-4EDE-A16E-29669F2621D6}.Debug|Any CPU.ActiveCfg = Debug|Any CPU
		{E2C03B84-5DCD-4EDE-A16E-29669F2621D6}.Debug|Any CPU.Build.0 = Debug|Any CPU
		{E2C03B84-5DCD-4EDE-A16E-29669F2621D6}.Release|Any CPU.ActiveCfg = Release|Any CPU
		{E2C03B84-5DCD-4EDE-A16E-29669F2621D6}.Release|Any CPU.Build.0 = Release|Any CPU
	EndGlobalSection
	GlobalSection(SolutionProperties) = preSolution
		HideSolutionNode = FALSE
	EndGlobalSection
	GlobalSection(ExtensibilityGlobals) = postSolution
		SolutionGuid = {3F348227-62B2-490D-9842-D0178AEEA29D}
	EndGlobalSection
EndGlobal
