
Microsoft Visual Studio Solution File, Format Version 12.00
# Visual Studio 15
VisualStudioVersion = 15.0.27130.2010
MinimumVisualStudioVersion = 10.0.40219.1
Project("{F184B08F-C81C-45F6-A57F-5ABD9991F28F}") = "T_VB_017_Formathing_Strings", "T_VB_017_Formathing_Strings\T_VB_017_Formathing_Strings.vbproj", "{10822482-34A9-48B5-A8D5-5C00E9AA1FF4}"
EndProject
Global
	GlobalSection(SolutionConfigurationPlatforms) = preSolution
		Debug|Any CPU = Debug|Any CPU
		Release|Any CPU = Release|Any CPU
	EndGlobalSection
	GlobalSection(ProjectConfigurationPlatforms) = postSolution
		{10822482-34A9-48B5-A8D5-5C00E9AA1FF4}.Debug|Any CPU.ActiveCfg = Debug|Any CPU
		{10822482-34A9-48B5-A8D5-5C00E9AA1FF4}.Debug|Any CPU.Build.0 = Debug|Any CPU
		{10822482-34A9-48B5-A8D5-5C00E9AA1FF4}.Release|Any CPU.ActiveCfg = Release|Any CPU
		{10822482-34A9-48B5-A8D5-5C00E9AA1FF4}.Release|Any CPU.Build.0 = Release|Any CPU
	EndGlobalSection
	GlobalSection(SolutionProperties) = preSolution
		HideSolutionNode = FALSE
	EndGlobalSection
	GlobalSection(ExtensibilityGlobals) = postSolution
		SolutionGuid = {E57D7667-5F45-453C-A325-BF081F48C7D1}
	EndGlobalSection
EndGlobal
