
Microsoft Visual Studio Solution File, Format Version 12.00
# Visual Studio 15
VisualStudioVersion = 15.0.27130.2010
MinimumVisualStudioVersion = 10.0.40219.1
Project("{F184B08F-C81C-45F6-A57F-5ABD9991F28F}") = "T_VB_011_Nested_IF", "T_VB_011_Nested_IF\T_VB_011_Nested_IF.vbproj", "{AC6B9E9F-61EE-4BDE-BA9D-C4F806C3BEB7}"
EndProject
Global
	GlobalSection(SolutionConfigurationPlatforms) = preSolution
		Debug|Any CPU = Debug|Any CPU
		Release|Any CPU = Release|Any CPU
	EndGlobalSection
	GlobalSection(ProjectConfigurationPlatforms) = postSolution
		{AC6B9E9F-61EE-4BDE-BA9D-C4F806C3BEB7}.Debug|Any CPU.ActiveCfg = Debug|Any CPU
		{AC6B9E9F-61EE-4BDE-BA9D-C4F806C3BEB7}.Debug|Any CPU.Build.0 = Debug|Any CPU
		{AC6B9E9F-61EE-4BDE-BA9D-C4F806C3BEB7}.Release|Any CPU.ActiveCfg = Release|Any CPU
		{AC6B9E9F-61EE-4BDE-BA9D-C4F806C3BEB7}.Release|Any CPU.Build.0 = Release|Any CPU
	EndGlobalSection
	GlobalSection(SolutionProperties) = preSolution
		HideSolutionNode = FALSE
	EndGlobalSection
	GlobalSection(ExtensibilityGlobals) = postSolution
		SolutionGuid = {7696EC88-B208-4E2C-8443-B434BA5C7B2F}
	EndGlobalSection
EndGlobal
