
Microsoft Visual Studio Solution File, Format Version 12.00
# Visual Studio 15
VisualStudioVersion = 15.0.27309.0
MinimumVisualStudioVersion = 10.0.40219.1
Project("{F184B08F-C81C-45F6-A57F-5ABD9991F28F}") = "Lesson5ButtonClickInterface", "Lesson5ButtonClickInterface\Lesson5ButtonClickInterface.vbproj", "{2EFE8B31-9808-4A37-A585-063FF72E41CC}"
EndProject
Global
	GlobalSection(SolutionConfigurationPlatforms) = preSolution
		Debug|Any CPU = Debug|Any CPU
		Release|Any CPU = Release|Any CPU
	EndGlobalSection
	GlobalSection(ProjectConfigurationPlatforms) = postSolution
		{2EFE8B31-9808-4A37-A585-063FF72E41CC}.Debug|Any CPU.ActiveCfg = Debug|Any CPU
		{2EFE8B31-9808-4A37-A585-063FF72E41CC}.Debug|Any CPU.Build.0 = Debug|Any CPU
		{2EFE8B31-9808-4A37-A585-063FF72E41CC}.Release|Any CPU.ActiveCfg = Release|Any CPU
		{2EFE8B31-9808-4A37-A585-063FF72E41CC}.Release|Any CPU.Build.0 = Release|Any CPU
	EndGlobalSection
	GlobalSection(SolutionProperties) = preSolution
		HideSolutionNode = FALSE
	EndGlobalSection
	GlobalSection(ExtensibilityGlobals) = postSolution
		SolutionGuid = {79463F56-2D80-42D7-B59A-D6584F4A9F72}
	EndGlobalSection
EndGlobal
