
Microsoft Visual Studio Solution File, Format Version 12.00
# Visual Studio 15
VisualStudioVersion = 15.0.27004.2006
MinimumVisualStudioVersion = 10.0.40219.1
Project("{F184B08F-C81C-45F6-A57F-5ABD9991F28F}") = "T_023_VB_IF_Statement", "T_023_VB_IF_Statement\T_023_VB_IF_Statement.vbproj", "{EF665FCB-96E4-4C59-9FBA-62CBE6C2E3B0}"
EndProject
Global
	GlobalSection(SolutionConfigurationPlatforms) = preSolution
		Debug|Any CPU = Debug|Any CPU
		Release|Any CPU = Release|Any CPU
	EndGlobalSection
	GlobalSection(ProjectConfigurationPlatforms) = postSolution
		{EF665FCB-96E4-4C59-9FBA-62CBE6C2E3B0}.Debug|Any CPU.ActiveCfg = Debug|Any CPU
		{EF665FCB-96E4-4C59-9FBA-62CBE6C2E3B0}.Debug|Any CPU.Build.0 = Debug|Any CPU
		{EF665FCB-96E4-4C59-9FBA-62CBE6C2E3B0}.Release|Any CPU.ActiveCfg = Release|Any CPU
		{EF665FCB-96E4-4C59-9FBA-62CBE6C2E3B0}.Release|Any CPU.Build.0 = Release|Any CPU
	EndGlobalSection
	GlobalSection(SolutionProperties) = preSolution
		HideSolutionNode = FALSE
	EndGlobalSection
	GlobalSection(ExtensibilityGlobals) = postSolution
		SolutionGuid = {0083007A-51D9-4AAE-B3D9-E0C3BD85E6F6}
	EndGlobalSection
EndGlobal
