
Microsoft Visual Studio Solution File, Format Version 12.00
# Visual Studio 2012
Project("{F184B08F-C81C-45F6-A57F-5ABD9991F28F}") = "ObjectsLifeTime", "ObjectsLifeTime\ObjectsLifeTime.vbproj", "{9E562D83-0C96-4BFA-A789-5EB3BDA9BEF4}"
EndProject
Global
	GlobalSection(SolutionConfigurationPlatforms) = preSolution
		Debug|Any CPU = Debug|Any CPU
		Release|Any CPU = Release|Any CPU
	EndGlobalSection
	GlobalSection(ProjectConfigurationPlatforms) = postSolution
		{9E562D83-0C96-4BFA-A789-5EB3BDA9BEF4}.Debug|Any CPU.ActiveCfg = Debug|Any CPU
		{9E562D83-0C96-4BFA-A789-5EB3BDA9BEF4}.Debug|Any CPU.Build.0 = Debug|Any CPU
		{9E562D83-0C96-4BFA-A789-5EB3BDA9BEF4}.Release|Any CPU.ActiveCfg = Release|Any CPU
		{9E562D83-0C96-4BFA-A789-5EB3BDA9BEF4}.Release|Any CPU.Build.0 = Release|Any CPU
	EndGlobalSection
	GlobalSection(SolutionProperties) = preSolution
		HideSolutionNode = FALSE
	EndGlobalSection
EndGlobal
