
Microsoft Visual Studio Solution File, Format Version 12.00
# Visual Studio 15
VisualStudioVersion = 15.0.28307.168
MinimumVisualStudioVersion = 10.0.40219.1
Project("{F184B08F-C81C-45F6-A57F-5ABD9991F28F}") = "vbtest04", "vbtest04\vbtest04.vbproj", "{BFC91691-4253-4275-8AB6-F93EC80965F4}"
EndProject
Global
	GlobalSection(SolutionConfigurationPlatforms) = preSolution
		Debug|Any CPU = Debug|Any CPU
		Release|Any CPU = Release|Any CPU
	EndGlobalSection
	GlobalSection(ProjectConfigurationPlatforms) = postSolution
		{BFC91691-4253-4275-8AB6-F93EC80965F4}.Debug|Any CPU.ActiveCfg = Debug|Any CPU
		{BFC91691-4253-4275-8AB6-F93EC80965F4}.Debug|Any CPU.Build.0 = Debug|Any CPU
		{BFC91691-4253-4275-8AB6-F93EC80965F4}.Release|Any CPU.ActiveCfg = Release|Any CPU
		{BFC91691-4253-4275-8AB6-F93EC80965F4}.Release|Any CPU.Build.0 = Release|Any CPU
	EndGlobalSection
	GlobalSection(SolutionProperties) = preSolution
		HideSolutionNode = FALSE
	EndGlobalSection
	GlobalSection(ExtensibilityGlobals) = postSolution
		SolutionGuid = {34021ED6-E8A7-41FF-83A3-2F60B93B7BED}
	EndGlobalSection
EndGlobal
