
Microsoft Visual Studio Solution File, Format Version 12.00
# Visual Studio 15
VisualStudioVersion = 15.0.27004.2006
MinimumVisualStudioVersion = 10.0.40219.1
Project("{F184B08F-C81C-45F6-A57F-5ABD9991F28F}") = "T_014_VB_Operators", "T_014_VB_Operators\T_014_VB_Operators.vbproj", "{B037E134-4D38-485C-924E-73EA380562E6}"
EndProject
Global
	GlobalSection(SolutionConfigurationPlatforms) = preSolution
		Debug|Any CPU = Debug|Any CPU
		Release|Any CPU = Release|Any CPU
	EndGlobalSection
	GlobalSection(ProjectConfigurationPlatforms) = postSolution
		{B037E134-4D38-485C-924E-73EA380562E6}.Debug|Any CPU.ActiveCfg = Debug|Any CPU
		{B037E134-4D38-485C-924E-73EA380562E6}.Debug|Any CPU.Build.0 = Debug|Any CPU
		{B037E134-4D38-485C-924E-73EA380562E6}.Release|Any CPU.ActiveCfg = Release|Any CPU
		{B037E134-4D38-485C-924E-73EA380562E6}.Release|Any CPU.Build.0 = Release|Any CPU
	EndGlobalSection
	GlobalSection(SolutionProperties) = preSolution
		HideSolutionNode = FALSE
	EndGlobalSection
	GlobalSection(ExtensibilityGlobals) = postSolution
		SolutionGuid = {207F822E-8C36-487E-AC48-7658EFC149B5}
	EndGlobalSection
EndGlobal
