
Microsoft Visual Studio Solution File, Format Version 12.00
# Visual Studio 15
VisualStudioVersion = 15.0.27428.2037
MinimumVisualStudioVersion = 10.0.40219.1
Project("{F184B08F-C81C-45F6-A57F-5ABD9991F28F}") = "0H02044 宮川美沙紀 kadai36", "0H02044 宮川美沙紀 kadai36\0H02044 宮川美沙紀 kadai36.vbproj", "{1EB1C10A-9919-44C7-A36D-D110C246A302}"
EndProject
Global
	GlobalSection(SolutionConfigurationPlatforms) = preSolution
		Debug|Any CPU = Debug|Any CPU
		Release|Any CPU = Release|Any CPU
	EndGlobalSection
	GlobalSection(ProjectConfigurationPlatforms) = postSolution
		{1EB1C10A-9919-44C7-A36D-D110C246A302}.Debug|Any CPU.ActiveCfg = Debug|Any CPU
		{1EB1C10A-9919-44C7-A36D-D110C246A302}.Debug|Any CPU.Build.0 = Debug|Any CPU
		{1EB1C10A-9919-44C7-A36D-D110C246A302}.Release|Any CPU.ActiveCfg = Release|Any CPU
		{1EB1C10A-9919-44C7-A36D-D110C246A302}.Release|Any CPU.Build.0 = Release|Any CPU
	EndGlobalSection
	GlobalSection(SolutionProperties) = preSolution
		HideSolutionNode = FALSE
	EndGlobalSection
	GlobalSection(ExtensibilityGlobals) = postSolution
		SolutionGuid = {57CD8B24-C8D5-451A-B578-67063A4B25D1}
	EndGlobalSection
EndGlobal
