
Microsoft Visual Studio Solution File, Format Version 12.00
# Visual Studio 15
VisualStudioVersion = 15.0.27130.2010
MinimumVisualStudioVersion = 10.0.40219.1
Project("{F184B08F-C81C-45F6-A57F-5ABD9991F28F}") = "T_VB_025_Continue_For", "T_VB_025_Continue_For\T_VB_025_Continue_For.vbproj", "{3861ADF6-2BAB-4230-8E91-9AAAFB1DE2F3}"
EndProject
Global
	GlobalSection(SolutionConfigurationPlatforms) = preSolution
		Debug|Any CPU = Debug|Any CPU
		Release|Any CPU = Release|Any CPU
	EndGlobalSection
	GlobalSection(ProjectConfigurationPlatforms) = postSolution
		{3861ADF6-2BAB-4230-8E91-9AAAFB1DE2F3}.Debug|Any CPU.ActiveCfg = Debug|Any CPU
		{3861ADF6-2BAB-4230-8E91-9AAAFB1DE2F3}.Debug|Any CPU.Build.0 = Debug|Any CPU
		{3861ADF6-2BAB-4230-8E91-9AAAFB1DE2F3}.Release|Any CPU.ActiveCfg = Release|Any CPU
		{3861ADF6-2BAB-4230-8E91-9AAAFB1DE2F3}.Release|Any CPU.Build.0 = Release|Any CPU
	EndGlobalSection
	GlobalSection(SolutionProperties) = preSolution
		HideSolutionNode = FALSE
	EndGlobalSection
	GlobalSection(ExtensibilityGlobals) = postSolution
		SolutionGuid = {5DFBB82E-80E1-471D-8186-4B3F9F1D6DD7}
	EndGlobalSection
EndGlobal
