
Microsoft Visual Studio Solution File, Format Version 12.00
# Visual Studio 15
VisualStudioVersion = 15.0.27004.2006
MinimumVisualStudioVersion = 10.0.40219.1
Project("{F184B08F-C81C-45F6-A57F-5ABD9991F28F}") = "T_022_VB_Decision_Making", "T_022_VB_Decision_Making\T_022_VB_Decision_Making.vbproj", "{80494FAA-EF7E-48B4-9344-39A84B1585C4}"
EndProject
Global
	GlobalSection(SolutionConfigurationPlatforms) = preSolution
		Debug|Any CPU = Debug|Any CPU
		Release|Any CPU = Release|Any CPU
	EndGlobalSection
	GlobalSection(ProjectConfigurationPlatforms) = postSolution
		{80494FAA-EF7E-48B4-9344-39A84B1585C4}.Debug|Any CPU.ActiveCfg = Debug|Any CPU
		{80494FAA-EF7E-48B4-9344-39A84B1585C4}.Debug|Any CPU.Build.0 = Debug|Any CPU
		{80494FAA-EF7E-48B4-9344-39A84B1585C4}.Release|Any CPU.ActiveCfg = Release|Any CPU
		{80494FAA-EF7E-48B4-9344-39A84B1585C4}.Release|Any CPU.Build.0 = Release|Any CPU
	EndGlobalSection
	GlobalSection(SolutionProperties) = preSolution
		HideSolutionNode = FALSE
	EndGlobalSection
	GlobalSection(ExtensibilityGlobals) = postSolution
		SolutionGuid = {E24A7584-529B-486D-AA6F-2D6E4A8ED293}
	EndGlobalSection
EndGlobal
