
Microsoft Visual Studio Solution File, Format Version 12.00
# Visual Studio 15
VisualStudioVersion = 15.0.27004.2006
MinimumVisualStudioVersion = 10.0.40219.1
Project("{F184B08F-C81C-45F6-A57F-5ABD9991F28F}") = "T_066_VB_Passing_Array_As_Function_Arguments", "T_066_VB_Passing_Array_As_Function_Arguments\T_066_VB_Passing_Array_As_Function_Arguments.vbproj", "{A8BA4242-6875-426B-8C57-0F10ABDD162A}"
EndProject
Global
	GlobalSection(SolutionConfigurationPlatforms) = preSolution
		Debug|Any CPU = Debug|Any CPU
		Release|Any CPU = Release|Any CPU
	EndGlobalSection
	GlobalSection(ProjectConfigurationPlatforms) = postSolution
		{A8BA4242-6875-426B-8C57-0F10ABDD162A}.Debug|Any CPU.ActiveCfg = Debug|Any CPU
		{A8BA4242-6875-426B-8C57-0F10ABDD162A}.Debug|Any CPU.Build.0 = Debug|Any CPU
		{A8BA4242-6875-426B-8C57-0F10ABDD162A}.Release|Any CPU.ActiveCfg = Release|Any CPU
		{A8BA4242-6875-426B-8C57-0F10ABDD162A}.Release|Any CPU.Build.0 = Release|Any CPU
	EndGlobalSection
	GlobalSection(SolutionProperties) = preSolution
		HideSolutionNode = FALSE
	EndGlobalSection
	GlobalSection(ExtensibilityGlobals) = postSolution
		SolutionGuid = {326FD977-EA90-4850-BB41-C0A3BADB73E5}
	EndGlobalSection
EndGlobal
