
Microsoft Visual Studio Solution File, Format Version 12.00
# Visual Studio 14
VisualStudioVersion = 14.0.22728.1
MinimumVisualStudioVersion = 10.0.40219.1
Project("{F184B08F-C81C-45F6-A57F-5ABD9991F28F}") = "RegexAnalyzer", "RegexAnalyzer\RegexAnalyzer\RegexAnalyzer.vbproj", "{A09172A2-D627-40F4-86B0-023512961D02}"
EndProject
Project("{2150E333-8FDC-42A3-9474-1A3956D46DE8}") = ".nuget", ".nuget", "{02F19074-2E2B-47A4-9214-46FB9C532129}"
	ProjectSection(SolutionItems) = preProject
		.nuget\packages.config = .nuget\packages.config
	EndProjectSection
EndProject
Project("{F184B08F-C81C-45F6-A57F-5ABD9991F28F}") = "RegexAnalyzer.Vsix", "RegexAnalyzer\RegexAnalyzer.Vsix\RegexAnalyzer.Vsix.vbproj", "{3250D219-6C4E-4619-A9A6-284E527358E4}"
EndProject
Global
	GlobalSection(SolutionConfigurationPlatforms) = preSolution
		Debug|Any CPU = Debug|Any CPU
		Release|Any CPU = Release|Any CPU
	EndGlobalSection
	GlobalSection(ProjectConfigurationPlatforms) = postSolution
		{A09172A2-D627-40F4-86B0-023512961D02}.Debug|Any CPU.ActiveCfg = Debug|Any CPU
		{A09172A2-D627-40F4-86B0-023512961D02}.Debug|Any CPU.Build.0 = Debug|Any CPU
		{A09172A2-D627-40F4-86B0-023512961D02}.Release|Any CPU.ActiveCfg = Release|Any CPU
		{A09172A2-D627-40F4-86B0-023512961D02}.Release|Any CPU.Build.0 = Release|Any CPU
		{3250D219-6C4E-4619-A9A6-284E527358E4}.Debug|Any CPU.ActiveCfg = Debug|Any CPU
		{3250D219-6C4E-4619-A9A6-284E527358E4}.Debug|Any CPU.Build.0 = Debug|Any CPU
		{3250D219-6C4E-4619-A9A6-284E527358E4}.Release|Any CPU.ActiveCfg = Release|Any CPU
		{3250D219-6C4E-4619-A9A6-284E527358E4}.Release|Any CPU.Build.0 = Release|Any CPU
	EndGlobalSection
	GlobalSection(SolutionProperties) = preSolution
		HideSolutionNode = FALSE
	EndGlobalSection
EndGlobal
