
Microsoft Visual Studio Solution File, Format Version 12.00
# Visual Studio 15
VisualStudioVersion = 15.0.27130.2010
MinimumVisualStudioVersion = 10.0.40219.1
Project("{F184B08F-C81C-45F6-A57F-5ABD9991F28F}") = "T_VB_054_ArrayList", "T_VB_054_ArrayList\T_VB_054_ArrayList.vbproj", "{12314672-BD02-4330-818B-689DBCD14A80}"
EndProject
Global
	GlobalSection(SolutionConfigurationPlatforms) = preSolution
		Debug|Any CPU = Debug|Any CPU
		Release|Any CPU = Release|Any CPU
	EndGlobalSection
	GlobalSection(ProjectConfigurationPlatforms) = postSolution
		{12314672-BD02-4330-818B-689DBCD14A80}.Debug|Any CPU.ActiveCfg = Debug|Any CPU
		{12314672-BD02-4330-818B-689DBCD14A80}.Debug|Any CPU.Build.0 = Debug|Any CPU
		{12314672-BD02-4330-818B-689DBCD14A80}.Release|Any CPU.ActiveCfg = Release|Any CPU
		{12314672-BD02-4330-818B-689DBCD14A80}.Release|Any CPU.Build.0 = Release|Any CPU
	EndGlobalSection
	GlobalSection(SolutionProperties) = preSolution
		HideSolutionNode = FALSE
	EndGlobalSection
	GlobalSection(ExtensibilityGlobals) = postSolution
		SolutionGuid = {41CE7A08-B154-45DF-9C1A-9B264B7E490F}
	EndGlobalSection
EndGlobal
