
Microsoft Visual Studio Solution File, Format Version 12.00
# Visual Studio 15
VisualStudioVersion = 15.0.27130.2010
MinimumVisualStudioVersion = 10.0.40219.1
Project("{F184B08F-C81C-45F6-A57F-5ABD9991F28F}") = "T_VB_022_For_Next_Loop", "T_VB_022_For_Next_Loop\T_VB_022_For_Next_Loop.vbproj", "{8A4F0CBA-1BBE-460D-9067-5CB99F66D918}"
EndProject
Global
	GlobalSection(SolutionConfigurationPlatforms) = preSolution
		Debug|Any CPU = Debug|Any CPU
		Release|Any CPU = Release|Any CPU
	EndGlobalSection
	GlobalSection(ProjectConfigurationPlatforms) = postSolution
		{8A4F0CBA-1BBE-460D-9067-5CB99F66D918}.Debug|Any CPU.ActiveCfg = Debug|Any CPU
		{8A4F0CBA-1BBE-460D-9067-5CB99F66D918}.Debug|Any CPU.Build.0 = Debug|Any CPU
		{8A4F0CBA-1BBE-460D-9067-5CB99F66D918}.Release|Any CPU.ActiveCfg = Release|Any CPU
		{8A4F0CBA-1BBE-460D-9067-5CB99F66D918}.Release|Any CPU.Build.0 = Release|Any CPU
	EndGlobalSection
	GlobalSection(SolutionProperties) = preSolution
		HideSolutionNode = FALSE
	EndGlobalSection
	GlobalSection(ExtensibilityGlobals) = postSolution
		SolutionGuid = {E960C14E-4DCD-4EDE-BAAD-7D0753F0D914}
	EndGlobalSection
EndGlobal
