
Microsoft Visual Studio Solution File, Format Version 12.00
# Visual Studio 15
VisualStudioVersion = 15.0.27004.2006
MinimumVisualStudioVersion = 10.0.40219.1
Project("{F184B08F-C81C-45F6-A57F-5ABD9991F28F}") = "T_018_VB_Bit_Shift_Operators", "T_018_VB_Bit_Shift_Operators\T_018_VB_Bit_Shift_Operators.vbproj", "{A9A17C70-9D0B-4310-952F-1B9092CF3BCC}"
EndProject
Global
	GlobalSection(SolutionConfigurationPlatforms) = preSolution
		Debug|Any CPU = Debug|Any CPU
		Release|Any CPU = Release|Any CPU
	EndGlobalSection
	GlobalSection(ProjectConfigurationPlatforms) = postSolution
		{A9A17C70-9D0B-4310-952F-1B9092CF3BCC}.Debug|Any CPU.ActiveCfg = Debug|Any CPU
		{A9A17C70-9D0B-4310-952F-1B9092CF3BCC}.Debug|Any CPU.Build.0 = Debug|Any CPU
		{A9A17C70-9D0B-4310-952F-1B9092CF3BCC}.Release|Any CPU.ActiveCfg = Release|Any CPU
		{A9A17C70-9D0B-4310-952F-1B9092CF3BCC}.Release|Any CPU.Build.0 = Release|Any CPU
	EndGlobalSection
	GlobalSection(SolutionProperties) = preSolution
		HideSolutionNode = FALSE
	EndGlobalSection
	GlobalSection(ExtensibilityGlobals) = postSolution
		SolutionGuid = {782571E1-B9E7-4AEC-BD84-E01699B5DFAC}
	EndGlobalSection
EndGlobal
